
Microsoft Visual Studio Solution File, Format Version 12.00
# Visual Studio 15
VisualStudioVersion = 15.0.28010.2046
MinimumVisualStudioVersion = 10.0.40219.1
Project("{2150E333-8FDC-42A3-9474-1A3956D46DE8}") = "Common", "Common", "{0349F7A1-B9A7-4B69-90DC-34C59F705692}"
EndProject
Project("{8BC9CEB8-8B4A-11D0-8D11-00A0C91BC942}") = "Framework", "Common\Framework\Framework.vcxproj", "{86DD23C9-168A-42F7-B6F3-5547D80E1886}"
EndProject
Project("{8BC9CEB8-8B4A-11D0-8D11-00A0C91BC942}") = "PugiXML", "Common\PugiXML\PugiXML.vcxproj", "{7331057D-D230-4588-A016-493824C12A40}"
EndProject
Project("{8BC9CEB8-8B4A-11D0-8D11-00A0C91BC942}") = "utilities", "Common\Utilities\utilities.vcxproj", "{6265C852-BCE0-4CDB-A21F-5D7A69C72F96}"
EndProject
Project("{8BC9CEB8-8B4A-11D0-8D11-00A0C91BC942}") = "zlib", "Common\zlib\zlib.vcxproj", "{E5FE1E52-6785-4F5B-8303-7B18121DEF21}"
EndProject
Project("{2150E333-8FDC-42A3-9474-1A3956D46DE8}") = "Emitters", "Emitters", "{0B4AC87E-1388-4B92-A4B4-DFA51D41A84A}"
EndProject
Project("{8BC9CEB8-8B4A-11D0-8D11-00A0C91BC942}") = "MemoryCard", "Modules\MemoryCard\MemoryCard.vcxproj", "{F71D4A23-0F7C-4EBD-9F50-D4813D658275}"
EndProject
Project("{8BC9CEB8-8B4A-11D0-8D11-00A0C91BC942}") = "pthreads4w", "Common\pthreads4w\build\pthreads4w.vcxproj", "{0FAE817D-9A32-4830-857E-81DA57246E16}"
EndProject
Project("{8BC9CEB8-8B4A-11D0-8D11-00A0C91BC942}") = "DEV9null", "Modules\DEV9\Windows\DEV9null.vcxproj", "{04439C5F-05FB-4A9C-AAD1-5388C25377DB}"
EndProject
Project("{8BC9CEB8-8B4A-11D0-8D11-00A0C91BC942}") = "USBnull", "Modules\USBnull\Windows\USBnull.vcxproj", "{BF7B81A5-E348-4F7C-A69F-F74C8EEEAD70}"
EndProject
Project("{2150E333-8FDC-42A3-9474-1A3956D46DE8}") = "Modules", "Modules", "{DD33EF76-B8D2-4760-BAE9-B022214B4E41}"
EndProject
Project("{FAE04EC0-301F-11D3-BF4B-00C04F79EFBC}") = "Omega Red", "Omega Red\Omega Red.csproj", "{977AC4EF-573B-41B5-9DF7-929781BDD034}"
	ProjectSection(ProjectDependencies) = postProject
		{F71D4A23-0F7C-4EBD-9F50-D4813D658275} = {F71D4A23-0F7C-4EBD-9F50-D4813D658275}
		{16F9E626-D944-4FC9-A47D-5007203157F8} = {16F9E626-D944-4FC9-A47D-5007203157F8}
		{30F06328-DD64-4030-AF7A-19FBC74CF298} = {30F06328-DD64-4030-AF7A-19FBC74CF298}
		{3D0EB14D-32F3-4D82-9C6D-B806ADBB859C} = {3D0EB14D-32F3-4D82-9C6D-B806ADBB859C}
		{C5A6704F-DD2C-46A8-9532-B168DC50DB7C} = {C5A6704F-DD2C-46A8-9532-B168DC50DB7C}
		{E5FE1E52-6785-4F5B-8303-7B18121DEF21} = {E5FE1E52-6785-4F5B-8303-7B18121DEF21}
		{6265C852-BCE0-4CDB-A21F-5D7A69C72F96} = {6265C852-BCE0-4CDB-A21F-5D7A69C72F96}
		{04439C5F-05FB-4A9C-AAD1-5388C25377DB} = {04439C5F-05FB-4A9C-AAD1-5388C25377DB}
		{DB25BF63-9B9E-4A40-A45E-BBBA49AD6F22} = {DB25BF63-9B9E-4A40-A45E-BBBA49AD6F22}
		{EE9BD869-CAA3-447D-8328-294D90DE2C1F} = {EE9BD869-CAA3-447D-8328-294D90DE2C1F}
		{18E42F6F-3A62-41EE-B42F-79366C4F1E95} = {18E42F6F-3A62-41EE-B42F-79366C4F1E95}
		{7331057D-D230-4588-A016-493824C12A40} = {7331057D-D230-4588-A016-493824C12A40}
		{0FAE817D-9A32-4830-857E-81DA57246E16} = {0FAE817D-9A32-4830-857E-81DA57246E16}
		{BF7B81A5-E348-4F7C-A69F-F74C8EEEAD70} = {BF7B81A5-E348-4F7C-A69F-F74C8EEEAD70}
		{7ACEA7A9-ADCC-43AF-B2FB-9CAFC5A6CE69} = {7ACEA7A9-ADCC-43AF-B2FB-9CAFC5A6CE69}
		{A063E3BB-E93C-436F-AAAE-0DC45D0E480D} = {A063E3BB-E93C-436F-AAAE-0DC45D0E480D}
		{86DD23C9-168A-42F7-B6F3-5547D80E1886} = {86DD23C9-168A-42F7-B6F3-5547D80E1886}
		{F57B00CD-8399-4683-901E-11FA09727AE5} = {F57B00CD-8399-4683-901E-11FA09727AE5}
		{FCAF9CD9-47F8-4423-AEA1-656A326E10A0} = {FCAF9CD9-47F8-4423-AEA1-656A326E10A0}
		{15F393DA-14A3-4DB2-8F12-4EF81ED5907D} = {15F393DA-14A3-4DB2-8F12-4EF81ED5907D}
		{567AF8DB-42C1-4D08-96CD-D70A2DFEFC6B} = {567AF8DB-42C1-4D08-96CD-D70A2DFEFC6B}
		{84BD3EF1-0C8A-451E-AA13-72F0BF7AC2F0} = {84BD3EF1-0C8A-451E-AA13-72F0BF7AC2F0}
		{0B7751F1-C2D0-4124-950D-8BD9D1DE64C3} = {0B7751F1-C2D0-4124-950D-8BD9D1DE64C3}
		{9EEA62F5-46DC-4C07-AFE1-F72F9D6B9E3E} = {9EEA62F5-46DC-4C07-AFE1-F72F9D6B9E3E}
		{EB9A58F7-4C35-41FB-91F3-46B3EF309100} = {EB9A58F7-4C35-41FB-91F3-46B3EF309100}
	EndProjectSection
EndProject
Project("{8BC9CEB8-8B4A-11D0-8D11-00A0C91BC942}") = "FWnull", "Modules\FWnull\Windows\FWnull.vcxproj", "{3D0EB14D-32F3-4D82-9C6D-B806ADBB859C}"
EndProject
Project("{FAE04EC0-301F-11D3-BF4B-00C04F79EFBC}") = "MediaCapture", "MediaCapture\MediaCapture.csproj", "{C5A6704F-DD2C-46A8-9532-B168DC50DB7C}"
EndProject
Project("{8BC9CEB8-8B4A-11D0-8D11-00A0C91BC942}") = "Pad", "Modules\Pad\Pad.vcxproj", "{16F9E626-D944-4FC9-A47D-5007203157F8}"
EndProject
Project("{8BC9CEB8-8B4A-11D0-8D11-00A0C91BC942}") = "PCSX2Lib", "PCSX2Lib\PCSX2Lib.vcxproj", "{EB9A58F7-4C35-41FB-91F3-46B3EF309100}"
EndProject
Project("{8BC9CEB8-8B4A-11D0-8D11-00A0C91BC942}") = "CDVD", "Modules\CDVD\CDVD.vcxproj", "{0B7751F1-C2D0-4124-950D-8BD9D1DE64C3}"
EndProject
Project("{8BC9CEB8-8B4A-11D0-8D11-00A0C91BC942}") = "VideoRenderer", "Modules\VideoRenderer\VideoRenderer.vcxproj", "{18E42F6F-3A62-41EE-B42F-79366C4F1E95}"
EndProject
Project("{FAE04EC0-301F-11D3-BF4B-00C04F79EFBC}") = "MediaStream", "MediaStream\MediaStream.csproj", "{A063E3BB-E93C-436F-AAAE-0DC45D0E480D}"
EndProject
Project("{8BC9CEB8-8B4A-11D0-8D11-00A0C91BC942}") = "x86emitter", "Emitters\x86emitter\x86emitter.vcxproj", "{15F393DA-14A3-4DB2-8F12-4EF81ED5907D}"
EndProject
Project("{8BC9CEB8-8B4A-11D0-8D11-00A0C91BC942}") = "PPSSPPWindows", "ppsspp\Windows\PPSSPP.vcxproj", "{567AF8DB-42C1-4D08-96CD-D70A2DFEFC6B}"
EndProject
Project("{2150E333-8FDC-42A3-9474-1A3956D46DE8}") = "PPSSPP", "PPSSPP", "{BEFC5DD5-ECEB-4242-B925-F1983B27BE5A}"
EndProject
Project("{8BC9CEB8-8B4A-11D0-8D11-00A0C91BC942}") = "Common", "ppsspp\Common\Common.vcxproj", "{3FCDBAE2-5103-4350-9A8E-848CE9C73195}"
EndProject
Project("{8BC9CEB8-8B4A-11D0-8D11-00A0C91BC942}") = "Core", "ppsspp\Core\Core.vcxproj", "{533F1D30-D04D-47CC-AD71-20F658907E36}"
EndProject
Project("{8BC9CEB8-8B4A-11D0-8D11-00A0C91BC942}") = "discord-rpc", "ppsspp\ext\discord-rpc-build\discord-rpc.vcxproj", "{BEB0A821-3C7F-410F-A525-63AFBC69BF8F}"
EndProject
Project("{8BC9CEB8-8B4A-11D0-8D11-00A0C91BC942}") = "glslang", "ppsspp\ext\glslang.vcxproj", "{EDFA2E87-8AC1-4853-95D4-D7594FF81947}"
EndProject
Project("{8BC9CEB8-8B4A-11D0-8D11-00A0C91BC942}") = "GPU", "ppsspp\GPU\GPU.vcxproj", "{457F45D2-556F-47BC-A31D-AFF0D15BEAED}"
EndProject
Project("{8BC9CEB8-8B4A-11D0-8D11-00A0C91BC942}") = "libarmips", "ppsspp\ext\libarmips.vcxproj", "{129E5E2B-39C1-4D84-96FE-DFD22DBB4A25}"
EndProject
Project("{8BC9CEB8-8B4A-11D0-8D11-00A0C91BC942}") = "libkirk", "ppsspp\ext\libkirk\libkirk.vcxproj", "{3BAAE095-E0AB-4B0E-B5DF-CE39C8AE31DE}"
EndProject
Project("{8BC9CEB8-8B4A-11D0-8D11-00A0C91BC942}") = "native", "ppsspp\ext\native\native.vcxproj", "{C4DF647E-80EA-4111-A0A8-218B1B711E18}"
EndProject
Project("{8BC9CEB8-8B4A-11D0-8D11-00A0C91BC942}") = "UI", "ppsspp\UI\UI.vcxproj", "{004B8D11-2BE3-4BD9-AB40-2BE04CF2096F}"
EndProject
Project("{8BC9CEB8-8B4A-11D0-8D11-00A0C91BC942}") = "PPSSPPHeadless", "ppsspp\headless\Headless.vcxproj", "{EE9BD869-CAA3-447D-8328-294D90DE2C1F}"
EndProject
Project("{8BC9CEB8-8B4A-11D0-8D11-00A0C91BC942}") = "SPIRV-Cross", "ppsspp\ext\SPIRV-Cross.vcxproj", "{4328A62C-F1E9-47ED-B816-A1A81DAF4363}"
EndProject
Project("{8BC9CEB8-8B4A-11D0-8D11-00A0C91BC942}") = "zlib", "ppsspp\ext\zlib\zlib.vcxproj", "{F761046E-6C38-4428-A5F1-38391A37BB34}"
EndProject
Project("{8BC9CEB8-8B4A-11D0-8D11-00A0C91BC942}") = "RTMP", "RTMP\RTMP.vcxproj", "{7ACEA7A9-ADCC-43AF-B2FB-9CAFC5A6CE69}"
EndProject
Project("{8BC9CEB8-8B4A-11D0-8D11-00A0C91BC942}") = "AudioRenderer", "Modules\AudioRenderer\AudioRenderer.vcxproj", "{FCAF9CD9-47F8-4423-AEA1-656A326E10A0}"
EndProject
Project("{8BC9CEB8-8B4A-11D0-8D11-00A0C91BC942}") = "MemoryManager", "Common\MemoryManager\MemoryManager.vcxproj", "{1691294C-24F6-452D-9554-FEB49C1C1C22}"
EndProject
Project("{2150E333-8FDC-42A3-9474-1A3956D46DE8}") = "PCSX-Reloaded", "PCSX-Reloaded", "{190A9086-093E-44C1-A044-A5E2086C346E}"
EndProject
Project("{8BC9CEB8-8B4A-11D0-8D11-00A0C91BC942}") = "pcsxr", "PCSX-Reloaded\win32\pcsxr.vcxproj", "{9EEA62F5-46DC-4C07-AFE1-F72F9D6B9E3E}"
EndProject
Project("{8BC9CEB8-8B4A-11D0-8D11-00A0C91BC942}") = "bladesio1", "PCSX-Reloaded\win32\plugins\bladesio1\bladesio1.vcxproj", "{F57B00CD-8399-4683-901E-11FA09727AE5}"
EndProject
Project("{8BC9CEB8-8B4A-11D0-8D11-00A0C91BC942}") = "DFSound", "PCSX-Reloaded\win32\plugins\dfsound\DFSound.vcxproj", "{DB25BF63-9B9E-4A40-A45E-BBBA49AD6F22}"
EndProject
Project("{8BC9CEB8-8B4A-11D0-8D11-00A0C91BC942}") = "DFXVideo", "PCSX-Reloaded\win32\plugins\dfxvideo\DFXVideo.vcxproj", "{30F06328-DD64-4030-AF7A-19FBC74CF298}"
EndProject
Project("{8BC9CEB8-8B4A-11D0-8D11-00A0C91BC942}") = "GPUHardware", "PCSX-Reloaded\win32\plugins\GPUHardware\GPUHardware.vcxproj", "{84BD3EF1-0C8A-451E-AA13-72F0BF7AC2F0}"
EndProject
Project("{8BC9CEB8-8B4A-11D0-8D11-00A0C91BC942}") = "libpng", "Common\libpng\projects\vstudio\libpng\libpng.vcxproj", "{D6973076-9317-4EF2-A0B8-B7A18AC0713E}"
EndProject
Global
	GlobalSection(SolutionConfigurationPlatforms) = preSolution
		Debug|Any CPU = Debug|Any CPU
		Debug|x64 = Debug|x64
		Debug|x86 = Debug|x86
		Devel|Any CPU = Devel|Any CPU
		Devel|x64 = Devel|x64
		Devel|x86 = Devel|x86
		Release|Any CPU = Release|Any CPU
		Release|x64 = Release|x64
		Release|x86 = Release|x86
		Tests|Any CPU = Tests|Any CPU
		Tests|x64 = Tests|x64
		Tests|x86 = Tests|x86
	EndGlobalSection
	GlobalSection(ProjectConfigurationPlatforms) = postSolution
		{86DD23C9-168A-42F7-B6F3-5547D80E1886}.Debug|Any CPU.ActiveCfg = Debug|Win32
		{86DD23C9-168A-42F7-B6F3-5547D80E1886}.Debug|x64.ActiveCfg = Debug|Win32
		{86DD23C9-168A-42F7-B6F3-5547D80E1886}.Debug|x86.ActiveCfg = Debug|Win32
		{86DD23C9-168A-42F7-B6F3-5547D80E1886}.Debug|x86.Build.0 = Debug|Win32
		{86DD23C9-168A-42F7-B6F3-5547D80E1886}.Devel|Any CPU.ActiveCfg = Debug|Win32
		{86DD23C9-168A-42F7-B6F3-5547D80E1886}.Devel|Any CPU.Build.0 = Debug|Win32
		{86DD23C9-168A-42F7-B6F3-5547D80E1886}.Devel|x64.ActiveCfg = Release|Win32
		{86DD23C9-168A-42F7-B6F3-5547D80E1886}.Devel|x64.Build.0 = Release|Win32
		{86DD23C9-168A-42F7-B6F3-5547D80E1886}.Devel|x86.ActiveCfg = Release|Win32
		{86DD23C9-168A-42F7-B6F3-5547D80E1886}.Devel|x86.Build.0 = Debug|Win32
		{86DD23C9-168A-42F7-B6F3-5547D80E1886}.Release|Any CPU.ActiveCfg = Release|Win32
		{86DD23C9-168A-42F7-B6F3-5547D80E1886}.Release|x64.ActiveCfg = Release|Win32
		{86DD23C9-168A-42F7-B6F3-5547D80E1886}.Release|x86.ActiveCfg = Release|Win32
		{86DD23C9-168A-42F7-B6F3-5547D80E1886}.Release|x86.Build.0 = Release|Win32
		{86DD23C9-168A-42F7-B6F3-5547D80E1886}.Tests|Any CPU.ActiveCfg = Release|Win32
		{86DD23C9-168A-42F7-B6F3-5547D80E1886}.Tests|Any CPU.Build.0 = Release|Win32
		{86DD23C9-168A-42F7-B6F3-5547D80E1886}.Tests|x64.ActiveCfg = Release|Win32
		{86DD23C9-168A-42F7-B6F3-5547D80E1886}.Tests|x64.Build.0 = Release|Win32
		{86DD23C9-168A-42F7-B6F3-5547D80E1886}.Tests|x86.ActiveCfg = Release|Win32
		{86DD23C9-168A-42F7-B6F3-5547D80E1886}.Tests|x86.Build.0 = Release|Win32
		{7331057D-D230-4588-A016-493824C12A40}.Debug|Any CPU.ActiveCfg = Debug|Win32
		{7331057D-D230-4588-A016-493824C12A40}.Debug|x64.ActiveCfg = Debug|Win32
		{7331057D-D230-4588-A016-493824C12A40}.Debug|x86.ActiveCfg = Debug|Win32
		{7331057D-D230-4588-A016-493824C12A40}.Debug|x86.Build.0 = Debug|Win32
		{7331057D-D230-4588-A016-493824C12A40}.Devel|Any CPU.ActiveCfg = Debug|Win32
		{7331057D-D230-4588-A016-493824C12A40}.Devel|Any CPU.Build.0 = Debug|Win32
		{7331057D-D230-4588-A016-493824C12A40}.Devel|x64.ActiveCfg = Release|Win32
		{7331057D-D230-4588-A016-493824C12A40}.Devel|x64.Build.0 = Release|Win32
		{7331057D-D230-4588-A016-493824C12A40}.Devel|x86.ActiveCfg = Release|Win32
		{7331057D-D230-4588-A016-493824C12A40}.Devel|x86.Build.0 = Debug|Win32
		{7331057D-D230-4588-A016-493824C12A40}.Release|Any CPU.ActiveCfg = Release|Win32
		{7331057D-D230-4588-A016-493824C12A40}.Release|x64.ActiveCfg = Release|Win32
		{7331057D-D230-4588-A016-493824C12A40}.Release|x86.ActiveCfg = Release|Win32
		{7331057D-D230-4588-A016-493824C12A40}.Release|x86.Build.0 = Release|Win32
		{7331057D-D230-4588-A016-493824C12A40}.Tests|Any CPU.ActiveCfg = Release|Win32
		{7331057D-D230-4588-A016-493824C12A40}.Tests|Any CPU.Build.0 = Release|Win32
		{7331057D-D230-4588-A016-493824C12A40}.Tests|x64.ActiveCfg = Release|Win32
		{7331057D-D230-4588-A016-493824C12A40}.Tests|x64.Build.0 = Release|Win32
		{7331057D-D230-4588-A016-493824C12A40}.Tests|x86.ActiveCfg = Release|Win32
		{7331057D-D230-4588-A016-493824C12A40}.Tests|x86.Build.0 = Release|Win32
		{6265C852-BCE0-4CDB-A21F-5D7A69C72F96}.Debug|Any CPU.ActiveCfg = Debug|Win32
		{6265C852-BCE0-4CDB-A21F-5D7A69C72F96}.Debug|x64.ActiveCfg = Debug|x64
		{6265C852-BCE0-4CDB-A21F-5D7A69C72F96}.Debug|x64.Build.0 = Debug|x64
		{6265C852-BCE0-4CDB-A21F-5D7A69C72F96}.Debug|x86.ActiveCfg = Debug|Win32
		{6265C852-BCE0-4CDB-A21F-5D7A69C72F96}.Debug|x86.Build.0 = Debug|Win32
		{6265C852-BCE0-4CDB-A21F-5D7A69C72F96}.Devel|Any CPU.ActiveCfg = Devel|Win32
		{6265C852-BCE0-4CDB-A21F-5D7A69C72F96}.Devel|x64.ActiveCfg = Devel|x64
		{6265C852-BCE0-4CDB-A21F-5D7A69C72F96}.Devel|x64.Build.0 = Devel|x64
		{6265C852-BCE0-4CDB-A21F-5D7A69C72F96}.Devel|x86.ActiveCfg = Release|Win32
		{6265C852-BCE0-4CDB-A21F-5D7A69C72F96}.Devel|x86.Build.0 = Devel|Win32
		{6265C852-BCE0-4CDB-A21F-5D7A69C72F96}.Release|Any CPU.ActiveCfg = Release|Win32
		{6265C852-BCE0-4CDB-A21F-5D7A69C72F96}.Release|x64.ActiveCfg = Release|x64
		{6265C852-BCE0-4CDB-A21F-5D7A69C72F96}.Release|x64.Build.0 = Release|x64
		{6265C852-BCE0-4CDB-A21F-5D7A69C72F96}.Release|x86.ActiveCfg = Release|Win32
		{6265C852-BCE0-4CDB-A21F-5D7A69C72F96}.Release|x86.Build.0 = Release|Win32
		{6265C852-BCE0-4CDB-A21F-5D7A69C72F96}.Tests|Any CPU.ActiveCfg = Release|x64
		{6265C852-BCE0-4CDB-A21F-5D7A69C72F96}.Tests|Any CPU.Build.0 = Release|x64
		{6265C852-BCE0-4CDB-A21F-5D7A69C72F96}.Tests|x64.ActiveCfg = Release|x64
		{6265C852-BCE0-4CDB-A21F-5D7A69C72F96}.Tests|x64.Build.0 = Release|x64
		{6265C852-BCE0-4CDB-A21F-5D7A69C72F96}.Tests|x86.ActiveCfg = Release|Win32
		{6265C852-BCE0-4CDB-A21F-5D7A69C72F96}.Tests|x86.Build.0 = Release|Win32
		{E5FE1E52-6785-4F5B-8303-7B18121DEF21}.Debug|Any CPU.ActiveCfg = Debug|Win32
		{E5FE1E52-6785-4F5B-8303-7B18121DEF21}.Debug|x64.ActiveCfg = Debug|x64
		{E5FE1E52-6785-4F5B-8303-7B18121DEF21}.Debug|x64.Build.0 = Debug|x64
		{E5FE1E52-6785-4F5B-8303-7B18121DEF21}.Debug|x86.ActiveCfg = Debug|Win32
		{E5FE1E52-6785-4F5B-8303-7B18121DEF21}.Debug|x86.Build.0 = Debug|Win32
		{E5FE1E52-6785-4F5B-8303-7B18121DEF21}.Devel|Any CPU.ActiveCfg = Devel|Win32
		{E5FE1E52-6785-4F5B-8303-7B18121DEF21}.Devel|x64.ActiveCfg = Devel|x64
		{E5FE1E52-6785-4F5B-8303-7B18121DEF21}.Devel|x64.Build.0 = Devel|x64
		{E5FE1E52-6785-4F5B-8303-7B18121DEF21}.Devel|x86.ActiveCfg = Release|Win32
		{E5FE1E52-6785-4F5B-8303-7B18121DEF21}.Devel|x86.Build.0 = Devel|Win32
		{E5FE1E52-6785-4F5B-8303-7B18121DEF21}.Release|Any CPU.ActiveCfg = Release|Win32
		{E5FE1E52-6785-4F5B-8303-7B18121DEF21}.Release|x64.ActiveCfg = Release|x64
		{E5FE1E52-6785-4F5B-8303-7B18121DEF21}.Release|x64.Build.0 = Release|x64
		{E5FE1E52-6785-4F5B-8303-7B18121DEF21}.Release|x86.ActiveCfg = Release|Win32
		{E5FE1E52-6785-4F5B-8303-7B18121DEF21}.Release|x86.Build.0 = Release|Win32
		{E5FE1E52-6785-4F5B-8303-7B18121DEF21}.Tests|Any CPU.ActiveCfg = Release|x64
		{E5FE1E52-6785-4F5B-8303-7B18121DEF21}.Tests|Any CPU.Build.0 = Release|x64
		{E5FE1E52-6785-4F5B-8303-7B18121DEF21}.Tests|x64.ActiveCfg = Release|x64
		{E5FE1E52-6785-4F5B-8303-7B18121DEF21}.Tests|x64.Build.0 = Release|x64
		{E5FE1E52-6785-4F5B-8303-7B18121DEF21}.Tests|x86.ActiveCfg = Release|Win32
		{E5FE1E52-6785-4F5B-8303-7B18121DEF21}.Tests|x86.Build.0 = Release|Win32
		{F71D4A23-0F7C-4EBD-9F50-D4813D658275}.Debug|Any CPU.ActiveCfg = Debug|Win32
		{F71D4A23-0F7C-4EBD-9F50-D4813D658275}.Debug|x64.ActiveCfg = Debug|Win32
		{F71D4A23-0F7C-4EBD-9F50-D4813D658275}.Debug|x86.ActiveCfg = Debug|Win32
		{F71D4A23-0F7C-4EBD-9F50-D4813D658275}.Debug|x86.Build.0 = Debug|Win32
		{F71D4A23-0F7C-4EBD-9F50-D4813D658275}.Devel|Any CPU.ActiveCfg = Debug|Win32
		{F71D4A23-0F7C-4EBD-9F50-D4813D658275}.Devel|Any CPU.Build.0 = Debug|Win32
		{F71D4A23-0F7C-4EBD-9F50-D4813D658275}.Devel|x64.ActiveCfg = Release|Win32
		{F71D4A23-0F7C-4EBD-9F50-D4813D658275}.Devel|x64.Build.0 = Release|Win32
		{F71D4A23-0F7C-4EBD-9F50-D4813D658275}.Devel|x86.ActiveCfg = Release|Win32
		{F71D4A23-0F7C-4EBD-9F50-D4813D658275}.Devel|x86.Build.0 = Debug|Win32
		{F71D4A23-0F7C-4EBD-9F50-D4813D658275}.Release|Any CPU.ActiveCfg = Release|Win32
		{F71D4A23-0F7C-4EBD-9F50-D4813D658275}.Release|x64.ActiveCfg = Release|Win32
		{F71D4A23-0F7C-4EBD-9F50-D4813D658275}.Release|x86.ActiveCfg = Release|Win32
		{F71D4A23-0F7C-4EBD-9F50-D4813D658275}.Release|x86.Build.0 = Release|Win32
		{F71D4A23-0F7C-4EBD-9F50-D4813D658275}.Tests|Any CPU.ActiveCfg = Release|Win32
		{F71D4A23-0F7C-4EBD-9F50-D4813D658275}.Tests|Any CPU.Build.0 = Release|Win32
		{F71D4A23-0F7C-4EBD-9F50-D4813D658275}.Tests|x64.ActiveCfg = Release|Win32
		{F71D4A23-0F7C-4EBD-9F50-D4813D658275}.Tests|x64.Build.0 = Release|Win32
		{F71D4A23-0F7C-4EBD-9F50-D4813D658275}.Tests|x86.ActiveCfg = Release|Win32
		{F71D4A23-0F7C-4EBD-9F50-D4813D658275}.Tests|x86.Build.0 = Release|Win32
		{0FAE817D-9A32-4830-857E-81DA57246E16}.Debug|Any CPU.ActiveCfg = Debug|Win32
		{0FAE817D-9A32-4830-857E-81DA57246E16}.Debug|x64.ActiveCfg = Debug|x64
		{0FAE817D-9A32-4830-857E-81DA57246E16}.Debug|x64.Build.0 = Debug|x64
		{0FAE817D-9A32-4830-857E-81DA57246E16}.Debug|x86.ActiveCfg = Debug|Win32
		{0FAE817D-9A32-4830-857E-81DA57246E16}.Debug|x86.Build.0 = Debug|Win32
		{0FAE817D-9A32-4830-857E-81DA57246E16}.Devel|Any CPU.ActiveCfg = Devel|Win32
		{0FAE817D-9A32-4830-857E-81DA57246E16}.Devel|x64.ActiveCfg = Devel|x64
		{0FAE817D-9A32-4830-857E-81DA57246E16}.Devel|x64.Build.0 = Devel|x64
		{0FAE817D-9A32-4830-857E-81DA57246E16}.Devel|x86.ActiveCfg = Release|Win32
		{0FAE817D-9A32-4830-857E-81DA57246E16}.Devel|x86.Build.0 = Devel|Win32
		{0FAE817D-9A32-4830-857E-81DA57246E16}.Release|Any CPU.ActiveCfg = Release|Win32
		{0FAE817D-9A32-4830-857E-81DA57246E16}.Release|x64.ActiveCfg = Release|x64
		{0FAE817D-9A32-4830-857E-81DA57246E16}.Release|x64.Build.0 = Release|x64
		{0FAE817D-9A32-4830-857E-81DA57246E16}.Release|x86.ActiveCfg = Release|Win32
		{0FAE817D-9A32-4830-857E-81DA57246E16}.Release|x86.Build.0 = Release|Win32
		{0FAE817D-9A32-4830-857E-81DA57246E16}.Tests|Any CPU.ActiveCfg = Release|x64
		{0FAE817D-9A32-4830-857E-81DA57246E16}.Tests|Any CPU.Build.0 = Release|x64
		{0FAE817D-9A32-4830-857E-81DA57246E16}.Tests|x64.ActiveCfg = Release|x64
		{0FAE817D-9A32-4830-857E-81DA57246E16}.Tests|x64.Build.0 = Release|x64
		{0FAE817D-9A32-4830-857E-81DA57246E16}.Tests|x86.ActiveCfg = Release|Win32
		{0FAE817D-9A32-4830-857E-81DA57246E16}.Tests|x86.Build.0 = Release|Win32
		{04439C5F-05FB-4A9C-AAD1-5388C25377DB}.Debug|Any CPU.ActiveCfg = Debug|Win32
		{04439C5F-05FB-4A9C-AAD1-5388C25377DB}.Debug|x64.ActiveCfg = Debug|x64
		{04439C5F-05FB-4A9C-AAD1-5388C25377DB}.Debug|x64.Build.0 = Debug|x64
		{04439C5F-05FB-4A9C-AAD1-5388C25377DB}.Debug|x86.ActiveCfg = Debug|Win32
		{04439C5F-05FB-4A9C-AAD1-5388C25377DB}.Debug|x86.Build.0 = Debug|Win32
		{04439C5F-05FB-4A9C-AAD1-5388C25377DB}.Devel|Any CPU.ActiveCfg = Release|x64
		{04439C5F-05FB-4A9C-AAD1-5388C25377DB}.Devel|Any CPU.Build.0 = Release|x64
		{04439C5F-05FB-4A9C-AAD1-5388C25377DB}.Devel|x64.ActiveCfg = Debug|x64
		{04439C5F-05FB-4A9C-AAD1-5388C25377DB}.Devel|x64.Build.0 = Debug|x64
		{04439C5F-05FB-4A9C-AAD1-5388C25377DB}.Devel|x86.ActiveCfg = Release|Win32
		{04439C5F-05FB-4A9C-AAD1-5388C25377DB}.Devel|x86.Build.0 = Debug|Win32
		{04439C5F-05FB-4A9C-AAD1-5388C25377DB}.Release|Any CPU.ActiveCfg = Release|Win32
		{04439C5F-05FB-4A9C-AAD1-5388C25377DB}.Release|x64.ActiveCfg = Release|x64
		{04439C5F-05FB-4A9C-AAD1-5388C25377DB}.Release|x64.Build.0 = Release|x64
		{04439C5F-05FB-4A9C-AAD1-5388C25377DB}.Release|x86.ActiveCfg = Release|Win32
		{04439C5F-05FB-4A9C-AAD1-5388C25377DB}.Release|x86.Build.0 = Release|Win32
		{04439C5F-05FB-4A9C-AAD1-5388C25377DB}.Tests|Any CPU.ActiveCfg = Release|Win32
		{04439C5F-05FB-4A9C-AAD1-5388C25377DB}.Tests|Any CPU.Build.0 = Release|Win32
		{04439C5F-05FB-4A9C-AAD1-5388C25377DB}.Tests|x64.ActiveCfg = Release|x64
		{04439C5F-05FB-4A9C-AAD1-5388C25377DB}.Tests|x64.Build.0 = Release|x64
		{04439C5F-05FB-4A9C-AAD1-5388C25377DB}.Tests|x86.ActiveCfg = Release|Win32
		{04439C5F-05FB-4A9C-AAD1-5388C25377DB}.Tests|x86.Build.0 = Release|Win32
		{BF7B81A5-E348-4F7C-A69F-F74C8EEEAD70}.Debug|Any CPU.ActiveCfg = Debug|Win32
		{BF7B81A5-E348-4F7C-A69F-F74C8EEEAD70}.Debug|x64.ActiveCfg = Debug|x64
		{BF7B81A5-E348-4F7C-A69F-F74C8EEEAD70}.Debug|x64.Build.0 = Debug|x64
		{BF7B81A5-E348-4F7C-A69F-F74C8EEEAD70}.Debug|x86.ActiveCfg = Debug|Win32
		{BF7B81A5-E348-4F7C-A69F-F74C8EEEAD70}.Debug|x86.Build.0 = Debug|Win32
		{BF7B81A5-E348-4F7C-A69F-F74C8EEEAD70}.Devel|Any CPU.ActiveCfg = Release|x64
		{BF7B81A5-E348-4F7C-A69F-F74C8EEEAD70}.Devel|Any CPU.Build.0 = Release|x64
		{BF7B81A5-E348-4F7C-A69F-F74C8EEEAD70}.Devel|x64.ActiveCfg = Debug|x64
		{BF7B81A5-E348-4F7C-A69F-F74C8EEEAD70}.Devel|x64.Build.0 = Debug|x64
		{BF7B81A5-E348-4F7C-A69F-F74C8EEEAD70}.Devel|x86.ActiveCfg = Release|Win32
		{BF7B81A5-E348-4F7C-A69F-F74C8EEEAD70}.Devel|x86.Build.0 = Debug|Win32
		{BF7B81A5-E348-4F7C-A69F-F74C8EEEAD70}.Release|Any CPU.ActiveCfg = Release|Win32
		{BF7B81A5-E348-4F7C-A69F-F74C8EEEAD70}.Release|x64.ActiveCfg = Release|x64
		{BF7B81A5-E348-4F7C-A69F-F74C8EEEAD70}.Release|x64.Build.0 = Release|x64
		{BF7B81A5-E348-4F7C-A69F-F74C8EEEAD70}.Release|x86.ActiveCfg = Release|Win32
		{BF7B81A5-E348-4F7C-A69F-F74C8EEEAD70}.Release|x86.Build.0 = Release|Win32
		{BF7B81A5-E348-4F7C-A69F-F74C8EEEAD70}.Tests|Any CPU.ActiveCfg = Release|Win32
		{BF7B81A5-E348-4F7C-A69F-F74C8EEEAD70}.Tests|Any CPU.Build.0 = Release|Win32
		{BF7B81A5-E348-4F7C-A69F-F74C8EEEAD70}.Tests|x64.ActiveCfg = Release|x64
		{BF7B81A5-E348-4F7C-A69F-F74C8EEEAD70}.Tests|x64.Build.0 = Release|x64
		{BF7B81A5-E348-4F7C-A69F-F74C8EEEAD70}.Tests|x86.ActiveCfg = Release|Win32
		{BF7B81A5-E348-4F7C-A69F-F74C8EEEAD70}.Tests|x86.Build.0 = Release|Win32
		{977AC4EF-573B-41B5-9DF7-929781BDD034}.Debug|Any CPU.ActiveCfg = Debug|Any CPU
		{977AC4EF-573B-41B5-9DF7-929781BDD034}.Debug|Any CPU.Build.0 = Debug|Any CPU
		{977AC4EF-573B-41B5-9DF7-929781BDD034}.Debug|x64.ActiveCfg = Debug|Any CPU
		{977AC4EF-573B-41B5-9DF7-929781BDD034}.Debug|x64.Build.0 = Debug|Any CPU
		{977AC4EF-573B-41B5-9DF7-929781BDD034}.Debug|x86.ActiveCfg = Debug|Any CPU
		{977AC4EF-573B-41B5-9DF7-929781BDD034}.Debug|x86.Build.0 = Debug|Any CPU
		{977AC4EF-573B-41B5-9DF7-929781BDD034}.Devel|Any CPU.ActiveCfg = Debug|Any CPU
		{977AC4EF-573B-41B5-9DF7-929781BDD034}.Devel|Any CPU.Build.0 = Debug|Any CPU
		{977AC4EF-573B-41B5-9DF7-929781BDD034}.Devel|x64.ActiveCfg = Debug|Any CPU
		{977AC4EF-573B-41B5-9DF7-929781BDD034}.Devel|x64.Build.0 = Debug|Any CPU
		{977AC4EF-573B-41B5-9DF7-929781BDD034}.Devel|x86.ActiveCfg = Release|Any CPU
		{977AC4EF-573B-41B5-9DF7-929781BDD034}.Devel|x86.Build.0 = Release|Any CPU
		{977AC4EF-573B-41B5-9DF7-929781BDD034}.Release|Any CPU.ActiveCfg = Release|Any CPU
		{977AC4EF-573B-41B5-9DF7-929781BDD034}.Release|Any CPU.Build.0 = Release|Any CPU
		{977AC4EF-573B-41B5-9DF7-929781BDD034}.Release|x64.ActiveCfg = Release|Any CPU
		{977AC4EF-573B-41B5-9DF7-929781BDD034}.Release|x64.Build.0 = Release|Any CPU
		{977AC4EF-573B-41B5-9DF7-929781BDD034}.Release|x86.ActiveCfg = Release|Any CPU
		{977AC4EF-573B-41B5-9DF7-929781BDD034}.Release|x86.Build.0 = Release|Any CPU
		{977AC4EF-573B-41B5-9DF7-929781BDD034}.Tests|Any CPU.ActiveCfg = Release|Any CPU
		{977AC4EF-573B-41B5-9DF7-929781BDD034}.Tests|Any CPU.Build.0 = Release|Any CPU
		{977AC4EF-573B-41B5-9DF7-929781BDD034}.Tests|x64.ActiveCfg = Release|Any CPU
		{977AC4EF-573B-41B5-9DF7-929781BDD034}.Tests|x64.Build.0 = Release|Any CPU
		{977AC4EF-573B-41B5-9DF7-929781BDD034}.Tests|x86.ActiveCfg = Release|Any CPU
		{977AC4EF-573B-41B5-9DF7-929781BDD034}.Tests|x86.Build.0 = Release|Any CPU
		{3D0EB14D-32F3-4D82-9C6D-B806ADBB859C}.Debug|Any CPU.ActiveCfg = Debug|Win32
		{3D0EB14D-32F3-4D82-9C6D-B806ADBB859C}.Debug|x64.ActiveCfg = Debug|x64
		{3D0EB14D-32F3-4D82-9C6D-B806ADBB859C}.Debug|x64.Build.0 = Debug|x64
		{3D0EB14D-32F3-4D82-9C6D-B806ADBB859C}.Debug|x86.ActiveCfg = Debug|Win32
		{3D0EB14D-32F3-4D82-9C6D-B806ADBB859C}.Debug|x86.Build.0 = Debug|Win32
		{3D0EB14D-32F3-4D82-9C6D-B806ADBB859C}.Devel|Any CPU.ActiveCfg = Release|x64
		{3D0EB14D-32F3-4D82-9C6D-B806ADBB859C}.Devel|Any CPU.Build.0 = Release|x64
		{3D0EB14D-32F3-4D82-9C6D-B806ADBB859C}.Devel|x64.ActiveCfg = Debug|x64
		{3D0EB14D-32F3-4D82-9C6D-B806ADBB859C}.Devel|x64.Build.0 = Debug|x64
		{3D0EB14D-32F3-4D82-9C6D-B806ADBB859C}.Devel|x86.ActiveCfg = Release|Win32
		{3D0EB14D-32F3-4D82-9C6D-B806ADBB859C}.Devel|x86.Build.0 = Debug|Win32
		{3D0EB14D-32F3-4D82-9C6D-B806ADBB859C}.Release|Any CPU.ActiveCfg = Release|Win32
		{3D0EB14D-32F3-4D82-9C6D-B806ADBB859C}.Release|x64.ActiveCfg = Release|x64
		{3D0EB14D-32F3-4D82-9C6D-B806ADBB859C}.Release|x64.Build.0 = Release|x64
		{3D0EB14D-32F3-4D82-9C6D-B806ADBB859C}.Release|x86.ActiveCfg = Release|Win32
		{3D0EB14D-32F3-4D82-9C6D-B806ADBB859C}.Release|x86.Build.0 = Release|Win32
		{3D0EB14D-32F3-4D82-9C6D-B806ADBB859C}.Tests|Any CPU.ActiveCfg = Release|Win32
		{3D0EB14D-32F3-4D82-9C6D-B806ADBB859C}.Tests|Any CPU.Build.0 = Release|Win32
		{3D0EB14D-32F3-4D82-9C6D-B806ADBB859C}.Tests|x64.ActiveCfg = Release|x64
		{3D0EB14D-32F3-4D82-9C6D-B806ADBB859C}.Tests|x64.Build.0 = Release|x64
		{3D0EB14D-32F3-4D82-9C6D-B806ADBB859C}.Tests|x86.ActiveCfg = Release|Win32
		{3D0EB14D-32F3-4D82-9C6D-B806ADBB859C}.Tests|x86.Build.0 = Release|Win32
		{C5A6704F-DD2C-46A8-9532-B168DC50DB7C}.Debug|Any CPU.ActiveCfg = Debug|Any CPU
		{C5A6704F-DD2C-46A8-9532-B168DC50DB7C}.Debug|Any CPU.Build.0 = Debug|Any CPU
		{C5A6704F-DD2C-46A8-9532-B168DC50DB7C}.Debug|x64.ActiveCfg = Debug|Any CPU
		{C5A6704F-DD2C-46A8-9532-B168DC50DB7C}.Debug|x64.Build.0 = Debug|Any CPU
		{C5A6704F-DD2C-46A8-9532-B168DC50DB7C}.Debug|x86.ActiveCfg = Debug|Any CPU
		{C5A6704F-DD2C-46A8-9532-B168DC50DB7C}.Debug|x86.Build.0 = Debug|Any CPU
		{C5A6704F-DD2C-46A8-9532-B168DC50DB7C}.Devel|Any CPU.ActiveCfg = Debug|Any CPU
		{C5A6704F-DD2C-46A8-9532-B168DC50DB7C}.Devel|Any CPU.Build.0 = Debug|Any CPU
		{C5A6704F-DD2C-46A8-9532-B168DC50DB7C}.Devel|x64.ActiveCfg = Debug|Any CPU
		{C5A6704F-DD2C-46A8-9532-B168DC50DB7C}.Devel|x64.Build.0 = Debug|Any CPU
		{C5A6704F-DD2C-46A8-9532-B168DC50DB7C}.Devel|x86.ActiveCfg = Debug|Any CPU
		{C5A6704F-DD2C-46A8-9532-B168DC50DB7C}.Release|Any CPU.ActiveCfg = Release|Any CPU
		{C5A6704F-DD2C-46A8-9532-B168DC50DB7C}.Release|Any CPU.Build.0 = Release|Any CPU
		{C5A6704F-DD2C-46A8-9532-B168DC50DB7C}.Release|x64.ActiveCfg = Release|Any CPU
		{C5A6704F-DD2C-46A8-9532-B168DC50DB7C}.Release|x64.Build.0 = Release|Any CPU
		{C5A6704F-DD2C-46A8-9532-B168DC50DB7C}.Release|x86.ActiveCfg = Release|Any CPU
		{C5A6704F-DD2C-46A8-9532-B168DC50DB7C}.Release|x86.Build.0 = Release|Any CPU
		{C5A6704F-DD2C-46A8-9532-B168DC50DB7C}.Tests|Any CPU.ActiveCfg = Release|Any CPU
		{C5A6704F-DD2C-46A8-9532-B168DC50DB7C}.Tests|Any CPU.Build.0 = Release|Any CPU
		{C5A6704F-DD2C-46A8-9532-B168DC50DB7C}.Tests|x64.ActiveCfg = Release|Any CPU
		{C5A6704F-DD2C-46A8-9532-B168DC50DB7C}.Tests|x64.Build.0 = Release|Any CPU
		{C5A6704F-DD2C-46A8-9532-B168DC50DB7C}.Tests|x86.ActiveCfg = Release|Any CPU
		{C5A6704F-DD2C-46A8-9532-B168DC50DB7C}.Tests|x86.Build.0 = Release|Any CPU
		{16F9E626-D944-4FC9-A47D-5007203157F8}.Debug|Any CPU.ActiveCfg = Debug|Win32
		{16F9E626-D944-4FC9-A47D-5007203157F8}.Debug|x64.ActiveCfg = Debug|Win32
		{16F9E626-D944-4FC9-A47D-5007203157F8}.Debug|x86.ActiveCfg = Debug|Win32
		{16F9E626-D944-4FC9-A47D-5007203157F8}.Debug|x86.Build.0 = Debug|Win32
		{16F9E626-D944-4FC9-A47D-5007203157F8}.Devel|Any CPU.ActiveCfg = Debug|Win32
		{16F9E626-D944-4FC9-A47D-5007203157F8}.Devel|Any CPU.Build.0 = Debug|Win32
		{16F9E626-D944-4FC9-A47D-5007203157F8}.Devel|x64.ActiveCfg = Release|Win32
		{16F9E626-D944-4FC9-A47D-5007203157F8}.Devel|x64.Build.0 = Release|Win32
		{16F9E626-D944-4FC9-A47D-5007203157F8}.Devel|x86.ActiveCfg = Debug|Win32
		{16F9E626-D944-4FC9-A47D-5007203157F8}.Devel|x86.Build.0 = Debug|Win32
		{16F9E626-D944-4FC9-A47D-5007203157F8}.Release|Any CPU.ActiveCfg = Release|Win32
		{16F9E626-D944-4FC9-A47D-5007203157F8}.Release|x64.ActiveCfg = Release|Win32
		{16F9E626-D944-4FC9-A47D-5007203157F8}.Release|x86.ActiveCfg = Release|Win32
		{16F9E626-D944-4FC9-A47D-5007203157F8}.Release|x86.Build.0 = Release|Win32
		{16F9E626-D944-4FC9-A47D-5007203157F8}.Tests|Any CPU.ActiveCfg = Release|Win32
		{16F9E626-D944-4FC9-A47D-5007203157F8}.Tests|Any CPU.Build.0 = Release|Win32
		{16F9E626-D944-4FC9-A47D-5007203157F8}.Tests|x64.ActiveCfg = Release|Win32
		{16F9E626-D944-4FC9-A47D-5007203157F8}.Tests|x64.Build.0 = Release|Win32
		{16F9E626-D944-4FC9-A47D-5007203157F8}.Tests|x86.ActiveCfg = Release|Win32
		{16F9E626-D944-4FC9-A47D-5007203157F8}.Tests|x86.Build.0 = Release|Win32
		{EB9A58F7-4C35-41FB-91F3-46B3EF309100}.Debug|Any CPU.ActiveCfg = Debug|Win32
		{EB9A58F7-4C35-41FB-91F3-46B3EF309100}.Debug|x64.ActiveCfg = Debug|Win32
		{EB9A58F7-4C35-41FB-91F3-46B3EF309100}.Debug|x86.ActiveCfg = Debug|Win32
		{EB9A58F7-4C35-41FB-91F3-46B3EF309100}.Debug|x86.Build.0 = Debug|Win32
		{EB9A58F7-4C35-41FB-91F3-46B3EF309100}.Devel|Any CPU.ActiveCfg = Debug|Win32
		{EB9A58F7-4C35-41FB-91F3-46B3EF309100}.Devel|Any CPU.Build.0 = Debug|Win32
		{EB9A58F7-4C35-41FB-91F3-46B3EF309100}.Devel|x64.ActiveCfg = Release|Win32
		{EB9A58F7-4C35-41FB-91F3-46B3EF309100}.Devel|x64.Build.0 = Release|Win32
		{EB9A58F7-4C35-41FB-91F3-46B3EF309100}.Devel|x86.ActiveCfg = Debug|Win32
		{EB9A58F7-4C35-41FB-91F3-46B3EF309100}.Devel|x86.Build.0 = Debug|Win32
		{EB9A58F7-4C35-41FB-91F3-46B3EF309100}.Release|Any CPU.ActiveCfg = Release|Win32
		{EB9A58F7-4C35-41FB-91F3-46B3EF309100}.Release|x64.ActiveCfg = Release|Win32
		{EB9A58F7-4C35-41FB-91F3-46B3EF309100}.Release|x86.ActiveCfg = Release|Win32
		{EB9A58F7-4C35-41FB-91F3-46B3EF309100}.Release|x86.Build.0 = Release|Win32
		{EB9A58F7-4C35-41FB-91F3-46B3EF309100}.Tests|Any CPU.ActiveCfg = Release|Win32
		{EB9A58F7-4C35-41FB-91F3-46B3EF309100}.Tests|Any CPU.Build.0 = Release|Win32
		{EB9A58F7-4C35-41FB-91F3-46B3EF309100}.Tests|x64.ActiveCfg = Release|Win32
		{EB9A58F7-4C35-41FB-91F3-46B3EF309100}.Tests|x64.Build.0 = Release|Win32
		{EB9A58F7-4C35-41FB-91F3-46B3EF309100}.Tests|x86.ActiveCfg = Release|Win32
		{EB9A58F7-4C35-41FB-91F3-46B3EF309100}.Tests|x86.Build.0 = Release|Win32
		{0B7751F1-C2D0-4124-950D-8BD9D1DE64C3}.Debug|Any CPU.ActiveCfg = Debug|Win32
		{0B7751F1-C2D0-4124-950D-8BD9D1DE64C3}.Debug|x64.ActiveCfg = Debug|Win32
		{0B7751F1-C2D0-4124-950D-8BD9D1DE64C3}.Debug|x86.ActiveCfg = Debug|Win32
		{0B7751F1-C2D0-4124-950D-8BD9D1DE64C3}.Debug|x86.Build.0 = Debug|Win32
		{0B7751F1-C2D0-4124-950D-8BD9D1DE64C3}.Devel|Any CPU.ActiveCfg = Debug|Win32
		{0B7751F1-C2D0-4124-950D-8BD9D1DE64C3}.Devel|Any CPU.Build.0 = Debug|Win32
		{0B7751F1-C2D0-4124-950D-8BD9D1DE64C3}.Devel|x64.ActiveCfg = Release|Win32
		{0B7751F1-C2D0-4124-950D-8BD9D1DE64C3}.Devel|x64.Build.0 = Release|Win32
		{0B7751F1-C2D0-4124-950D-8BD9D1DE64C3}.Devel|x86.ActiveCfg = Debug|Win32
		{0B7751F1-C2D0-4124-950D-8BD9D1DE64C3}.Devel|x86.Build.0 = Debug|Win32
		{0B7751F1-C2D0-4124-950D-8BD9D1DE64C3}.Release|Any CPU.ActiveCfg = Release|Win32
		{0B7751F1-C2D0-4124-950D-8BD9D1DE64C3}.Release|x64.ActiveCfg = Release|Win32
		{0B7751F1-C2D0-4124-950D-8BD9D1DE64C3}.Release|x86.ActiveCfg = Release|Win32
		{0B7751F1-C2D0-4124-950D-8BD9D1DE64C3}.Release|x86.Build.0 = Release|Win32
		{0B7751F1-C2D0-4124-950D-8BD9D1DE64C3}.Tests|Any CPU.ActiveCfg = Release|Win32
		{0B7751F1-C2D0-4124-950D-8BD9D1DE64C3}.Tests|Any CPU.Build.0 = Release|Win32
		{0B7751F1-C2D0-4124-950D-8BD9D1DE64C3}.Tests|x64.ActiveCfg = Release|Win32
		{0B7751F1-C2D0-4124-950D-8BD9D1DE64C3}.Tests|x64.Build.0 = Release|Win32
		{0B7751F1-C2D0-4124-950D-8BD9D1DE64C3}.Tests|x86.ActiveCfg = Release|Win32
		{0B7751F1-C2D0-4124-950D-8BD9D1DE64C3}.Tests|x86.Build.0 = Release|Win32
		{18E42F6F-3A62-41EE-B42F-79366C4F1E95}.Debug|Any CPU.ActiveCfg = Debug|Win32
		{18E42F6F-3A62-41EE-B42F-79366C4F1E95}.Debug|x64.ActiveCfg = Debug|x64
		{18E42F6F-3A62-41EE-B42F-79366C4F1E95}.Debug|x64.Build.0 = Debug|x64
		{18E42F6F-3A62-41EE-B42F-79366C4F1E95}.Debug|x86.ActiveCfg = Debug|Win32
		{18E42F6F-3A62-41EE-B42F-79366C4F1E95}.Debug|x86.Build.0 = Debug|Win32
		{18E42F6F-3A62-41EE-B42F-79366C4F1E95}.Devel|Any CPU.ActiveCfg = Release|Win32
		{18E42F6F-3A62-41EE-B42F-79366C4F1E95}.Devel|Any CPU.Build.0 = Release|Win32
		{18E42F6F-3A62-41EE-B42F-79366C4F1E95}.Devel|x64.ActiveCfg = Debug|x64
		{18E42F6F-3A62-41EE-B42F-79366C4F1E95}.Devel|x64.Build.0 = Debug|x64
		{18E42F6F-3A62-41EE-B42F-79366C4F1E95}.Devel|x86.ActiveCfg = Debug|Win32
		{18E42F6F-3A62-41EE-B42F-79366C4F1E95}.Devel|x86.Build.0 = Debug|Win32
		{18E42F6F-3A62-41EE-B42F-79366C4F1E95}.Release|Any CPU.ActiveCfg = Release|Win32
		{18E42F6F-3A62-41EE-B42F-79366C4F1E95}.Release|x64.ActiveCfg = Release|x64
		{18E42F6F-3A62-41EE-B42F-79366C4F1E95}.Release|x64.Build.0 = Release|x64
		{18E42F6F-3A62-41EE-B42F-79366C4F1E95}.Release|x86.ActiveCfg = Release|Win32
		{18E42F6F-3A62-41EE-B42F-79366C4F1E95}.Release|x86.Build.0 = Release|Win32
		{18E42F6F-3A62-41EE-B42F-79366C4F1E95}.Tests|Any CPU.ActiveCfg = Release|x64
		{18E42F6F-3A62-41EE-B42F-79366C4F1E95}.Tests|Any CPU.Build.0 = Release|x64
		{18E42F6F-3A62-41EE-B42F-79366C4F1E95}.Tests|x64.ActiveCfg = Release|x64
		{18E42F6F-3A62-41EE-B42F-79366C4F1E95}.Tests|x64.Build.0 = Release|x64
		{18E42F6F-3A62-41EE-B42F-79366C4F1E95}.Tests|x86.ActiveCfg = Release|Win32
		{18E42F6F-3A62-41EE-B42F-79366C4F1E95}.Tests|x86.Build.0 = Release|Win32
		{A063E3BB-E93C-436F-AAAE-0DC45D0E480D}.Debug|Any CPU.ActiveCfg = Debug|Any CPU
		{A063E3BB-E93C-436F-AAAE-0DC45D0E480D}.Debug|Any CPU.Build.0 = Debug|Any CPU
		{A063E3BB-E93C-436F-AAAE-0DC45D0E480D}.Debug|x64.ActiveCfg = Debug|Any CPU
		{A063E3BB-E93C-436F-AAAE-0DC45D0E480D}.Debug|x64.Build.0 = Debug|Any CPU
		{A063E3BB-E93C-436F-AAAE-0DC45D0E480D}.Debug|x86.ActiveCfg = Debug|Any CPU
		{A063E3BB-E93C-436F-AAAE-0DC45D0E480D}.Debug|x86.Build.0 = Debug|Any CPU
		{A063E3BB-E93C-436F-AAAE-0DC45D0E480D}.Devel|Any CPU.ActiveCfg = Debug|Any CPU
		{A063E3BB-E93C-436F-AAAE-0DC45D0E480D}.Devel|Any CPU.Build.0 = Debug|Any CPU
		{A063E3BB-E93C-436F-AAAE-0DC45D0E480D}.Devel|x64.ActiveCfg = Debug|Any CPU
		{A063E3BB-E93C-436F-AAAE-0DC45D0E480D}.Devel|x64.Build.0 = Debug|Any CPU
		{A063E3BB-E93C-436F-AAAE-0DC45D0E480D}.Devel|x86.ActiveCfg = Debug|Any CPU
		{A063E3BB-E93C-436F-AAAE-0DC45D0E480D}.Devel|x86.Build.0 = Debug|Any CPU
		{A063E3BB-E93C-436F-AAAE-0DC45D0E480D}.Release|Any CPU.ActiveCfg = Release|Any CPU
		{A063E3BB-E93C-436F-AAAE-0DC45D0E480D}.Release|Any CPU.Build.0 = Release|Any CPU
		{A063E3BB-E93C-436F-AAAE-0DC45D0E480D}.Release|x64.ActiveCfg = Release|Any CPU
		{A063E3BB-E93C-436F-AAAE-0DC45D0E480D}.Release|x64.Build.0 = Release|Any CPU
		{A063E3BB-E93C-436F-AAAE-0DC45D0E480D}.Release|x86.ActiveCfg = Release|Any CPU
		{A063E3BB-E93C-436F-AAAE-0DC45D0E480D}.Release|x86.Build.0 = Release|Any CPU
		{A063E3BB-E93C-436F-AAAE-0DC45D0E480D}.Tests|Any CPU.ActiveCfg = Release|Any CPU
		{A063E3BB-E93C-436F-AAAE-0DC45D0E480D}.Tests|Any CPU.Build.0 = Release|Any CPU
		{A063E3BB-E93C-436F-AAAE-0DC45D0E480D}.Tests|x64.ActiveCfg = Release|Any CPU
		{A063E3BB-E93C-436F-AAAE-0DC45D0E480D}.Tests|x64.Build.0 = Release|Any CPU
		{A063E3BB-E93C-436F-AAAE-0DC45D0E480D}.Tests|x86.ActiveCfg = Release|Any CPU
		{A063E3BB-E93C-436F-AAAE-0DC45D0E480D}.Tests|x86.Build.0 = Release|Any CPU
		{15F393DA-14A3-4DB2-8F12-4EF81ED5907D}.Debug|Any CPU.ActiveCfg = Debug|Win32
		{15F393DA-14A3-4DB2-8F12-4EF81ED5907D}.Debug|x64.ActiveCfg = Debug|x64
		{15F393DA-14A3-4DB2-8F12-4EF81ED5907D}.Debug|x64.Build.0 = Debug|x64
		{15F393DA-14A3-4DB2-8F12-4EF81ED5907D}.Debug|x86.ActiveCfg = Debug|Win32
		{15F393DA-14A3-4DB2-8F12-4EF81ED5907D}.Debug|x86.Build.0 = Debug|Win32
		{15F393DA-14A3-4DB2-8F12-4EF81ED5907D}.Devel|Any CPU.ActiveCfg = Release|x64
		{15F393DA-14A3-4DB2-8F12-4EF81ED5907D}.Devel|Any CPU.Build.0 = Release|x64
		{15F393DA-14A3-4DB2-8F12-4EF81ED5907D}.Devel|x64.ActiveCfg = Debug|x64
		{15F393DA-14A3-4DB2-8F12-4EF81ED5907D}.Devel|x64.Build.0 = Debug|x64
		{15F393DA-14A3-4DB2-8F12-4EF81ED5907D}.Devel|x86.ActiveCfg = Debug|Win32
		{15F393DA-14A3-4DB2-8F12-4EF81ED5907D}.Devel|x86.Build.0 = Debug|Win32
		{15F393DA-14A3-4DB2-8F12-4EF81ED5907D}.Release|Any CPU.ActiveCfg = Release|Win32
		{15F393DA-14A3-4DB2-8F12-4EF81ED5907D}.Release|x64.ActiveCfg = Release|x64
		{15F393DA-14A3-4DB2-8F12-4EF81ED5907D}.Release|x64.Build.0 = Release|x64
		{15F393DA-14A3-4DB2-8F12-4EF81ED5907D}.Release|x86.ActiveCfg = Release|Win32
		{15F393DA-14A3-4DB2-8F12-4EF81ED5907D}.Release|x86.Build.0 = Release|Win32
		{15F393DA-14A3-4DB2-8F12-4EF81ED5907D}.Tests|Any CPU.ActiveCfg = Devel|x64
		{15F393DA-14A3-4DB2-8F12-4EF81ED5907D}.Tests|Any CPU.Build.0 = Devel|x64
		{15F393DA-14A3-4DB2-8F12-4EF81ED5907D}.Tests|x64.ActiveCfg = Devel|x64
		{15F393DA-14A3-4DB2-8F12-4EF81ED5907D}.Tests|x64.Build.0 = Devel|x64
		{15F393DA-14A3-4DB2-8F12-4EF81ED5907D}.Tests|x86.ActiveCfg = Devel|Win32
		{15F393DA-14A3-4DB2-8F12-4EF81ED5907D}.Tests|x86.Build.0 = Devel|Win32
		{567AF8DB-42C1-4D08-96CD-D70A2DFEFC6B}.Debug|Any CPU.ActiveCfg = Debug|Win32
		{567AF8DB-42C1-4D08-96CD-D70A2DFEFC6B}.Debug|x64.ActiveCfg = Debug|x64
		{567AF8DB-42C1-4D08-96CD-D70A2DFEFC6B}.Debug|x64.Build.0 = Debug|x64
		{567AF8DB-42C1-4D08-96CD-D70A2DFEFC6B}.Debug|x86.ActiveCfg = Debug|Win32
		{567AF8DB-42C1-4D08-96CD-D70A2DFEFC6B}.Debug|x86.Build.0 = Debug|Win32
		{567AF8DB-42C1-4D08-96CD-D70A2DFEFC6B}.Devel|Any CPU.ActiveCfg = Release|x64
		{567AF8DB-42C1-4D08-96CD-D70A2DFEFC6B}.Devel|Any CPU.Build.0 = Release|x64
		{567AF8DB-42C1-4D08-96CD-D70A2DFEFC6B}.Devel|x64.ActiveCfg = Debug|x64
		{567AF8DB-42C1-4D08-96CD-D70A2DFEFC6B}.Devel|x64.Build.0 = Debug|x64
		{567AF8DB-42C1-4D08-96CD-D70A2DFEFC6B}.Devel|x86.ActiveCfg = Debug|Win32
		{567AF8DB-42C1-4D08-96CD-D70A2DFEFC6B}.Devel|x86.Build.0 = Debug|Win32
		{567AF8DB-42C1-4D08-96CD-D70A2DFEFC6B}.Release|Any CPU.ActiveCfg = Release|Win32
		{567AF8DB-42C1-4D08-96CD-D70A2DFEFC6B}.Release|x64.ActiveCfg = Release|x64
		{567AF8DB-42C1-4D08-96CD-D70A2DFEFC6B}.Release|x64.Build.0 = Release|x64
		{567AF8DB-42C1-4D08-96CD-D70A2DFEFC6B}.Release|x86.ActiveCfg = Release|Win32
		{567AF8DB-42C1-4D08-96CD-D70A2DFEFC6B}.Release|x86.Build.0 = Release|Win32
		{567AF8DB-42C1-4D08-96CD-D70A2DFEFC6B}.Tests|Any CPU.ActiveCfg = Release|x64
		{567AF8DB-42C1-4D08-96CD-D70A2DFEFC6B}.Tests|Any CPU.Build.0 = Release|x64
		{567AF8DB-42C1-4D08-96CD-D70A2DFEFC6B}.Tests|x64.ActiveCfg = Release|x64
		{567AF8DB-42C1-4D08-96CD-D70A2DFEFC6B}.Tests|x64.Build.0 = Release|x64
		{567AF8DB-42C1-4D08-96CD-D70A2DFEFC6B}.Tests|x86.ActiveCfg = Release|Win32
		{567AF8DB-42C1-4D08-96CD-D70A2DFEFC6B}.Tests|x86.Build.0 = Release|Win32
		{3FCDBAE2-5103-4350-9A8E-848CE9C73195}.Debug|Any CPU.ActiveCfg = Debug|Win32
		{3FCDBAE2-5103-4350-9A8E-848CE9C73195}.Debug|x64.ActiveCfg = Debug|x64
		{3FCDBAE2-5103-4350-9A8E-848CE9C73195}.Debug|x64.Build.0 = Debug|x64
		{3FCDBAE2-5103-4350-9A8E-848CE9C73195}.Debug|x86.ActiveCfg = Debug|Win32
		{3FCDBAE2-5103-4350-9A8E-848CE9C73195}.Debug|x86.Build.0 = Debug|Win32
		{3FCDBAE2-5103-4350-9A8E-848CE9C73195}.Devel|Any CPU.ActiveCfg = Release|x64
		{3FCDBAE2-5103-4350-9A8E-848CE9C73195}.Devel|Any CPU.Build.0 = Release|x64
		{3FCDBAE2-5103-4350-9A8E-848CE9C73195}.Devel|x64.ActiveCfg = Debug|x64
		{3FCDBAE2-5103-4350-9A8E-848CE9C73195}.Devel|x64.Build.0 = Debug|x64
		{3FCDBAE2-5103-4350-9A8E-848CE9C73195}.Devel|x86.ActiveCfg = Debug|Win32
		{3FCDBAE2-5103-4350-9A8E-848CE9C73195}.Devel|x86.Build.0 = Debug|Win32
		{3FCDBAE2-5103-4350-9A8E-848CE9C73195}.Release|Any CPU.ActiveCfg = Release|Win32
		{3FCDBAE2-5103-4350-9A8E-848CE9C73195}.Release|x64.ActiveCfg = Release|x64
		{3FCDBAE2-5103-4350-9A8E-848CE9C73195}.Release|x64.Build.0 = Release|x64
		{3FCDBAE2-5103-4350-9A8E-848CE9C73195}.Release|x86.ActiveCfg = Release|Win32
		{3FCDBAE2-5103-4350-9A8E-848CE9C73195}.Release|x86.Build.0 = Release|Win32
		{3FCDBAE2-5103-4350-9A8E-848CE9C73195}.Tests|Any CPU.ActiveCfg = Release|x64
		{3FCDBAE2-5103-4350-9A8E-848CE9C73195}.Tests|Any CPU.Build.0 = Release|x64
		{3FCDBAE2-5103-4350-9A8E-848CE9C73195}.Tests|x64.ActiveCfg = Release|x64
		{3FCDBAE2-5103-4350-9A8E-848CE9C73195}.Tests|x64.Build.0 = Release|x64
		{3FCDBAE2-5103-4350-9A8E-848CE9C73195}.Tests|x86.ActiveCfg = Release|Win32
		{3FCDBAE2-5103-4350-9A8E-848CE9C73195}.Tests|x86.Build.0 = Release|Win32
		{533F1D30-D04D-47CC-AD71-20F658907E36}.Debug|Any CPU.ActiveCfg = Debug|Win32
		{533F1D30-D04D-47CC-AD71-20F658907E36}.Debug|x64.ActiveCfg = Debug|x64
		{533F1D30-D04D-47CC-AD71-20F658907E36}.Debug|x64.Build.0 = Debug|x64
		{533F1D30-D04D-47CC-AD71-20F658907E36}.Debug|x86.ActiveCfg = Debug|Win32
		{533F1D30-D04D-47CC-AD71-20F658907E36}.Debug|x86.Build.0 = Debug|Win32
		{533F1D30-D04D-47CC-AD71-20F658907E36}.Devel|Any CPU.ActiveCfg = Release|x64
		{533F1D30-D04D-47CC-AD71-20F658907E36}.Devel|Any CPU.Build.0 = Release|x64
		{533F1D30-D04D-47CC-AD71-20F658907E36}.Devel|x64.ActiveCfg = Debug|x64
		{533F1D30-D04D-47CC-AD71-20F658907E36}.Devel|x64.Build.0 = Debug|x64
		{533F1D30-D04D-47CC-AD71-20F658907E36}.Devel|x86.ActiveCfg = Debug|Win32
		{533F1D30-D04D-47CC-AD71-20F658907E36}.Devel|x86.Build.0 = Debug|Win32
		{533F1D30-D04D-47CC-AD71-20F658907E36}.Release|Any CPU.ActiveCfg = Release|Win32
		{533F1D30-D04D-47CC-AD71-20F658907E36}.Release|x64.ActiveCfg = Release|x64
		{533F1D30-D04D-47CC-AD71-20F658907E36}.Release|x64.Build.0 = Release|x64
		{533F1D30-D04D-47CC-AD71-20F658907E36}.Release|x86.ActiveCfg = Release|Win32
		{533F1D30-D04D-47CC-AD71-20F658907E36}.Release|x86.Build.0 = Release|Win32
		{533F1D30-D04D-47CC-AD71-20F658907E36}.Tests|Any CPU.ActiveCfg = Release|x64
		{533F1D30-D04D-47CC-AD71-20F658907E36}.Tests|Any CPU.Build.0 = Release|x64
		{533F1D30-D04D-47CC-AD71-20F658907E36}.Tests|x64.ActiveCfg = Release|x64
		{533F1D30-D04D-47CC-AD71-20F658907E36}.Tests|x64.Build.0 = Release|x64
		{533F1D30-D04D-47CC-AD71-20F658907E36}.Tests|x86.ActiveCfg = Release|Win32
		{533F1D30-D04D-47CC-AD71-20F658907E36}.Tests|x86.Build.0 = Release|Win32
		{BEB0A821-3C7F-410F-A525-63AFBC69BF8F}.Debug|Any CPU.ActiveCfg = Debug|Win32
		{BEB0A821-3C7F-410F-A525-63AFBC69BF8F}.Debug|x64.ActiveCfg = Debug|x64
		{BEB0A821-3C7F-410F-A525-63AFBC69BF8F}.Debug|x64.Build.0 = Debug|x64
		{BEB0A821-3C7F-410F-A525-63AFBC69BF8F}.Debug|x86.ActiveCfg = Debug|Win32
		{BEB0A821-3C7F-410F-A525-63AFBC69BF8F}.Debug|x86.Build.0 = Debug|Win32
		{BEB0A821-3C7F-410F-A525-63AFBC69BF8F}.Devel|Any CPU.ActiveCfg = Release|x64
		{BEB0A821-3C7F-410F-A525-63AFBC69BF8F}.Devel|Any CPU.Build.0 = Release|x64
		{BEB0A821-3C7F-410F-A525-63AFBC69BF8F}.Devel|x64.ActiveCfg = Debug|x64
		{BEB0A821-3C7F-410F-A525-63AFBC69BF8F}.Devel|x64.Build.0 = Debug|x64
		{BEB0A821-3C7F-410F-A525-63AFBC69BF8F}.Devel|x86.ActiveCfg = Debug|Win32
		{BEB0A821-3C7F-410F-A525-63AFBC69BF8F}.Devel|x86.Build.0 = Debug|Win32
		{BEB0A821-3C7F-410F-A525-63AFBC69BF8F}.Release|Any CPU.ActiveCfg = Release|Win32
		{BEB0A821-3C7F-410F-A525-63AFBC69BF8F}.Release|x64.ActiveCfg = Release|x64
		{BEB0A821-3C7F-410F-A525-63AFBC69BF8F}.Release|x64.Build.0 = Release|x64
		{BEB0A821-3C7F-410F-A525-63AFBC69BF8F}.Release|x86.ActiveCfg = Release|Win32
		{BEB0A821-3C7F-410F-A525-63AFBC69BF8F}.Release|x86.Build.0 = Release|Win32
		{BEB0A821-3C7F-410F-A525-63AFBC69BF8F}.Tests|Any CPU.ActiveCfg = Release|x64
		{BEB0A821-3C7F-410F-A525-63AFBC69BF8F}.Tests|Any CPU.Build.0 = Release|x64
		{BEB0A821-3C7F-410F-A525-63AFBC69BF8F}.Tests|x64.ActiveCfg = Release|x64
		{BEB0A821-3C7F-410F-A525-63AFBC69BF8F}.Tests|x64.Build.0 = Release|x64
		{BEB0A821-3C7F-410F-A525-63AFBC69BF8F}.Tests|x86.ActiveCfg = Release|Win32
		{BEB0A821-3C7F-410F-A525-63AFBC69BF8F}.Tests|x86.Build.0 = Release|Win32
		{EDFA2E87-8AC1-4853-95D4-D7594FF81947}.Debug|Any CPU.ActiveCfg = Debug|Win32
		{EDFA2E87-8AC1-4853-95D4-D7594FF81947}.Debug|x64.ActiveCfg = Debug|x64
		{EDFA2E87-8AC1-4853-95D4-D7594FF81947}.Debug|x64.Build.0 = Debug|x64
		{EDFA2E87-8AC1-4853-95D4-D7594FF81947}.Debug|x86.ActiveCfg = Debug|Win32
		{EDFA2E87-8AC1-4853-95D4-D7594FF81947}.Debug|x86.Build.0 = Debug|Win32
		{EDFA2E87-8AC1-4853-95D4-D7594FF81947}.Devel|Any CPU.ActiveCfg = Release|x64
		{EDFA2E87-8AC1-4853-95D4-D7594FF81947}.Devel|Any CPU.Build.0 = Release|x64
		{EDFA2E87-8AC1-4853-95D4-D7594FF81947}.Devel|x64.ActiveCfg = Debug|x64
		{EDFA2E87-8AC1-4853-95D4-D7594FF81947}.Devel|x64.Build.0 = Debug|x64
		{EDFA2E87-8AC1-4853-95D4-D7594FF81947}.Devel|x86.ActiveCfg = Debug|Win32
		{EDFA2E87-8AC1-4853-95D4-D7594FF81947}.Devel|x86.Build.0 = Debug|Win32
		{EDFA2E87-8AC1-4853-95D4-D7594FF81947}.Release|Any CPU.ActiveCfg = Release|Win32
		{EDFA2E87-8AC1-4853-95D4-D7594FF81947}.Release|x64.ActiveCfg = Release|x64
		{EDFA2E87-8AC1-4853-95D4-D7594FF81947}.Release|x64.Build.0 = Release|x64
		{EDFA2E87-8AC1-4853-95D4-D7594FF81947}.Release|x86.ActiveCfg = Release|Win32
		{EDFA2E87-8AC1-4853-95D4-D7594FF81947}.Release|x86.Build.0 = Release|Win32
		{EDFA2E87-8AC1-4853-95D4-D7594FF81947}.Tests|Any CPU.ActiveCfg = Release|x64
		{EDFA2E87-8AC1-4853-95D4-D7594FF81947}.Tests|Any CPU.Build.0 = Release|x64
		{EDFA2E87-8AC1-4853-95D4-D7594FF81947}.Tests|x64.ActiveCfg = Release|x64
		{EDFA2E87-8AC1-4853-95D4-D7594FF81947}.Tests|x64.Build.0 = Release|x64
		{EDFA2E87-8AC1-4853-95D4-D7594FF81947}.Tests|x86.ActiveCfg = Release|Win32
		{EDFA2E87-8AC1-4853-95D4-D7594FF81947}.Tests|x86.Build.0 = Release|Win32
		{457F45D2-556F-47BC-A31D-AFF0D15BEAED}.Debug|Any CPU.ActiveCfg = Debug|Win32
		{457F45D2-556F-47BC-A31D-AFF0D15BEAED}.Debug|x64.ActiveCfg = Debug|x64
		{457F45D2-556F-47BC-A31D-AFF0D15BEAED}.Debug|x64.Build.0 = Debug|x64
		{457F45D2-556F-47BC-A31D-AFF0D15BEAED}.Debug|x86.ActiveCfg = Debug|Win32
		{457F45D2-556F-47BC-A31D-AFF0D15BEAED}.Debug|x86.Build.0 = Debug|Win32
		{457F45D2-556F-47BC-A31D-AFF0D15BEAED}.Devel|Any CPU.ActiveCfg = Release|x64
		{457F45D2-556F-47BC-A31D-AFF0D15BEAED}.Devel|Any CPU.Build.0 = Release|x64
		{457F45D2-556F-47BC-A31D-AFF0D15BEAED}.Devel|x64.ActiveCfg = Debug|x64
		{457F45D2-556F-47BC-A31D-AFF0D15BEAED}.Devel|x64.Build.0 = Debug|x64
		{457F45D2-556F-47BC-A31D-AFF0D15BEAED}.Devel|x86.ActiveCfg = Debug|Win32
		{457F45D2-556F-47BC-A31D-AFF0D15BEAED}.Devel|x86.Build.0 = Debug|Win32
		{457F45D2-556F-47BC-A31D-AFF0D15BEAED}.Release|Any CPU.ActiveCfg = Release|Win32
		{457F45D2-556F-47BC-A31D-AFF0D15BEAED}.Release|x64.ActiveCfg = Release|x64
		{457F45D2-556F-47BC-A31D-AFF0D15BEAED}.Release|x64.Build.0 = Release|x64
		{457F45D2-556F-47BC-A31D-AFF0D15BEAED}.Release|x86.ActiveCfg = Release|Win32
		{457F45D2-556F-47BC-A31D-AFF0D15BEAED}.Release|x86.Build.0 = Release|Win32
		{457F45D2-556F-47BC-A31D-AFF0D15BEAED}.Tests|Any CPU.ActiveCfg = Release|x64
		{457F45D2-556F-47BC-A31D-AFF0D15BEAED}.Tests|Any CPU.Build.0 = Release|x64
		{457F45D2-556F-47BC-A31D-AFF0D15BEAED}.Tests|x64.ActiveCfg = Release|x64
		{457F45D2-556F-47BC-A31D-AFF0D15BEAED}.Tests|x64.Build.0 = Release|x64
		{457F45D2-556F-47BC-A31D-AFF0D15BEAED}.Tests|x86.ActiveCfg = Release|Win32
		{457F45D2-556F-47BC-A31D-AFF0D15BEAED}.Tests|x86.Build.0 = Release|Win32
		{129E5E2B-39C1-4D84-96FE-DFD22DBB4A25}.Debug|Any CPU.ActiveCfg = Debug|Win32
		{129E5E2B-39C1-4D84-96FE-DFD22DBB4A25}.Debug|x64.ActiveCfg = Debug|x64
		{129E5E2B-39C1-4D84-96FE-DFD22DBB4A25}.Debug|x64.Build.0 = Debug|x64
		{129E5E2B-39C1-4D84-96FE-DFD22DBB4A25}.Debug|x86.ActiveCfg = Debug|Win32
		{129E5E2B-39C1-4D84-96FE-DFD22DBB4A25}.Debug|x86.Build.0 = Debug|Win32
		{129E5E2B-39C1-4D84-96FE-DFD22DBB4A25}.Devel|Any CPU.ActiveCfg = Release|x64
		{129E5E2B-39C1-4D84-96FE-DFD22DBB4A25}.Devel|Any CPU.Build.0 = Release|x64
		{129E5E2B-39C1-4D84-96FE-DFD22DBB4A25}.Devel|x64.ActiveCfg = Debug|x64
		{129E5E2B-39C1-4D84-96FE-DFD22DBB4A25}.Devel|x64.Build.0 = Debug|x64
		{129E5E2B-39C1-4D84-96FE-DFD22DBB4A25}.Devel|x86.ActiveCfg = Debug|Win32
		{129E5E2B-39C1-4D84-96FE-DFD22DBB4A25}.Devel|x86.Build.0 = Debug|Win32
		{129E5E2B-39C1-4D84-96FE-DFD22DBB4A25}.Release|Any CPU.ActiveCfg = Release|Win32
		{129E5E2B-39C1-4D84-96FE-DFD22DBB4A25}.Release|x64.ActiveCfg = Release|x64
		{129E5E2B-39C1-4D84-96FE-DFD22DBB4A25}.Release|x64.Build.0 = Release|x64
		{129E5E2B-39C1-4D84-96FE-DFD22DBB4A25}.Release|x86.ActiveCfg = Release|Win32
		{129E5E2B-39C1-4D84-96FE-DFD22DBB4A25}.Release|x86.Build.0 = Release|Win32
		{129E5E2B-39C1-4D84-96FE-DFD22DBB4A25}.Tests|Any CPU.ActiveCfg = Tests|Win32
		{129E5E2B-39C1-4D84-96FE-DFD22DBB4A25}.Tests|x64.ActiveCfg = Tests|x64
		{129E5E2B-39C1-4D84-96FE-DFD22DBB4A25}.Tests|x64.Build.0 = Tests|x64
		{129E5E2B-39C1-4D84-96FE-DFD22DBB4A25}.Tests|x86.ActiveCfg = Tests|Win32
		{129E5E2B-39C1-4D84-96FE-DFD22DBB4A25}.Tests|x86.Build.0 = Tests|Win32
		{3BAAE095-E0AB-4B0E-B5DF-CE39C8AE31DE}.Debug|Any CPU.ActiveCfg = Debug|Win32
		{3BAAE095-E0AB-4B0E-B5DF-CE39C8AE31DE}.Debug|x64.ActiveCfg = Debug|x64
		{3BAAE095-E0AB-4B0E-B5DF-CE39C8AE31DE}.Debug|x64.Build.0 = Debug|x64
		{3BAAE095-E0AB-4B0E-B5DF-CE39C8AE31DE}.Debug|x86.ActiveCfg = Debug|Win32
		{3BAAE095-E0AB-4B0E-B5DF-CE39C8AE31DE}.Debug|x86.Build.0 = Debug|Win32
		{3BAAE095-E0AB-4B0E-B5DF-CE39C8AE31DE}.Devel|Any CPU.ActiveCfg = Release|x64
		{3BAAE095-E0AB-4B0E-B5DF-CE39C8AE31DE}.Devel|Any CPU.Build.0 = Release|x64
		{3BAAE095-E0AB-4B0E-B5DF-CE39C8AE31DE}.Devel|x64.ActiveCfg = Debug|x64
		{3BAAE095-E0AB-4B0E-B5DF-CE39C8AE31DE}.Devel|x64.Build.0 = Debug|x64
		{3BAAE095-E0AB-4B0E-B5DF-CE39C8AE31DE}.Devel|x86.ActiveCfg = Debug|Win32
		{3BAAE095-E0AB-4B0E-B5DF-CE39C8AE31DE}.Devel|x86.Build.0 = Debug|Win32
		{3BAAE095-E0AB-4B0E-B5DF-CE39C8AE31DE}.Release|Any CPU.ActiveCfg = Release|Win32
		{3BAAE095-E0AB-4B0E-B5DF-CE39C8AE31DE}.Release|x64.ActiveCfg = Release|x64
		{3BAAE095-E0AB-4B0E-B5DF-CE39C8AE31DE}.Release|x64.Build.0 = Release|x64
		{3BAAE095-E0AB-4B0E-B5DF-CE39C8AE31DE}.Release|x86.ActiveCfg = Release|Win32
		{3BAAE095-E0AB-4B0E-B5DF-CE39C8AE31DE}.Release|x86.Build.0 = Release|Win32
		{3BAAE095-E0AB-4B0E-B5DF-CE39C8AE31DE}.Tests|Any CPU.ActiveCfg = Release|x64
		{3BAAE095-E0AB-4B0E-B5DF-CE39C8AE31DE}.Tests|Any CPU.Build.0 = Release|x64
		{3BAAE095-E0AB-4B0E-B5DF-CE39C8AE31DE}.Tests|x64.ActiveCfg = Release|x64
		{3BAAE095-E0AB-4B0E-B5DF-CE39C8AE31DE}.Tests|x64.Build.0 = Release|x64
		{3BAAE095-E0AB-4B0E-B5DF-CE39C8AE31DE}.Tests|x86.ActiveCfg = Release|Win32
		{3BAAE095-E0AB-4B0E-B5DF-CE39C8AE31DE}.Tests|x86.Build.0 = Release|Win32
		{C4DF647E-80EA-4111-A0A8-218B1B711E18}.Debug|Any CPU.ActiveCfg = Debug|Win32
		{C4DF647E-80EA-4111-A0A8-218B1B711E18}.Debug|x64.ActiveCfg = Debug|x64
		{C4DF647E-80EA-4111-A0A8-218B1B711E18}.Debug|x64.Build.0 = Debug|x64
		{C4DF647E-80EA-4111-A0A8-218B1B711E18}.Debug|x86.ActiveCfg = Debug|Win32
		{C4DF647E-80EA-4111-A0A8-218B1B711E18}.Debug|x86.Build.0 = Debug|Win32
		{C4DF647E-80EA-4111-A0A8-218B1B711E18}.Devel|Any CPU.ActiveCfg = Release|x64
		{C4DF647E-80EA-4111-A0A8-218B1B711E18}.Devel|Any CPU.Build.0 = Release|x64
		{C4DF647E-80EA-4111-A0A8-218B1B711E18}.Devel|x64.ActiveCfg = Debug|x64
		{C4DF647E-80EA-4111-A0A8-218B1B711E18}.Devel|x64.Build.0 = Debug|x64
		{C4DF647E-80EA-4111-A0A8-218B1B711E18}.Devel|x86.ActiveCfg = Debug|Win32
		{C4DF647E-80EA-4111-A0A8-218B1B711E18}.Devel|x86.Build.0 = Debug|Win32
		{C4DF647E-80EA-4111-A0A8-218B1B711E18}.Release|Any CPU.ActiveCfg = Release|Win32
		{C4DF647E-80EA-4111-A0A8-218B1B711E18}.Release|x64.ActiveCfg = Release|x64
		{C4DF647E-80EA-4111-A0A8-218B1B711E18}.Release|x64.Build.0 = Release|x64
		{C4DF647E-80EA-4111-A0A8-218B1B711E18}.Release|x86.ActiveCfg = Release|Win32
		{C4DF647E-80EA-4111-A0A8-218B1B711E18}.Release|x86.Build.0 = Release|Win32
		{C4DF647E-80EA-4111-A0A8-218B1B711E18}.Tests|Any CPU.ActiveCfg = Release|x64
		{C4DF647E-80EA-4111-A0A8-218B1B711E18}.Tests|Any CPU.Build.0 = Release|x64
		{C4DF647E-80EA-4111-A0A8-218B1B711E18}.Tests|x64.ActiveCfg = Release|x64
		{C4DF647E-80EA-4111-A0A8-218B1B711E18}.Tests|x64.Build.0 = Release|x64
		{C4DF647E-80EA-4111-A0A8-218B1B711E18}.Tests|x86.ActiveCfg = Release|Win32
		{C4DF647E-80EA-4111-A0A8-218B1B711E18}.Tests|x86.Build.0 = Release|Win32
		{004B8D11-2BE3-4BD9-AB40-2BE04CF2096F}.Debug|Any CPU.ActiveCfg = Debug|Win32
		{004B8D11-2BE3-4BD9-AB40-2BE04CF2096F}.Debug|x64.ActiveCfg = Debug|x64
		{004B8D11-2BE3-4BD9-AB40-2BE04CF2096F}.Debug|x64.Build.0 = Debug|x64
		{004B8D11-2BE3-4BD9-AB40-2BE04CF2096F}.Debug|x86.ActiveCfg = Debug|Win32
		{004B8D11-2BE3-4BD9-AB40-2BE04CF2096F}.Debug|x86.Build.0 = Debug|Win32
		{004B8D11-2BE3-4BD9-AB40-2BE04CF2096F}.Devel|Any CPU.ActiveCfg = Release|x64
		{004B8D11-2BE3-4BD9-AB40-2BE04CF2096F}.Devel|Any CPU.Build.0 = Release|x64
		{004B8D11-2BE3-4BD9-AB40-2BE04CF2096F}.Devel|x64.ActiveCfg = Debug|x64
		{004B8D11-2BE3-4BD9-AB40-2BE04CF2096F}.Devel|x64.Build.0 = Debug|x64
		{004B8D11-2BE3-4BD9-AB40-2BE04CF2096F}.Devel|x86.ActiveCfg = Debug|Win32
		{004B8D11-2BE3-4BD9-AB40-2BE04CF2096F}.Devel|x86.Build.0 = Debug|Win32
		{004B8D11-2BE3-4BD9-AB40-2BE04CF2096F}.Release|Any CPU.ActiveCfg = Release|Win32
		{004B8D11-2BE3-4BD9-AB40-2BE04CF2096F}.Release|x64.ActiveCfg = Release|x64
		{004B8D11-2BE3-4BD9-AB40-2BE04CF2096F}.Release|x64.Build.0 = Release|x64
		{004B8D11-2BE3-4BD9-AB40-2BE04CF2096F}.Release|x86.ActiveCfg = Release|Win32
		{004B8D11-2BE3-4BD9-AB40-2BE04CF2096F}.Release|x86.Build.0 = Release|Win32
		{004B8D11-2BE3-4BD9-AB40-2BE04CF2096F}.Tests|Any CPU.ActiveCfg = Release|x64
		{004B8D11-2BE3-4BD9-AB40-2BE04CF2096F}.Tests|Any CPU.Build.0 = Release|x64
		{004B8D11-2BE3-4BD9-AB40-2BE04CF2096F}.Tests|x64.ActiveCfg = Release|x64
		{004B8D11-2BE3-4BD9-AB40-2BE04CF2096F}.Tests|x64.Build.0 = Release|x64
		{004B8D11-2BE3-4BD9-AB40-2BE04CF2096F}.Tests|x86.ActiveCfg = Release|Win32
		{004B8D11-2BE3-4BD9-AB40-2BE04CF2096F}.Tests|x86.Build.0 = Release|Win32
		{EE9BD869-CAA3-447D-8328-294D90DE2C1F}.Debug|Any CPU.ActiveCfg = Debug|Win32
		{EE9BD869-CAA3-447D-8328-294D90DE2C1F}.Debug|x64.ActiveCfg = Debug|x64
		{EE9BD869-CAA3-447D-8328-294D90DE2C1F}.Debug|x64.Build.0 = Debug|x64
		{EE9BD869-CAA3-447D-8328-294D90DE2C1F}.Debug|x86.ActiveCfg = Debug|Win32
		{EE9BD869-CAA3-447D-8328-294D90DE2C1F}.Debug|x86.Build.0 = Debug|Win32
		{EE9BD869-CAA3-447D-8328-294D90DE2C1F}.Devel|Any CPU.ActiveCfg = Release|x64
		{EE9BD869-CAA3-447D-8328-294D90DE2C1F}.Devel|Any CPU.Build.0 = Release|x64
		{EE9BD869-CAA3-447D-8328-294D90DE2C1F}.Devel|x64.ActiveCfg = Debug|x64
		{EE9BD869-CAA3-447D-8328-294D90DE2C1F}.Devel|x64.Build.0 = Debug|x64
		{EE9BD869-CAA3-447D-8328-294D90DE2C1F}.Devel|x86.ActiveCfg = Debug|Win32
		{EE9BD869-CAA3-447D-8328-294D90DE2C1F}.Devel|x86.Build.0 = Debug|Win32
		{EE9BD869-CAA3-447D-8328-294D90DE2C1F}.Release|Any CPU.ActiveCfg = Release|Win32
		{EE9BD869-CAA3-447D-8328-294D90DE2C1F}.Release|x64.ActiveCfg = Release|x64
		{EE9BD869-CAA3-447D-8328-294D90DE2C1F}.Release|x64.Build.0 = Release|x64
		{EE9BD869-CAA3-447D-8328-294D90DE2C1F}.Release|x86.ActiveCfg = Release|Win32
		{EE9BD869-CAA3-447D-8328-294D90DE2C1F}.Release|x86.Build.0 = Release|Win32
		{EE9BD869-CAA3-447D-8328-294D90DE2C1F}.Tests|Any CPU.ActiveCfg = Release|x64
		{EE9BD869-CAA3-447D-8328-294D90DE2C1F}.Tests|Any CPU.Build.0 = Release|x64
		{EE9BD869-CAA3-447D-8328-294D90DE2C1F}.Tests|x64.ActiveCfg = Release|x64
		{EE9BD869-CAA3-447D-8328-294D90DE2C1F}.Tests|x64.Build.0 = Release|x64
		{EE9BD869-CAA3-447D-8328-294D90DE2C1F}.Tests|x86.ActiveCfg = Release|Win32
		{EE9BD869-CAA3-447D-8328-294D90DE2C1F}.Tests|x86.Build.0 = Release|Win32
		{4328A62C-F1E9-47ED-B816-A1A81DAF4363}.Debug|Any CPU.ActiveCfg = Debug|Win32
		{4328A62C-F1E9-47ED-B816-A1A81DAF4363}.Debug|x64.ActiveCfg = Debug|x64
		{4328A62C-F1E9-47ED-B816-A1A81DAF4363}.Debug|x64.Build.0 = Debug|x64
		{4328A62C-F1E9-47ED-B816-A1A81DAF4363}.Debug|x86.ActiveCfg = Debug|Win32
		{4328A62C-F1E9-47ED-B816-A1A81DAF4363}.Debug|x86.Build.0 = Debug|Win32
		{4328A62C-F1E9-47ED-B816-A1A81DAF4363}.Devel|Any CPU.ActiveCfg = Release|x64
		{4328A62C-F1E9-47ED-B816-A1A81DAF4363}.Devel|Any CPU.Build.0 = Release|x64
		{4328A62C-F1E9-47ED-B816-A1A81DAF4363}.Devel|x64.ActiveCfg = Debug|x64
		{4328A62C-F1E9-47ED-B816-A1A81DAF4363}.Devel|x64.Build.0 = Debug|x64
		{4328A62C-F1E9-47ED-B816-A1A81DAF4363}.Devel|x86.ActiveCfg = Debug|Win32
		{4328A62C-F1E9-47ED-B816-A1A81DAF4363}.Devel|x86.Build.0 = Debug|Win32
		{4328A62C-F1E9-47ED-B816-A1A81DAF4363}.Release|Any CPU.ActiveCfg = Release|Win32
		{4328A62C-F1E9-47ED-B816-A1A81DAF4363}.Release|x64.ActiveCfg = Release|x64
		{4328A62C-F1E9-47ED-B816-A1A81DAF4363}.Release|x64.Build.0 = Release|x64
		{4328A62C-F1E9-47ED-B816-A1A81DAF4363}.Release|x86.ActiveCfg = Release|Win32
		{4328A62C-F1E9-47ED-B816-A1A81DAF4363}.Release|x86.Build.0 = Release|Win32
		{4328A62C-F1E9-47ED-B816-A1A81DAF4363}.Tests|Any CPU.ActiveCfg = Release|x64
		{4328A62C-F1E9-47ED-B816-A1A81DAF4363}.Tests|Any CPU.Build.0 = Release|x64
		{4328A62C-F1E9-47ED-B816-A1A81DAF4363}.Tests|x64.ActiveCfg = Release|x64
		{4328A62C-F1E9-47ED-B816-A1A81DAF4363}.Tests|x64.Build.0 = Release|x64
		{4328A62C-F1E9-47ED-B816-A1A81DAF4363}.Tests|x86.ActiveCfg = Release|Win32
		{4328A62C-F1E9-47ED-B816-A1A81DAF4363}.Tests|x86.Build.0 = Release|Win32
		{F761046E-6C38-4428-A5F1-38391A37BB34}.Debug|Any CPU.ActiveCfg = Debug|Win32
		{F761046E-6C38-4428-A5F1-38391A37BB34}.Debug|x64.ActiveCfg = Debug|x64
		{F761046E-6C38-4428-A5F1-38391A37BB34}.Debug|x64.Build.0 = Debug|x64
		{F761046E-6C38-4428-A5F1-38391A37BB34}.Debug|x86.ActiveCfg = Debug|Win32
		{F761046E-6C38-4428-A5F1-38391A37BB34}.Debug|x86.Build.0 = Debug|Win32
		{F761046E-6C38-4428-A5F1-38391A37BB34}.Devel|Any CPU.ActiveCfg = Release|x64
		{F761046E-6C38-4428-A5F1-38391A37BB34}.Devel|Any CPU.Build.0 = Release|x64
		{F761046E-6C38-4428-A5F1-38391A37BB34}.Devel|x64.ActiveCfg = Debug|x64
		{F761046E-6C38-4428-A5F1-38391A37BB34}.Devel|x64.Build.0 = Debug|x64
		{F761046E-6C38-4428-A5F1-38391A37BB34}.Devel|x86.ActiveCfg = Debug|Win32
		{F761046E-6C38-4428-A5F1-38391A37BB34}.Devel|x86.Build.0 = Debug|Win32
		{F761046E-6C38-4428-A5F1-38391A37BB34}.Release|Any CPU.ActiveCfg = Release|Win32
		{F761046E-6C38-4428-A5F1-38391A37BB34}.Release|x64.ActiveCfg = Release|x64
		{F761046E-6C38-4428-A5F1-38391A37BB34}.Release|x64.Build.0 = Release|x64
		{F761046E-6C38-4428-A5F1-38391A37BB34}.Release|x86.ActiveCfg = Release|Win32
		{F761046E-6C38-4428-A5F1-38391A37BB34}.Release|x86.Build.0 = Release|Win32
		{F761046E-6C38-4428-A5F1-38391A37BB34}.Tests|Any CPU.ActiveCfg = Release|x64
		{F761046E-6C38-4428-A5F1-38391A37BB34}.Tests|Any CPU.Build.0 = Release|x64
		{F761046E-6C38-4428-A5F1-38391A37BB34}.Tests|x64.ActiveCfg = Release|x64
		{F761046E-6C38-4428-A5F1-38391A37BB34}.Tests|x64.Build.0 = Release|x64
		{F761046E-6C38-4428-A5F1-38391A37BB34}.Tests|x86.ActiveCfg = Release|Win32
		{F761046E-6C38-4428-A5F1-38391A37BB34}.Tests|x86.Build.0 = Release|Win32
		{7ACEA7A9-ADCC-43AF-B2FB-9CAFC5A6CE69}.Debug|Any CPU.ActiveCfg = Debug|Win32
		{7ACEA7A9-ADCC-43AF-B2FB-9CAFC5A6CE69}.Debug|x64.ActiveCfg = Debug|x64
		{7ACEA7A9-ADCC-43AF-B2FB-9CAFC5A6CE69}.Debug|x64.Build.0 = Debug|x64
		{7ACEA7A9-ADCC-43AF-B2FB-9CAFC5A6CE69}.Debug|x86.ActiveCfg = Debug|Win32
		{7ACEA7A9-ADCC-43AF-B2FB-9CAFC5A6CE69}.Debug|x86.Build.0 = Debug|Win32
		{7ACEA7A9-ADCC-43AF-B2FB-9CAFC5A6CE69}.Devel|Any CPU.ActiveCfg = Release|x64
		{7ACEA7A9-ADCC-43AF-B2FB-9CAFC5A6CE69}.Devel|Any CPU.Build.0 = Release|x64
		{7ACEA7A9-ADCC-43AF-B2FB-9CAFC5A6CE69}.Devel|x64.ActiveCfg = Debug|x64
		{7ACEA7A9-ADCC-43AF-B2FB-9CAFC5A6CE69}.Devel|x64.Build.0 = Debug|x64
		{7ACEA7A9-ADCC-43AF-B2FB-9CAFC5A6CE69}.Devel|x86.ActiveCfg = Debug|Win32
		{7ACEA7A9-ADCC-43AF-B2FB-9CAFC5A6CE69}.Devel|x86.Build.0 = Debug|Win32
		{7ACEA7A9-ADCC-43AF-B2FB-9CAFC5A6CE69}.Release|Any CPU.ActiveCfg = Release|Win32
		{7ACEA7A9-ADCC-43AF-B2FB-9CAFC5A6CE69}.Release|x64.ActiveCfg = Release|x64
		{7ACEA7A9-ADCC-43AF-B2FB-9CAFC5A6CE69}.Release|x64.Build.0 = Release|x64
		{7ACEA7A9-ADCC-43AF-B2FB-9CAFC5A6CE69}.Release|x86.ActiveCfg = Release|Win32
		{7ACEA7A9-ADCC-43AF-B2FB-9CAFC5A6CE69}.Release|x86.Build.0 = Release|Win32
		{7ACEA7A9-ADCC-43AF-B2FB-9CAFC5A6CE69}.Tests|Any CPU.ActiveCfg = Release|x64
		{7ACEA7A9-ADCC-43AF-B2FB-9CAFC5A6CE69}.Tests|Any CPU.Build.0 = Release|x64
		{7ACEA7A9-ADCC-43AF-B2FB-9CAFC5A6CE69}.Tests|x64.ActiveCfg = Release|x64
		{7ACEA7A9-ADCC-43AF-B2FB-9CAFC5A6CE69}.Tests|x64.Build.0 = Release|x64
		{7ACEA7A9-ADCC-43AF-B2FB-9CAFC5A6CE69}.Tests|x86.ActiveCfg = Release|Win32
		{7ACEA7A9-ADCC-43AF-B2FB-9CAFC5A6CE69}.Tests|x86.Build.0 = Release|Win32
		{FCAF9CD9-47F8-4423-AEA1-656A326E10A0}.Debug|Any CPU.ActiveCfg = Debug|Win32
		{FCAF9CD9-47F8-4423-AEA1-656A326E10A0}.Debug|x64.ActiveCfg = Debug|x64
		{FCAF9CD9-47F8-4423-AEA1-656A326E10A0}.Debug|x64.Build.0 = Debug|x64
		{FCAF9CD9-47F8-4423-AEA1-656A326E10A0}.Debug|x86.ActiveCfg = Debug|Win32
		{FCAF9CD9-47F8-4423-AEA1-656A326E10A0}.Debug|x86.Build.0 = Debug|Win32
		{FCAF9CD9-47F8-4423-AEA1-656A326E10A0}.Devel|Any CPU.ActiveCfg = Release|x64
		{FCAF9CD9-47F8-4423-AEA1-656A326E10A0}.Devel|Any CPU.Build.0 = Release|x64
		{FCAF9CD9-47F8-4423-AEA1-656A326E10A0}.Devel|x64.ActiveCfg = Debug|x64
		{FCAF9CD9-47F8-4423-AEA1-656A326E10A0}.Devel|x64.Build.0 = Debug|x64
		{FCAF9CD9-47F8-4423-AEA1-656A326E10A0}.Devel|x86.ActiveCfg = Debug|Win32
		{FCAF9CD9-47F8-4423-AEA1-656A326E10A0}.Devel|x86.Build.0 = Debug|Win32
		{FCAF9CD9-47F8-4423-AEA1-656A326E10A0}.Release|Any CPU.ActiveCfg = Release|Win32
		{FCAF9CD9-47F8-4423-AEA1-656A326E10A0}.Release|x64.ActiveCfg = Release|x64
		{FCAF9CD9-47F8-4423-AEA1-656A326E10A0}.Release|x64.Build.0 = Release|x64
		{FCAF9CD9-47F8-4423-AEA1-656A326E10A0}.Release|x86.ActiveCfg = Release|Win32
		{FCAF9CD9-47F8-4423-AEA1-656A326E10A0}.Release|x86.Build.0 = Release|Win32
		{FCAF9CD9-47F8-4423-AEA1-656A326E10A0}.Tests|Any CPU.ActiveCfg = Release|x64
		{FCAF9CD9-47F8-4423-AEA1-656A326E10A0}.Tests|Any CPU.Build.0 = Release|x64
		{FCAF9CD9-47F8-4423-AEA1-656A326E10A0}.Tests|x64.ActiveCfg = Release|x64
		{FCAF9CD9-47F8-4423-AEA1-656A326E10A0}.Tests|x64.Build.0 = Release|x64
		{FCAF9CD9-47F8-4423-AEA1-656A326E10A0}.Tests|x86.ActiveCfg = Release|Win32
		{FCAF9CD9-47F8-4423-AEA1-656A326E10A0}.Tests|x86.Build.0 = Release|Win32
		{1691294C-24F6-452D-9554-FEB49C1C1C22}.Debug|Any CPU.ActiveCfg = Debug|Win32
		{1691294C-24F6-452D-9554-FEB49C1C1C22}.Debug|x64.ActiveCfg = Debug|x64
		{1691294C-24F6-452D-9554-FEB49C1C1C22}.Debug|x64.Build.0 = Debug|x64
		{1691294C-24F6-452D-9554-FEB49C1C1C22}.Debug|x86.ActiveCfg = Debug|Win32
		{1691294C-24F6-452D-9554-FEB49C1C1C22}.Debug|x86.Build.0 = Debug|Win32
		{1691294C-24F6-452D-9554-FEB49C1C1C22}.Devel|Any CPU.ActiveCfg = Release|x64
		{1691294C-24F6-452D-9554-FEB49C1C1C22}.Devel|Any CPU.Build.0 = Release|x64
		{1691294C-24F6-452D-9554-FEB49C1C1C22}.Devel|x64.ActiveCfg = Debug|x64
		{1691294C-24F6-452D-9554-FEB49C1C1C22}.Devel|x64.Build.0 = Debug|x64
		{1691294C-24F6-452D-9554-FEB49C1C1C22}.Devel|x86.ActiveCfg = Debug|Win32
		{1691294C-24F6-452D-9554-FEB49C1C1C22}.Devel|x86.Build.0 = Debug|Win32
		{1691294C-24F6-452D-9554-FEB49C1C1C22}.Release|Any CPU.ActiveCfg = Release|Win32
		{1691294C-24F6-452D-9554-FEB49C1C1C22}.Release|x64.ActiveCfg = Release|x64
		{1691294C-24F6-452D-9554-FEB49C1C1C22}.Release|x64.Build.0 = Release|x64
		{1691294C-24F6-452D-9554-FEB49C1C1C22}.Release|x86.ActiveCfg = Release|Win32
		{1691294C-24F6-452D-9554-FEB49C1C1C22}.Release|x86.Build.0 = Release|Win32
		{1691294C-24F6-452D-9554-FEB49C1C1C22}.Tests|Any CPU.ActiveCfg = Release|x64
		{1691294C-24F6-452D-9554-FEB49C1C1C22}.Tests|Any CPU.Build.0 = Release|x64
		{1691294C-24F6-452D-9554-FEB49C1C1C22}.Tests|x64.ActiveCfg = Release|x64
		{1691294C-24F6-452D-9554-FEB49C1C1C22}.Tests|x64.Build.0 = Release|x64
		{1691294C-24F6-452D-9554-FEB49C1C1C22}.Tests|x86.ActiveCfg = Release|Win32
		{1691294C-24F6-452D-9554-FEB49C1C1C22}.Tests|x86.Build.0 = Release|Win32
		{9EEA62F5-46DC-4C07-AFE1-F72F9D6B9E3E}.Debug|Any CPU.ActiveCfg = Debug|Win32
		{9EEA62F5-46DC-4C07-AFE1-F72F9D6B9E3E}.Debug|x64.ActiveCfg = Debug|Win32
		{9EEA62F5-46DC-4C07-AFE1-F72F9D6B9E3E}.Debug|x86.ActiveCfg = Debug|Win32
		{9EEA62F5-46DC-4C07-AFE1-F72F9D6B9E3E}.Debug|x86.Build.0 = Debug|Win32
		{9EEA62F5-46DC-4C07-AFE1-F72F9D6B9E3E}.Devel|Any CPU.ActiveCfg = Release|Win32
		{9EEA62F5-46DC-4C07-AFE1-F72F9D6B9E3E}.Devel|Any CPU.Build.0 = Release|Win32
		{9EEA62F5-46DC-4C07-AFE1-F72F9D6B9E3E}.Devel|x64.ActiveCfg = Release|Win32
		{9EEA62F5-46DC-4C07-AFE1-F72F9D6B9E3E}.Devel|x64.Build.0 = Release|Win32
		{9EEA62F5-46DC-4C07-AFE1-F72F9D6B9E3E}.Devel|x86.ActiveCfg = Debug|Win32
		{9EEA62F5-46DC-4C07-AFE1-F72F9D6B9E3E}.Devel|x86.Build.0 = Debug|Win32
		{9EEA62F5-46DC-4C07-AFE1-F72F9D6B9E3E}.Release|Any CPU.ActiveCfg = Release|Win32
		{9EEA62F5-46DC-4C07-AFE1-F72F9D6B9E3E}.Release|x64.ActiveCfg = Release|Win32
		{9EEA62F5-46DC-4C07-AFE1-F72F9D6B9E3E}.Release|x86.ActiveCfg = Release|Win32
		{9EEA62F5-46DC-4C07-AFE1-F72F9D6B9E3E}.Release|x86.Build.0 = Release|Win32
		{9EEA62F5-46DC-4C07-AFE1-F72F9D6B9E3E}.Tests|Any CPU.ActiveCfg = Release|Win32
		{9EEA62F5-46DC-4C07-AFE1-F72F9D6B9E3E}.Tests|Any CPU.Build.0 = Release|Win32
		{9EEA62F5-46DC-4C07-AFE1-F72F9D6B9E3E}.Tests|x64.ActiveCfg = Release|Win32
		{9EEA62F5-46DC-4C07-AFE1-F72F9D6B9E3E}.Tests|x64.Build.0 = Release|Win32
		{9EEA62F5-46DC-4C07-AFE1-F72F9D6B9E3E}.Tests|x86.ActiveCfg = Release|Win32
		{9EEA62F5-46DC-4C07-AFE1-F72F9D6B9E3E}.Tests|x86.Build.0 = Release|Win32
		{F57B00CD-8399-4683-901E-11FA09727AE5}.Debug|Any CPU.ActiveCfg = Debug|Win32
		{F57B00CD-8399-4683-901E-11FA09727AE5}.Debug|x64.ActiveCfg = Debug|Win32
		{F57B00CD-8399-4683-901E-11FA09727AE5}.Debug|x86.ActiveCfg = Debug|Win32
		{F57B00CD-8399-4683-901E-11FA09727AE5}.Debug|x86.Build.0 = Debug|Win32
		{F57B00CD-8399-4683-901E-11FA09727AE5}.Devel|Any CPU.ActiveCfg = Release|Win32
		{F57B00CD-8399-4683-901E-11FA09727AE5}.Devel|Any CPU.Build.0 = Release|Win32
		{F57B00CD-8399-4683-901E-11FA09727AE5}.Devel|x64.ActiveCfg = Release|Win32
		{F57B00CD-8399-4683-901E-11FA09727AE5}.Devel|x64.Build.0 = Release|Win32
		{F57B00CD-8399-4683-901E-11FA09727AE5}.Devel|x86.ActiveCfg = Debug|Win32
		{F57B00CD-8399-4683-901E-11FA09727AE5}.Devel|x86.Build.0 = Debug|Win32
		{F57B00CD-8399-4683-901E-11FA09727AE5}.Release|Any CPU.ActiveCfg = Release|Win32
		{F57B00CD-8399-4683-901E-11FA09727AE5}.Release|x64.ActiveCfg = Release|Win32
		{F57B00CD-8399-4683-901E-11FA09727AE5}.Release|x86.ActiveCfg = Release|Win32
		{F57B00CD-8399-4683-901E-11FA09727AE5}.Release|x86.Build.0 = Release|Win32
		{F57B00CD-8399-4683-901E-11FA09727AE5}.Tests|Any CPU.ActiveCfg = Release|Win32
		{F57B00CD-8399-4683-901E-11FA09727AE5}.Tests|Any CPU.Build.0 = Release|Win32
		{F57B00CD-8399-4683-901E-11FA09727AE5}.Tests|x64.ActiveCfg = Release|Win32
		{F57B00CD-8399-4683-901E-11FA09727AE5}.Tests|x64.Build.0 = Release|Win32
		{F57B00CD-8399-4683-901E-11FA09727AE5}.Tests|x86.ActiveCfg = Release|Win32
		{F57B00CD-8399-4683-901E-11FA09727AE5}.Tests|x86.Build.0 = Release|Win32
		{DB25BF63-9B9E-4A40-A45E-BBBA49AD6F22}.Debug|Any CPU.ActiveCfg = Debug|Win32
		{DB25BF63-9B9E-4A40-A45E-BBBA49AD6F22}.Debug|x64.ActiveCfg = Debug|Win32
		{DB25BF63-9B9E-4A40-A45E-BBBA49AD6F22}.Debug|x86.ActiveCfg = Debug|Win32
		{DB25BF63-9B9E-4A40-A45E-BBBA49AD6F22}.Debug|x86.Build.0 = Debug|Win32
		{DB25BF63-9B9E-4A40-A45E-BBBA49AD6F22}.Devel|Any CPU.ActiveCfg = Release|Win32
		{DB25BF63-9B9E-4A40-A45E-BBBA49AD6F22}.Devel|Any CPU.Build.0 = Release|Win32
		{DB25BF63-9B9E-4A40-A45E-BBBA49AD6F22}.Devel|x64.ActiveCfg = Release|Win32
		{DB25BF63-9B9E-4A40-A45E-BBBA49AD6F22}.Devel|x64.Build.0 = Release|Win32
		{DB25BF63-9B9E-4A40-A45E-BBBA49AD6F22}.Devel|x86.ActiveCfg = Debug|Win32
		{DB25BF63-9B9E-4A40-A45E-BBBA49AD6F22}.Devel|x86.Build.0 = Debug|Win32
		{DB25BF63-9B9E-4A40-A45E-BBBA49AD6F22}.Release|Any CPU.ActiveCfg = Release|Win32
		{DB25BF63-9B9E-4A40-A45E-BBBA49AD6F22}.Release|x64.ActiveCfg = Release|Win32
		{DB25BF63-9B9E-4A40-A45E-BBBA49AD6F22}.Release|x86.ActiveCfg = Release|Win32
		{DB25BF63-9B9E-4A40-A45E-BBBA49AD6F22}.Release|x86.Build.0 = Release|Win32
		{DB25BF63-9B9E-4A40-A45E-BBBA49AD6F22}.Tests|Any CPU.ActiveCfg = Release|Win32
		{DB25BF63-9B9E-4A40-A45E-BBBA49AD6F22}.Tests|Any CPU.Build.0 = Release|Win32
		{DB25BF63-9B9E-4A40-A45E-BBBA49AD6F22}.Tests|x64.ActiveCfg = Release|Win32
		{DB25BF63-9B9E-4A40-A45E-BBBA49AD6F22}.Tests|x64.Build.0 = Release|Win32
		{DB25BF63-9B9E-4A40-A45E-BBBA49AD6F22}.Tests|x86.ActiveCfg = Release|Win32
		{DB25BF63-9B9E-4A40-A45E-BBBA49AD6F22}.Tests|x86.Build.0 = Release|Win32
		{30F06328-DD64-4030-AF7A-19FBC74CF298}.Debug|Any CPU.ActiveCfg = Debug|Win32
		{30F06328-DD64-4030-AF7A-19FBC74CF298}.Debug|x64.ActiveCfg = Debug|Win32
		{30F06328-DD64-4030-AF7A-19FBC74CF298}.Debug|x86.ActiveCfg = Debug|Win32
		{30F06328-DD64-4030-AF7A-19FBC74CF298}.Debug|x86.Build.0 = Debug|Win32
		{30F06328-DD64-4030-AF7A-19FBC74CF298}.Devel|Any CPU.ActiveCfg = Release|Win32
		{30F06328-DD64-4030-AF7A-19FBC74CF298}.Devel|Any CPU.Build.0 = Release|Win32
		{30F06328-DD64-4030-AF7A-19FBC74CF298}.Devel|x64.ActiveCfg = Release|Win32
		{30F06328-DD64-4030-AF7A-19FBC74CF298}.Devel|x64.Build.0 = Release|Win32
		{30F06328-DD64-4030-AF7A-19FBC74CF298}.Devel|x86.ActiveCfg = Debug|Win32
		{30F06328-DD64-4030-AF7A-19FBC74CF298}.Devel|x86.Build.0 = Debug|Win32
		{30F06328-DD64-4030-AF7A-19FBC74CF298}.Release|Any CPU.ActiveCfg = Release|Win32
		{30F06328-DD64-4030-AF7A-19FBC74CF298}.Release|x64.ActiveCfg = Release|Win32
		{30F06328-DD64-4030-AF7A-19FBC74CF298}.Release|x86.ActiveCfg = Release|Win32
		{30F06328-DD64-4030-AF7A-19FBC74CF298}.Release|x86.Build.0 = Release|Win32
		{30F06328-DD64-4030-AF7A-19FBC74CF298}.Tests|Any CPU.ActiveCfg = Release|Win32
		{30F06328-DD64-4030-AF7A-19FBC74CF298}.Tests|Any CPU.Build.0 = Release|Win32
		{30F06328-DD64-4030-AF7A-19FBC74CF298}.Tests|x64.ActiveCfg = Release|Win32
		{30F06328-DD64-4030-AF7A-19FBC74CF298}.Tests|x64.Build.0 = Release|Win32
		{30F06328-DD64-4030-AF7A-19FBC74CF298}.Tests|x86.ActiveCfg = Release|Win32
		{30F06328-DD64-4030-AF7A-19FBC74CF298}.Tests|x86.Build.0 = Release|Win32
		{84BD3EF1-0C8A-451E-AA13-72F0BF7AC2F0}.Debug|Any CPU.ActiveCfg = Debug|Win32
		{84BD3EF1-0C8A-451E-AA13-72F0BF7AC2F0}.Debug|x64.ActiveCfg = Debug|x64
		{84BD3EF1-0C8A-451E-AA13-72F0BF7AC2F0}.Debug|x64.Build.0 = Debug|x64
		{84BD3EF1-0C8A-451E-AA13-72F0BF7AC2F0}.Debug|x86.ActiveCfg = Debug|Win32
		{84BD3EF1-0C8A-451E-AA13-72F0BF7AC2F0}.Debug|x86.Build.0 = Debug|Win32
		{84BD3EF1-0C8A-451E-AA13-72F0BF7AC2F0}.Devel|Any CPU.ActiveCfg = Release|x64
		{84BD3EF1-0C8A-451E-AA13-72F0BF7AC2F0}.Devel|Any CPU.Build.0 = Release|x64
		{84BD3EF1-0C8A-451E-AA13-72F0BF7AC2F0}.Devel|x64.ActiveCfg = Debug|x64
		{84BD3EF1-0C8A-451E-AA13-72F0BF7AC2F0}.Devel|x64.Build.0 = Debug|x64
		{84BD3EF1-0C8A-451E-AA13-72F0BF7AC2F0}.Devel|x86.ActiveCfg = Debug|Win32
		{84BD3EF1-0C8A-451E-AA13-72F0BF7AC2F0}.Devel|x86.Build.0 = Debug|Win32
		{84BD3EF1-0C8A-451E-AA13-72F0BF7AC2F0}.Release|Any CPU.ActiveCfg = Release|Win32
		{84BD3EF1-0C8A-451E-AA13-72F0BF7AC2F0}.Release|x64.ActiveCfg = Release|x64
		{84BD3EF1-0C8A-451E-AA13-72F0BF7AC2F0}.Release|x64.Build.0 = Release|x64
		{84BD3EF1-0C8A-451E-AA13-72F0BF7AC2F0}.Release|x86.ActiveCfg = Release|Win32
		{84BD3EF1-0C8A-451E-AA13-72F0BF7AC2F0}.Release|x86.Build.0 = Release|Win32
		{84BD3EF1-0C8A-451E-AA13-72F0BF7AC2F0}.Tests|Any CPU.ActiveCfg = Release|x64
		{84BD3EF1-0C8A-451E-AA13-72F0BF7AC2F0}.Tests|Any CPU.Build.0 = Release|x64
		{84BD3EF1-0C8A-451E-AA13-72F0BF7AC2F0}.Tests|x64.ActiveCfg = Release|x64
		{84BD3EF1-0C8A-451E-AA13-72F0BF7AC2F0}.Tests|x64.Build.0 = Release|x64
		{84BD3EF1-0C8A-451E-AA13-72F0BF7AC2F0}.Tests|x86.ActiveCfg = Release|Win32
		{84BD3EF1-0C8A-451E-AA13-72F0BF7AC2F0}.Tests|x86.Build.0 = Release|Win32
		{D6973076-9317-4EF2-A0B8-B7A18AC0713E}.Debug|Any CPU.ActiveCfg = Debug|Win32
		{D6973076-9317-4EF2-A0B8-B7A18AC0713E}.Debug|x64.ActiveCfg = Debug|x64
		{D6973076-9317-4EF2-A0B8-B7A18AC0713E}.Debug|x64.Build.0 = Debug|x64
		{D6973076-9317-4EF2-A0B8-B7A18AC0713E}.Debug|x86.ActiveCfg = Debug|Win32
		{D6973076-9317-4EF2-A0B8-B7A18AC0713E}.Debug|x86.Build.0 = Debug|Win32
		{D6973076-9317-4EF2-A0B8-B7A18AC0713E}.Devel|Any CPU.ActiveCfg = Devel|Win32
		{D6973076-9317-4EF2-A0B8-B7A18AC0713E}.Devel|x64.ActiveCfg = Devel|x64
		{D6973076-9317-4EF2-A0B8-B7A18AC0713E}.Devel|x64.Build.0 = Devel|x64
		{D6973076-9317-4EF2-A0B8-B7A18AC0713E}.Devel|x86.ActiveCfg = Devel|Win32
		{D6973076-9317-4EF2-A0B8-B7A18AC0713E}.Devel|x86.Build.0 = Devel|Win32
		{D6973076-9317-4EF2-A0B8-B7A18AC0713E}.Release|Any CPU.ActiveCfg = Release|Win32
		{D6973076-9317-4EF2-A0B8-B7A18AC0713E}.Release|x64.ActiveCfg = Release|x64
		{D6973076-9317-4EF2-A0B8-B7A18AC0713E}.Release|x64.Build.0 = Release|x64
		{D6973076-9317-4EF2-A0B8-B7A18AC0713E}.Release|x86.ActiveCfg = Release|Win32
		{D6973076-9317-4EF2-A0B8-B7A18AC0713E}.Release|x86.Build.0 = Release|Win32
		{D6973076-9317-4EF2-A0B8-B7A18AC0713E}.Tests|Any CPU.ActiveCfg = Release|x64
		{D6973076-9317-4EF2-A0B8-B7A18AC0713E}.Tests|Any CPU.Build.0 = Release|x64
		{D6973076-9317-4EF2-A0B8-B7A18AC0713E}.Tests|x64.ActiveCfg = Release|x64
		{D6973076-9317-4EF2-A0B8-B7A18AC0713E}.Tests|x64.Build.0 = Release|x64
		{D6973076-9317-4EF2-A0B8-B7A18AC0713E}.Tests|x86.ActiveCfg = Release|Win32
		{D6973076-9317-4EF2-A0B8-B7A18AC0713E}.Tests|x86.Build.0 = Release|Win32
	EndGlobalSection
	GlobalSection(SolutionProperties) = preSolution
		HideSolutionNode = FALSE
	EndGlobalSection
	GlobalSection(NestedProjects) = preSolution
		{86DD23C9-168A-42F7-B6F3-5547D80E1886} = {0349F7A1-B9A7-4B69-90DC-34C59F705692}
		{7331057D-D230-4588-A016-493824C12A40} = {0349F7A1-B9A7-4B69-90DC-34C59F705692}
		{6265C852-BCE0-4CDB-A21F-5D7A69C72F96} = {0349F7A1-B9A7-4B69-90DC-34C59F705692}
		{E5FE1E52-6785-4F5B-8303-7B18121DEF21} = {0349F7A1-B9A7-4B69-90DC-34C59F705692}
		{F71D4A23-0F7C-4EBD-9F50-D4813D658275} = {DD33EF76-B8D2-4760-BAE9-B022214B4E41}
		{0FAE817D-9A32-4830-857E-81DA57246E16} = {0349F7A1-B9A7-4B69-90DC-34C59F705692}
		{04439C5F-05FB-4A9C-AAD1-5388C25377DB} = {DD33EF76-B8D2-4760-BAE9-B022214B4E41}
		{BF7B81A5-E348-4F7C-A69F-F74C8EEEAD70} = {DD33EF76-B8D2-4760-BAE9-B022214B4E41}
		{3D0EB14D-32F3-4D82-9C6D-B806ADBB859C} = {DD33EF76-B8D2-4760-BAE9-B022214B4E41}
		{16F9E626-D944-4FC9-A47D-5007203157F8} = {DD33EF76-B8D2-4760-BAE9-B022214B4E41}
		{0B7751F1-C2D0-4124-950D-8BD9D1DE64C3} = {DD33EF76-B8D2-4760-BAE9-B022214B4E41}
		{18E42F6F-3A62-41EE-B42F-79366C4F1E95} = {DD33EF76-B8D2-4760-BAE9-B022214B4E41}
		{15F393DA-14A3-4DB2-8F12-4EF81ED5907D} = {0B4AC87E-1388-4B92-A4B4-DFA51D41A84A}
		{567AF8DB-42C1-4D08-96CD-D70A2DFEFC6B} = {BEFC5DD5-ECEB-4242-B925-F1983B27BE5A}
		{3FCDBAE2-5103-4350-9A8E-848CE9C73195} = {BEFC5DD5-ECEB-4242-B925-F1983B27BE5A}
		{533F1D30-D04D-47CC-AD71-20F658907E36} = {BEFC5DD5-ECEB-4242-B925-F1983B27BE5A}
		{BEB0A821-3C7F-410F-A525-63AFBC69BF8F} = {BEFC5DD5-ECEB-4242-B925-F1983B27BE5A}
		{EDFA2E87-8AC1-4853-95D4-D7594FF81947} = {BEFC5DD5-ECEB-4242-B925-F1983B27BE5A}
		{457F45D2-556F-47BC-A31D-AFF0D15BEAED} = {BEFC5DD5-ECEB-4242-B925-F1983B27BE5A}
		{129E5E2B-39C1-4D84-96FE-DFD22DBB4A25} = {BEFC5DD5-ECEB-4242-B925-F1983B27BE5A}
		{3BAAE095-E0AB-4B0E-B5DF-CE39C8AE31DE} = {BEFC5DD5-ECEB-4242-B925-F1983B27BE5A}
		{C4DF647E-80EA-4111-A0A8-218B1B711E18} = {BEFC5DD5-ECEB-4242-B925-F1983B27BE5A}
		{004B8D11-2BE3-4BD9-AB40-2BE04CF2096F} = {BEFC5DD5-ECEB-4242-B925-F1983B27BE5A}
		{EE9BD869-CAA3-447D-8328-294D90DE2C1F} = {BEFC5DD5-ECEB-4242-B925-F1983B27BE5A}
		{4328A62C-F1E9-47ED-B816-A1A81DAF4363} = {BEFC5DD5-ECEB-4242-B925-F1983B27BE5A}
		{F761046E-6C38-4428-A5F1-38391A37BB34} = {BEFC5DD5-ECEB-4242-B925-F1983B27BE5A}
		{FCAF9CD9-47F8-4423-AEA1-656A326E10A0} = {DD33EF76-B8D2-4760-BAE9-B022214B4E41}
		{1691294C-24F6-452D-9554-FEB49C1C1C22} = {0349F7A1-B9A7-4B69-90DC-34C59F705692}
		{9EEA62F5-46DC-4C07-AFE1-F72F9D6B9E3E} = {190A9086-093E-44C1-A044-A5E2086C346E}
		{F57B00CD-8399-4683-901E-11FA09727AE5} = {190A9086-093E-44C1-A044-A5E2086C346E}
		{DB25BF63-9B9E-4A40-A45E-BBBA49AD6F22} = {190A9086-093E-44C1-A044-A5E2086C346E}
		{30F06328-DD64-4030-AF7A-19FBC74CF298} = {190A9086-093E-44C1-A044-A5E2086C346E}
		{84BD3EF1-0C8A-451E-AA13-72F0BF7AC2F0} = {190A9086-093E-44C1-A044-A5E2086C346E}
		{D6973076-9317-4EF2-A0B8-B7A18AC0713E} = {0349F7A1-B9A7-4B69-90DC-34C59F705692}
	EndGlobalSection
	GlobalSection(ExtensibilityGlobals) = postSolution
		SolutionGuid = {6AE633B2-BC48-4737-9983-7DDE19DCF10D}
	EndGlobalSection
EndGlobal
