
Microsoft Visual Studio Solution File, Format Version 12.00
# Visual Studio 15
VisualStudioVersion = 15.0.28010.2046
MinimumVisualStudioVersion = 10.0.40219.1
Project("{2150E333-8FDC-42A3-9474-1A3956D46DE8}") = "Common", "Common", "{0349F7A1-B9A7-4B69-90DC-34C59F705692}"
EndProject
Project("{8BC9CEB8-8B4A-11D0-8D11-00A0C91BC942}") = "Framework", "Common\Framework\Framework.vcxproj", "{86DD23C9-168A-42F7-B6F3-5547D80E1886}"
EndProject
Project("{8BC9CEB8-8B4A-11D0-8D11-00A0C91BC942}") = "PugiXML", "Common\PugiXML\PugiXML.vcxproj", "{7331057D-D230-4588-A016-493824C12A40}"
EndProject
Project("{8BC9CEB8-8B4A-11D0-8D11-00A0C91BC942}") = "utilities", "Common\Utilities\utilities.vcxproj", "{6265C852-BCE0-4CDB-A21F-5D7A69C72F96}"
EndProject
Project("{8BC9CEB8-8B4A-11D0-8D11-00A0C91BC942}") = "zlib", "Common\zlib\zlib.vcxproj", "{E5FE1E52-6785-4F5B-8303-7B18121DEF21}"
EndProject
Project("{2150E333-8FDC-42A3-9474-1A3956D46DE8}") = "Emitters", "Emitters", "{0B4AC87E-1388-4B92-A4B4-DFA51D41A84A}"
EndProject
Project("{8BC9CEB8-8B4A-11D0-8D11-00A0C91BC942}") = "MemoryCard", "Modules\MemoryCard\MemoryCard.vcxproj", "{F71D4A23-0F7C-4EBD-9F50-D4813D658275}"
EndProject
Project("{8BC9CEB8-8B4A-11D0-8D11-00A0C91BC942}") = "pthreads4w", "Common\pthreads4w\build\pthreads4w.vcxproj", "{0FAE817D-9A32-4830-857E-81DA57246E16}"
EndProject
Project("{8BC9CEB8-8B4A-11D0-8D11-00A0C91BC942}") = "ZeroSPU2", "Modules\SPU2\Windows\ZeroSPU2.vcxproj", "{7F059854-568D-4E08-9D00-1E78E203E4DC}"
EndProject
Project("{8BC9CEB8-8B4A-11D0-8D11-00A0C91BC942}") = "DEV9null", "Modules\DEV9\Windows\DEV9null.vcxproj", "{04439C5F-05FB-4A9C-AAD1-5388C25377DB}"
EndProject
Project("{8BC9CEB8-8B4A-11D0-8D11-00A0C91BC942}") = "USBnull", "Modules\USBnull\Windows\USBnull.vcxproj", "{BF7B81A5-E348-4F7C-A69F-F74C8EEEAD70}"
EndProject
Project("{2150E333-8FDC-42A3-9474-1A3956D46DE8}") = "Modules", "Modules", "{DD33EF76-B8D2-4760-BAE9-B022214B4E41}"
EndProject
Project("{FAE04EC0-301F-11D3-BF4B-00C04F79EFBC}") = "Omega Red", "Omega Red\Omega Red.csproj", "{977AC4EF-573B-41B5-9DF7-929781BDD034}"
	ProjectSection(ProjectDependencies) = postProject
		{F71D4A23-0F7C-4EBD-9F50-D4813D658275} = {F71D4A23-0F7C-4EBD-9F50-D4813D658275}
		{16F9E626-D944-4FC9-A47D-5007203157F8} = {16F9E626-D944-4FC9-A47D-5007203157F8}
		{3D0EB14D-32F3-4D82-9C6D-B806ADBB859C} = {3D0EB14D-32F3-4D82-9C6D-B806ADBB859C}
		{C5A6704F-DD2C-46A8-9532-B168DC50DB7C} = {C5A6704F-DD2C-46A8-9532-B168DC50DB7C}
		{E5FE1E52-6785-4F5B-8303-7B18121DEF21} = {E5FE1E52-6785-4F5B-8303-7B18121DEF21}
		{6265C852-BCE0-4CDB-A21F-5D7A69C72F96} = {6265C852-BCE0-4CDB-A21F-5D7A69C72F96}
		{7F059854-568D-4E08-9D00-1E78E203E4DC} = {7F059854-568D-4E08-9D00-1E78E203E4DC}
		{04439C5F-05FB-4A9C-AAD1-5388C25377DB} = {04439C5F-05FB-4A9C-AAD1-5388C25377DB}
		{18E42F6F-3A62-41EE-B42F-79366C4F1E95} = {18E42F6F-3A62-41EE-B42F-79366C4F1E95}
		{7331057D-D230-4588-A016-493824C12A40} = {7331057D-D230-4588-A016-493824C12A40}
		{0FAE817D-9A32-4830-857E-81DA57246E16} = {0FAE817D-9A32-4830-857E-81DA57246E16}
		{BF7B81A5-E348-4F7C-A69F-F74C8EEEAD70} = {BF7B81A5-E348-4F7C-A69F-F74C8EEEAD70}
		{A063E3BB-E93C-436F-AAAE-0DC45D0E480D} = {A063E3BB-E93C-436F-AAAE-0DC45D0E480D}
		{86DD23C9-168A-42F7-B6F3-5547D80E1886} = {86DD23C9-168A-42F7-B6F3-5547D80E1886}
		{15F393DA-14A3-4DB2-8F12-4EF81ED5907D} = {15F393DA-14A3-4DB2-8F12-4EF81ED5907D}
		{0B7751F1-C2D0-4124-950D-8BD9D1DE64C3} = {0B7751F1-C2D0-4124-950D-8BD9D1DE64C3}
		{EB9A58F7-4C35-41FB-91F3-46B3EF309100} = {EB9A58F7-4C35-41FB-91F3-46B3EF309100}
	EndProjectSection
EndProject
Project("{8BC9CEB8-8B4A-11D0-8D11-00A0C91BC942}") = "FWnull", "Modules\FWnull\Windows\FWnull.vcxproj", "{3D0EB14D-32F3-4D82-9C6D-B806ADBB859C}"
EndProject
Project("{FAE04EC0-301F-11D3-BF4B-00C04F79EFBC}") = "MediaCapture", "MediaCapture\MediaCapture.csproj", "{C5A6704F-DD2C-46A8-9532-B168DC50DB7C}"
EndProject
Project("{8BC9CEB8-8B4A-11D0-8D11-00A0C91BC942}") = "Pad", "Modules\Pad\Pad.vcxproj", "{16F9E626-D944-4FC9-A47D-5007203157F8}"
EndProject
Project("{8BC9CEB8-8B4A-11D0-8D11-00A0C91BC942}") = "PCSX2Lib", "PCSX2Lib\PCSX2Lib.vcxproj", "{EB9A58F7-4C35-41FB-91F3-46B3EF309100}"
EndProject
Project("{8BC9CEB8-8B4A-11D0-8D11-00A0C91BC942}") = "CDVD", "Modules\CDVD\CDVD.vcxproj", "{0B7751F1-C2D0-4124-950D-8BD9D1DE64C3}"
EndProject
Project("{8BC9CEB8-8B4A-11D0-8D11-00A0C91BC942}") = "VideoRenderer", "Modules\VideoRenderer\VideoRenderer.vcxproj", "{18E42F6F-3A62-41EE-B42F-79366C4F1E95}"
EndProject
Project("{FAE04EC0-301F-11D3-BF4B-00C04F79EFBC}") = "MediaStream", "MediaStream\MediaStream.csproj", "{A063E3BB-E93C-436F-AAAE-0DC45D0E480D}"
EndProject
Project("{8BC9CEB8-8B4A-11D0-8D11-00A0C91BC942}") = "x86emitter", "Emitters\x86emitter\x86emitter.vcxproj", "{15F393DA-14A3-4DB2-8F12-4EF81ED5907D}"
EndProject
Global
	GlobalSection(SolutionConfigurationPlatforms) = preSolution
		Debug AVX2|Any CPU = Debug AVX2|Any CPU
		Debug AVX2|x64 = Debug AVX2|x64
		Debug AVX2|x86 = Debug AVX2|x86
		Debug SSE4|Any CPU = Debug SSE4|Any CPU
		Debug SSE4|x64 = Debug SSE4|x64
		Debug SSE4|x86 = Debug SSE4|x86
		Debug|Any CPU = Debug|Any CPU
		Debug|x64 = Debug|x64
		Debug|x86 = Debug|x86
		Devel|Any CPU = Devel|Any CPU
		Devel|x64 = Devel|x64
		Devel|x86 = Devel|x86
		Release AVX2|Any CPU = Release AVX2|Any CPU
		Release AVX2|x64 = Release AVX2|x64
		Release AVX2|x86 = Release AVX2|x86
		Release SSE4|Any CPU = Release SSE4|Any CPU
		Release SSE4|x64 = Release SSE4|x64
		Release SSE4|x86 = Release SSE4|x86
		Release|Any CPU = Release|Any CPU
		Release|x64 = Release|x64
		Release|x86 = Release|x86
	EndGlobalSection
	GlobalSection(ProjectConfigurationPlatforms) = postSolution
		{86DD23C9-168A-42F7-B6F3-5547D80E1886}.Debug AVX2|Any CPU.ActiveCfg = Debug|Win32
		{86DD23C9-168A-42F7-B6F3-5547D80E1886}.Debug AVX2|Any CPU.Build.0 = Debug|Win32
		{86DD23C9-168A-42F7-B6F3-5547D80E1886}.Debug AVX2|x64.ActiveCfg = Release|Win32
		{86DD23C9-168A-42F7-B6F3-5547D80E1886}.Debug AVX2|x64.Build.0 = Release|Win32
		{86DD23C9-168A-42F7-B6F3-5547D80E1886}.Debug AVX2|x86.ActiveCfg = Debug|Win32
		{86DD23C9-168A-42F7-B6F3-5547D80E1886}.Debug AVX2|x86.Build.0 = Debug|Win32
		{86DD23C9-168A-42F7-B6F3-5547D80E1886}.Debug SSE4|Any CPU.ActiveCfg = Debug|Win32
		{86DD23C9-168A-42F7-B6F3-5547D80E1886}.Debug SSE4|Any CPU.Build.0 = Debug|Win32
		{86DD23C9-168A-42F7-B6F3-5547D80E1886}.Debug SSE4|x64.ActiveCfg = Release|Win32
		{86DD23C9-168A-42F7-B6F3-5547D80E1886}.Debug SSE4|x64.Build.0 = Release|Win32
		{86DD23C9-168A-42F7-B6F3-5547D80E1886}.Debug SSE4|x86.ActiveCfg = Debug|Win32
		{86DD23C9-168A-42F7-B6F3-5547D80E1886}.Debug SSE4|x86.Build.0 = Debug|Win32
		{86DD23C9-168A-42F7-B6F3-5547D80E1886}.Debug|Any CPU.ActiveCfg = Debug|Win32
		{86DD23C9-168A-42F7-B6F3-5547D80E1886}.Debug|x64.ActiveCfg = Debug|Win32
		{86DD23C9-168A-42F7-B6F3-5547D80E1886}.Debug|x86.ActiveCfg = Debug|Win32
		{86DD23C9-168A-42F7-B6F3-5547D80E1886}.Debug|x86.Build.0 = Debug|Win32
		{86DD23C9-168A-42F7-B6F3-5547D80E1886}.Devel|Any CPU.ActiveCfg = Debug|Win32
		{86DD23C9-168A-42F7-B6F3-5547D80E1886}.Devel|Any CPU.Build.0 = Debug|Win32
		{86DD23C9-168A-42F7-B6F3-5547D80E1886}.Devel|x64.ActiveCfg = Release|Win32
		{86DD23C9-168A-42F7-B6F3-5547D80E1886}.Devel|x64.Build.0 = Release|Win32
		{86DD23C9-168A-42F7-B6F3-5547D80E1886}.Devel|x86.ActiveCfg = Release|Win32
		{86DD23C9-168A-42F7-B6F3-5547D80E1886}.Devel|x86.Build.0 = Debug|Win32
		{86DD23C9-168A-42F7-B6F3-5547D80E1886}.Release AVX2|Any CPU.ActiveCfg = Debug|Win32
		{86DD23C9-168A-42F7-B6F3-5547D80E1886}.Release AVX2|Any CPU.Build.0 = Debug|Win32
		{86DD23C9-168A-42F7-B6F3-5547D80E1886}.Release AVX2|x64.ActiveCfg = Release|Win32
		{86DD23C9-168A-42F7-B6F3-5547D80E1886}.Release AVX2|x64.Build.0 = Release|Win32
		{86DD23C9-168A-42F7-B6F3-5547D80E1886}.Release AVX2|x86.ActiveCfg = Release|Win32
		{86DD23C9-168A-42F7-B6F3-5547D80E1886}.Release AVX2|x86.Build.0 = Release|Win32
		{86DD23C9-168A-42F7-B6F3-5547D80E1886}.Release SSE4|Any CPU.ActiveCfg = Debug|Win32
		{86DD23C9-168A-42F7-B6F3-5547D80E1886}.Release SSE4|Any CPU.Build.0 = Debug|Win32
		{86DD23C9-168A-42F7-B6F3-5547D80E1886}.Release SSE4|x64.ActiveCfg = Release|Win32
		{86DD23C9-168A-42F7-B6F3-5547D80E1886}.Release SSE4|x64.Build.0 = Release|Win32
		{86DD23C9-168A-42F7-B6F3-5547D80E1886}.Release SSE4|x86.ActiveCfg = Release|Win32
		{86DD23C9-168A-42F7-B6F3-5547D80E1886}.Release SSE4|x86.Build.0 = Release|Win32
		{86DD23C9-168A-42F7-B6F3-5547D80E1886}.Release|Any CPU.ActiveCfg = Release|Win32
		{86DD23C9-168A-42F7-B6F3-5547D80E1886}.Release|x64.ActiveCfg = Release|Win32
		{86DD23C9-168A-42F7-B6F3-5547D80E1886}.Release|x86.ActiveCfg = Release|Win32
		{86DD23C9-168A-42F7-B6F3-5547D80E1886}.Release|x86.Build.0 = Release|Win32
		{7331057D-D230-4588-A016-493824C12A40}.Debug AVX2|Any CPU.ActiveCfg = Debug|Win32
		{7331057D-D230-4588-A016-493824C12A40}.Debug AVX2|Any CPU.Build.0 = Debug|Win32
		{7331057D-D230-4588-A016-493824C12A40}.Debug AVX2|x64.ActiveCfg = Release|Win32
		{7331057D-D230-4588-A016-493824C12A40}.Debug AVX2|x64.Build.0 = Release|Win32
		{7331057D-D230-4588-A016-493824C12A40}.Debug AVX2|x86.ActiveCfg = Debug|Win32
		{7331057D-D230-4588-A016-493824C12A40}.Debug AVX2|x86.Build.0 = Debug|Win32
		{7331057D-D230-4588-A016-493824C12A40}.Debug SSE4|Any CPU.ActiveCfg = Debug|Win32
		{7331057D-D230-4588-A016-493824C12A40}.Debug SSE4|Any CPU.Build.0 = Debug|Win32
		{7331057D-D230-4588-A016-493824C12A40}.Debug SSE4|x64.ActiveCfg = Release|Win32
		{7331057D-D230-4588-A016-493824C12A40}.Debug SSE4|x64.Build.0 = Release|Win32
		{7331057D-D230-4588-A016-493824C12A40}.Debug SSE4|x86.ActiveCfg = Debug|Win32
		{7331057D-D230-4588-A016-493824C12A40}.Debug SSE4|x86.Build.0 = Debug|Win32
		{7331057D-D230-4588-A016-493824C12A40}.Debug|Any CPU.ActiveCfg = Debug|Win32
		{7331057D-D230-4588-A016-493824C12A40}.Debug|x64.ActiveCfg = Debug|Win32
		{7331057D-D230-4588-A016-493824C12A40}.Debug|x86.ActiveCfg = Debug|Win32
		{7331057D-D230-4588-A016-493824C12A40}.Debug|x86.Build.0 = Debug|Win32
		{7331057D-D230-4588-A016-493824C12A40}.Devel|Any CPU.ActiveCfg = Debug|Win32
		{7331057D-D230-4588-A016-493824C12A40}.Devel|Any CPU.Build.0 = Debug|Win32
		{7331057D-D230-4588-A016-493824C12A40}.Devel|x64.ActiveCfg = Release|Win32
		{7331057D-D230-4588-A016-493824C12A40}.Devel|x64.Build.0 = Release|Win32
		{7331057D-D230-4588-A016-493824C12A40}.Devel|x86.ActiveCfg = Release|Win32
		{7331057D-D230-4588-A016-493824C12A40}.Devel|x86.Build.0 = Debug|Win32
		{7331057D-D230-4588-A016-493824C12A40}.Release AVX2|Any CPU.ActiveCfg = Debug|Win32
		{7331057D-D230-4588-A016-493824C12A40}.Release AVX2|Any CPU.Build.0 = Debug|Win32
		{7331057D-D230-4588-A016-493824C12A40}.Release AVX2|x64.ActiveCfg = Release|Win32
		{7331057D-D230-4588-A016-493824C12A40}.Release AVX2|x64.Build.0 = Release|Win32
		{7331057D-D230-4588-A016-493824C12A40}.Release AVX2|x86.ActiveCfg = Release|Win32
		{7331057D-D230-4588-A016-493824C12A40}.Release AVX2|x86.Build.0 = Release|Win32
		{7331057D-D230-4588-A016-493824C12A40}.Release SSE4|Any CPU.ActiveCfg = Debug|Win32
		{7331057D-D230-4588-A016-493824C12A40}.Release SSE4|Any CPU.Build.0 = Debug|Win32
		{7331057D-D230-4588-A016-493824C12A40}.Release SSE4|x64.ActiveCfg = Release|Win32
		{7331057D-D230-4588-A016-493824C12A40}.Release SSE4|x64.Build.0 = Release|Win32
		{7331057D-D230-4588-A016-493824C12A40}.Release SSE4|x86.ActiveCfg = Release|Win32
		{7331057D-D230-4588-A016-493824C12A40}.Release SSE4|x86.Build.0 = Release|Win32
		{7331057D-D230-4588-A016-493824C12A40}.Release|Any CPU.ActiveCfg = Release|Win32
		{7331057D-D230-4588-A016-493824C12A40}.Release|x64.ActiveCfg = Release|Win32
		{7331057D-D230-4588-A016-493824C12A40}.Release|x86.ActiveCfg = Release|Win32
		{7331057D-D230-4588-A016-493824C12A40}.Release|x86.Build.0 = Release|Win32
		{6265C852-BCE0-4CDB-A21F-5D7A69C72F96}.Debug AVX2|Any CPU.ActiveCfg = Release|x64
		{6265C852-BCE0-4CDB-A21F-5D7A69C72F96}.Debug AVX2|Any CPU.Build.0 = Release|x64
		{6265C852-BCE0-4CDB-A21F-5D7A69C72F96}.Debug AVX2|x64.ActiveCfg = Debug|x64
		{6265C852-BCE0-4CDB-A21F-5D7A69C72F96}.Debug AVX2|x64.Build.0 = Debug|x64
		{6265C852-BCE0-4CDB-A21F-5D7A69C72F96}.Debug AVX2|x86.ActiveCfg = Debug|Win32
		{6265C852-BCE0-4CDB-A21F-5D7A69C72F96}.Debug AVX2|x86.Build.0 = Debug|Win32
		{6265C852-BCE0-4CDB-A21F-5D7A69C72F96}.Debug SSE4|Any CPU.ActiveCfg = Release|x64
		{6265C852-BCE0-4CDB-A21F-5D7A69C72F96}.Debug SSE4|Any CPU.Build.0 = Release|x64
		{6265C852-BCE0-4CDB-A21F-5D7A69C72F96}.Debug SSE4|x64.ActiveCfg = Debug|x64
		{6265C852-BCE0-4CDB-A21F-5D7A69C72F96}.Debug SSE4|x64.Build.0 = Debug|x64
		{6265C852-BCE0-4CDB-A21F-5D7A69C72F96}.Debug SSE4|x86.ActiveCfg = Debug|Win32
		{6265C852-BCE0-4CDB-A21F-5D7A69C72F96}.Debug SSE4|x86.Build.0 = Debug|Win32
		{6265C852-BCE0-4CDB-A21F-5D7A69C72F96}.Debug|Any CPU.ActiveCfg = Debug|Win32
		{6265C852-BCE0-4CDB-A21F-5D7A69C72F96}.Debug|x64.ActiveCfg = Debug|x64
		{6265C852-BCE0-4CDB-A21F-5D7A69C72F96}.Debug|x64.Build.0 = Debug|x64
		{6265C852-BCE0-4CDB-A21F-5D7A69C72F96}.Debug|x86.ActiveCfg = Debug|Win32
		{6265C852-BCE0-4CDB-A21F-5D7A69C72F96}.Debug|x86.Build.0 = Debug|Win32
		{6265C852-BCE0-4CDB-A21F-5D7A69C72F96}.Devel|Any CPU.ActiveCfg = Devel|Win32
		{6265C852-BCE0-4CDB-A21F-5D7A69C72F96}.Devel|x64.ActiveCfg = Devel|x64
		{6265C852-BCE0-4CDB-A21F-5D7A69C72F96}.Devel|x64.Build.0 = Devel|x64
		{6265C852-BCE0-4CDB-A21F-5D7A69C72F96}.Devel|x86.ActiveCfg = Release|Win32
		{6265C852-BCE0-4CDB-A21F-5D7A69C72F96}.Devel|x86.Build.0 = Devel|Win32
		{6265C852-BCE0-4CDB-A21F-5D7A69C72F96}.Release AVX2|Any CPU.ActiveCfg = Release|x64
		{6265C852-BCE0-4CDB-A21F-5D7A69C72F96}.Release AVX2|Any CPU.Build.0 = Release|x64
		{6265C852-BCE0-4CDB-A21F-5D7A69C72F96}.Release AVX2|x64.ActiveCfg = Release|x64
		{6265C852-BCE0-4CDB-A21F-5D7A69C72F96}.Release AVX2|x64.Build.0 = Release|x64
		{6265C852-BCE0-4CDB-A21F-5D7A69C72F96}.Release AVX2|x86.ActiveCfg = Release|Win32
		{6265C852-BCE0-4CDB-A21F-5D7A69C72F96}.Release AVX2|x86.Build.0 = Release|Win32
		{6265C852-BCE0-4CDB-A21F-5D7A69C72F96}.Release SSE4|Any CPU.ActiveCfg = Release|x64
		{6265C852-BCE0-4CDB-A21F-5D7A69C72F96}.Release SSE4|Any CPU.Build.0 = Release|x64
		{6265C852-BCE0-4CDB-A21F-5D7A69C72F96}.Release SSE4|x64.ActiveCfg = Release|x64
		{6265C852-BCE0-4CDB-A21F-5D7A69C72F96}.Release SSE4|x64.Build.0 = Release|x64
		{6265C852-BCE0-4CDB-A21F-5D7A69C72F96}.Release SSE4|x86.ActiveCfg = Release|Win32
		{6265C852-BCE0-4CDB-A21F-5D7A69C72F96}.Release SSE4|x86.Build.0 = Release|Win32
		{6265C852-BCE0-4CDB-A21F-5D7A69C72F96}.Release|Any CPU.ActiveCfg = Release|Win32
		{6265C852-BCE0-4CDB-A21F-5D7A69C72F96}.Release|x64.ActiveCfg = Release|x64
		{6265C852-BCE0-4CDB-A21F-5D7A69C72F96}.Release|x64.Build.0 = Release|x64
		{6265C852-BCE0-4CDB-A21F-5D7A69C72F96}.Release|x86.ActiveCfg = Release|Win32
		{6265C852-BCE0-4CDB-A21F-5D7A69C72F96}.Release|x86.Build.0 = Release|Win32
		{E5FE1E52-6785-4F5B-8303-7B18121DEF21}.Debug AVX2|Any CPU.ActiveCfg = Release|x64
		{E5FE1E52-6785-4F5B-8303-7B18121DEF21}.Debug AVX2|Any CPU.Build.0 = Release|x64
		{E5FE1E52-6785-4F5B-8303-7B18121DEF21}.Debug AVX2|x64.ActiveCfg = Debug|x64
		{E5FE1E52-6785-4F5B-8303-7B18121DEF21}.Debug AVX2|x64.Build.0 = Debug|x64
		{E5FE1E52-6785-4F5B-8303-7B18121DEF21}.Debug AVX2|x86.ActiveCfg = Debug|Win32
		{E5FE1E52-6785-4F5B-8303-7B18121DEF21}.Debug AVX2|x86.Build.0 = Debug|Win32
		{E5FE1E52-6785-4F5B-8303-7B18121DEF21}.Debug SSE4|Any CPU.ActiveCfg = Release|x64
		{E5FE1E52-6785-4F5B-8303-7B18121DEF21}.Debug SSE4|Any CPU.Build.0 = Release|x64
		{E5FE1E52-6785-4F5B-8303-7B18121DEF21}.Debug SSE4|x64.ActiveCfg = Debug|x64
		{E5FE1E52-6785-4F5B-8303-7B18121DEF21}.Debug SSE4|x64.Build.0 = Debug|x64
		{E5FE1E52-6785-4F5B-8303-7B18121DEF21}.Debug SSE4|x86.ActiveCfg = Debug|Win32
		{E5FE1E52-6785-4F5B-8303-7B18121DEF21}.Debug SSE4|x86.Build.0 = Debug|Win32
		{E5FE1E52-6785-4F5B-8303-7B18121DEF21}.Debug|Any CPU.ActiveCfg = Debug|Win32
		{E5FE1E52-6785-4F5B-8303-7B18121DEF21}.Debug|x64.ActiveCfg = Debug|x64
		{E5FE1E52-6785-4F5B-8303-7B18121DEF21}.Debug|x64.Build.0 = Debug|x64
		{E5FE1E52-6785-4F5B-8303-7B18121DEF21}.Debug|x86.ActiveCfg = Debug|Win32
		{E5FE1E52-6785-4F5B-8303-7B18121DEF21}.Debug|x86.Build.0 = Debug|Win32
		{E5FE1E52-6785-4F5B-8303-7B18121DEF21}.Devel|Any CPU.ActiveCfg = Devel|Win32
		{E5FE1E52-6785-4F5B-8303-7B18121DEF21}.Devel|x64.ActiveCfg = Devel|x64
		{E5FE1E52-6785-4F5B-8303-7B18121DEF21}.Devel|x64.Build.0 = Devel|x64
		{E5FE1E52-6785-4F5B-8303-7B18121DEF21}.Devel|x86.ActiveCfg = Release|Win32
		{E5FE1E52-6785-4F5B-8303-7B18121DEF21}.Devel|x86.Build.0 = Devel|Win32
		{E5FE1E52-6785-4F5B-8303-7B18121DEF21}.Release AVX2|Any CPU.ActiveCfg = Release|x64
		{E5FE1E52-6785-4F5B-8303-7B18121DEF21}.Release AVX2|Any CPU.Build.0 = Release|x64
		{E5FE1E52-6785-4F5B-8303-7B18121DEF21}.Release AVX2|x64.ActiveCfg = Release|x64
		{E5FE1E52-6785-4F5B-8303-7B18121DEF21}.Release AVX2|x64.Build.0 = Release|x64
		{E5FE1E52-6785-4F5B-8303-7B18121DEF21}.Release AVX2|x86.ActiveCfg = Release|Win32
		{E5FE1E52-6785-4F5B-8303-7B18121DEF21}.Release AVX2|x86.Build.0 = Release|Win32
		{E5FE1E52-6785-4F5B-8303-7B18121DEF21}.Release SSE4|Any CPU.ActiveCfg = Release|x64
		{E5FE1E52-6785-4F5B-8303-7B18121DEF21}.Release SSE4|Any CPU.Build.0 = Release|x64
		{E5FE1E52-6785-4F5B-8303-7B18121DEF21}.Release SSE4|x64.ActiveCfg = Release|x64
		{E5FE1E52-6785-4F5B-8303-7B18121DEF21}.Release SSE4|x64.Build.0 = Release|x64
		{E5FE1E52-6785-4F5B-8303-7B18121DEF21}.Release SSE4|x86.ActiveCfg = Release|Win32
		{E5FE1E52-6785-4F5B-8303-7B18121DEF21}.Release SSE4|x86.Build.0 = Release|Win32
		{E5FE1E52-6785-4F5B-8303-7B18121DEF21}.Release|Any CPU.ActiveCfg = Release|Win32
		{E5FE1E52-6785-4F5B-8303-7B18121DEF21}.Release|x64.ActiveCfg = Release|x64
		{E5FE1E52-6785-4F5B-8303-7B18121DEF21}.Release|x64.Build.0 = Release|x64
		{E5FE1E52-6785-4F5B-8303-7B18121DEF21}.Release|x86.ActiveCfg = Release|Win32
		{E5FE1E52-6785-4F5B-8303-7B18121DEF21}.Release|x86.Build.0 = Release|Win32
		{F71D4A23-0F7C-4EBD-9F50-D4813D658275}.Debug AVX2|Any CPU.ActiveCfg = Debug|Win32
		{F71D4A23-0F7C-4EBD-9F50-D4813D658275}.Debug AVX2|Any CPU.Build.0 = Debug|Win32
		{F71D4A23-0F7C-4EBD-9F50-D4813D658275}.Debug AVX2|x64.ActiveCfg = Release|Win32
		{F71D4A23-0F7C-4EBD-9F50-D4813D658275}.Debug AVX2|x64.Build.0 = Release|Win32
		{F71D4A23-0F7C-4EBD-9F50-D4813D658275}.Debug AVX2|x86.ActiveCfg = Debug|Win32
		{F71D4A23-0F7C-4EBD-9F50-D4813D658275}.Debug AVX2|x86.Build.0 = Debug|Win32
		{F71D4A23-0F7C-4EBD-9F50-D4813D658275}.Debug SSE4|Any CPU.ActiveCfg = Debug|Win32
		{F71D4A23-0F7C-4EBD-9F50-D4813D658275}.Debug SSE4|Any CPU.Build.0 = Debug|Win32
		{F71D4A23-0F7C-4EBD-9F50-D4813D658275}.Debug SSE4|x64.ActiveCfg = Release|Win32
		{F71D4A23-0F7C-4EBD-9F50-D4813D658275}.Debug SSE4|x64.Build.0 = Release|Win32
		{F71D4A23-0F7C-4EBD-9F50-D4813D658275}.Debug SSE4|x86.ActiveCfg = Debug|Win32
		{F71D4A23-0F7C-4EBD-9F50-D4813D658275}.Debug SSE4|x86.Build.0 = Debug|Win32
		{F71D4A23-0F7C-4EBD-9F50-D4813D658275}.Debug|Any CPU.ActiveCfg = Debug|Win32
		{F71D4A23-0F7C-4EBD-9F50-D4813D658275}.Debug|x64.ActiveCfg = Debug|Win32
		{F71D4A23-0F7C-4EBD-9F50-D4813D658275}.Debug|x86.ActiveCfg = Debug|Win32
		{F71D4A23-0F7C-4EBD-9F50-D4813D658275}.Debug|x86.Build.0 = Debug|Win32
		{F71D4A23-0F7C-4EBD-9F50-D4813D658275}.Devel|Any CPU.ActiveCfg = Debug|Win32
		{F71D4A23-0F7C-4EBD-9F50-D4813D658275}.Devel|Any CPU.Build.0 = Debug|Win32
		{F71D4A23-0F7C-4EBD-9F50-D4813D658275}.Devel|x64.ActiveCfg = Release|Win32
		{F71D4A23-0F7C-4EBD-9F50-D4813D658275}.Devel|x64.Build.0 = Release|Win32
		{F71D4A23-0F7C-4EBD-9F50-D4813D658275}.Devel|x86.ActiveCfg = Release|Win32
		{F71D4A23-0F7C-4EBD-9F50-D4813D658275}.Devel|x86.Build.0 = Debug|Win32
		{F71D4A23-0F7C-4EBD-9F50-D4813D658275}.Release AVX2|Any CPU.ActiveCfg = Debug|Win32
		{F71D4A23-0F7C-4EBD-9F50-D4813D658275}.Release AVX2|Any CPU.Build.0 = Debug|Win32
		{F71D4A23-0F7C-4EBD-9F50-D4813D658275}.Release AVX2|x64.ActiveCfg = Release|Win32
		{F71D4A23-0F7C-4EBD-9F50-D4813D658275}.Release AVX2|x64.Build.0 = Release|Win32
		{F71D4A23-0F7C-4EBD-9F50-D4813D658275}.Release AVX2|x86.ActiveCfg = Release|Win32
		{F71D4A23-0F7C-4EBD-9F50-D4813D658275}.Release AVX2|x86.Build.0 = Release|Win32
		{F71D4A23-0F7C-4EBD-9F50-D4813D658275}.Release SSE4|Any CPU.ActiveCfg = Debug|Win32
		{F71D4A23-0F7C-4EBD-9F50-D4813D658275}.Release SSE4|Any CPU.Build.0 = Debug|Win32
		{F71D4A23-0F7C-4EBD-9F50-D4813D658275}.Release SSE4|x64.ActiveCfg = Release|Win32
		{F71D4A23-0F7C-4EBD-9F50-D4813D658275}.Release SSE4|x64.Build.0 = Release|Win32
		{F71D4A23-0F7C-4EBD-9F50-D4813D658275}.Release SSE4|x86.ActiveCfg = Release|Win32
		{F71D4A23-0F7C-4EBD-9F50-D4813D658275}.Release SSE4|x86.Build.0 = Release|Win32
		{F71D4A23-0F7C-4EBD-9F50-D4813D658275}.Release|Any CPU.ActiveCfg = Release|Win32
		{F71D4A23-0F7C-4EBD-9F50-D4813D658275}.Release|x64.ActiveCfg = Release|Win32
		{F71D4A23-0F7C-4EBD-9F50-D4813D658275}.Release|x86.ActiveCfg = Release|Win32
		{F71D4A23-0F7C-4EBD-9F50-D4813D658275}.Release|x86.Build.0 = Release|Win32
		{0FAE817D-9A32-4830-857E-81DA57246E16}.Debug AVX2|Any CPU.ActiveCfg = Release|x64
		{0FAE817D-9A32-4830-857E-81DA57246E16}.Debug AVX2|Any CPU.Build.0 = Release|x64
		{0FAE817D-9A32-4830-857E-81DA57246E16}.Debug AVX2|x64.ActiveCfg = Debug|x64
		{0FAE817D-9A32-4830-857E-81DA57246E16}.Debug AVX2|x64.Build.0 = Debug|x64
		{0FAE817D-9A32-4830-857E-81DA57246E16}.Debug AVX2|x86.ActiveCfg = Debug|Win32
		{0FAE817D-9A32-4830-857E-81DA57246E16}.Debug AVX2|x86.Build.0 = Debug|Win32
		{0FAE817D-9A32-4830-857E-81DA57246E16}.Debug SSE4|Any CPU.ActiveCfg = Release|x64
		{0FAE817D-9A32-4830-857E-81DA57246E16}.Debug SSE4|Any CPU.Build.0 = Release|x64
		{0FAE817D-9A32-4830-857E-81DA57246E16}.Debug SSE4|x64.ActiveCfg = Debug|x64
		{0FAE817D-9A32-4830-857E-81DA57246E16}.Debug SSE4|x64.Build.0 = Debug|x64
		{0FAE817D-9A32-4830-857E-81DA57246E16}.Debug SSE4|x86.ActiveCfg = Debug|Win32
		{0FAE817D-9A32-4830-857E-81DA57246E16}.Debug SSE4|x86.Build.0 = Debug|Win32
		{0FAE817D-9A32-4830-857E-81DA57246E16}.Debug|Any CPU.ActiveCfg = Debug|Win32
		{0FAE817D-9A32-4830-857E-81DA57246E16}.Debug|x64.ActiveCfg = Debug|x64
		{0FAE817D-9A32-4830-857E-81DA57246E16}.Debug|x64.Build.0 = Debug|x64
		{0FAE817D-9A32-4830-857E-81DA57246E16}.Debug|x86.ActiveCfg = Debug|Win32
		{0FAE817D-9A32-4830-857E-81DA57246E16}.Debug|x86.Build.0 = Debug|Win32
		{0FAE817D-9A32-4830-857E-81DA57246E16}.Devel|Any CPU.ActiveCfg = Devel|Win32
		{0FAE817D-9A32-4830-857E-81DA57246E16}.Devel|x64.ActiveCfg = Devel|x64
		{0FAE817D-9A32-4830-857E-81DA57246E16}.Devel|x64.Build.0 = Devel|x64
		{0FAE817D-9A32-4830-857E-81DA57246E16}.Devel|x86.ActiveCfg = Release|Win32
		{0FAE817D-9A32-4830-857E-81DA57246E16}.Devel|x86.Build.0 = Devel|Win32
		{0FAE817D-9A32-4830-857E-81DA57246E16}.Release AVX2|Any CPU.ActiveCfg = Release|x64
		{0FAE817D-9A32-4830-857E-81DA57246E16}.Release AVX2|Any CPU.Build.0 = Release|x64
		{0FAE817D-9A32-4830-857E-81DA57246E16}.Release AVX2|x64.ActiveCfg = Release|x64
		{0FAE817D-9A32-4830-857E-81DA57246E16}.Release AVX2|x64.Build.0 = Release|x64
		{0FAE817D-9A32-4830-857E-81DA57246E16}.Release AVX2|x86.ActiveCfg = Release|Win32
		{0FAE817D-9A32-4830-857E-81DA57246E16}.Release AVX2|x86.Build.0 = Release|Win32
		{0FAE817D-9A32-4830-857E-81DA57246E16}.Release SSE4|Any CPU.ActiveCfg = Release|x64
		{0FAE817D-9A32-4830-857E-81DA57246E16}.Release SSE4|Any CPU.Build.0 = Release|x64
		{0FAE817D-9A32-4830-857E-81DA57246E16}.Release SSE4|x64.ActiveCfg = Release|x64
		{0FAE817D-9A32-4830-857E-81DA57246E16}.Release SSE4|x64.Build.0 = Release|x64
		{0FAE817D-9A32-4830-857E-81DA57246E16}.Release SSE4|x86.ActiveCfg = Release|Win32
		{0FAE817D-9A32-4830-857E-81DA57246E16}.Release SSE4|x86.Build.0 = Release|Win32
		{0FAE817D-9A32-4830-857E-81DA57246E16}.Release|Any CPU.ActiveCfg = Release|Win32
		{0FAE817D-9A32-4830-857E-81DA57246E16}.Release|x64.ActiveCfg = Release|x64
		{0FAE817D-9A32-4830-857E-81DA57246E16}.Release|x64.Build.0 = Release|x64
		{0FAE817D-9A32-4830-857E-81DA57246E16}.Release|x86.ActiveCfg = Release|Win32
		{0FAE817D-9A32-4830-857E-81DA57246E16}.Release|x86.Build.0 = Release|Win32
		{7F059854-568D-4E08-9D00-1E78E203E4DC}.Debug AVX2|Any CPU.ActiveCfg = Devel|Win32
		{7F059854-568D-4E08-9D00-1E78E203E4DC}.Debug AVX2|Any CPU.Build.0 = Devel|Win32
		{7F059854-568D-4E08-9D00-1E78E203E4DC}.Debug AVX2|x64.ActiveCfg = Release|Win32
		{7F059854-568D-4E08-9D00-1E78E203E4DC}.Debug AVX2|x64.Build.0 = Release|Win32
		{7F059854-568D-4E08-9D00-1E78E203E4DC}.Debug AVX2|x86.ActiveCfg = Debug|Win32
		{7F059854-568D-4E08-9D00-1E78E203E4DC}.Debug AVX2|x86.Build.0 = Debug|Win32
		{7F059854-568D-4E08-9D00-1E78E203E4DC}.Debug SSE4|Any CPU.ActiveCfg = Devel|Win32
		{7F059854-568D-4E08-9D00-1E78E203E4DC}.Debug SSE4|Any CPU.Build.0 = Devel|Win32
		{7F059854-568D-4E08-9D00-1E78E203E4DC}.Debug SSE4|x64.ActiveCfg = Release|Win32
		{7F059854-568D-4E08-9D00-1E78E203E4DC}.Debug SSE4|x64.Build.0 = Release|Win32
		{7F059854-568D-4E08-9D00-1E78E203E4DC}.Debug SSE4|x86.ActiveCfg = Debug|Win32
		{7F059854-568D-4E08-9D00-1E78E203E4DC}.Debug SSE4|x86.Build.0 = Debug|Win32
		{7F059854-568D-4E08-9D00-1E78E203E4DC}.Debug|Any CPU.ActiveCfg = Debug|Win32
		{7F059854-568D-4E08-9D00-1E78E203E4DC}.Debug|x64.ActiveCfg = Debug|Win32
		{7F059854-568D-4E08-9D00-1E78E203E4DC}.Debug|x86.ActiveCfg = Debug|Win32
		{7F059854-568D-4E08-9D00-1E78E203E4DC}.Debug|x86.Build.0 = Debug|Win32
		{7F059854-568D-4E08-9D00-1E78E203E4DC}.Devel|Any CPU.ActiveCfg = Devel|Win32
		{7F059854-568D-4E08-9D00-1E78E203E4DC}.Devel|x64.ActiveCfg = Devel|Win32
		{7F059854-568D-4E08-9D00-1E78E203E4DC}.Devel|x86.ActiveCfg = Release|Win32
		{7F059854-568D-4E08-9D00-1E78E203E4DC}.Devel|x86.Build.0 = Devel|Win32
		{7F059854-568D-4E08-9D00-1E78E203E4DC}.Release AVX2|Any CPU.ActiveCfg = Devel|Win32
		{7F059854-568D-4E08-9D00-1E78E203E4DC}.Release AVX2|Any CPU.Build.0 = Devel|Win32
		{7F059854-568D-4E08-9D00-1E78E203E4DC}.Release AVX2|x64.ActiveCfg = Release|Win32
		{7F059854-568D-4E08-9D00-1E78E203E4DC}.Release AVX2|x64.Build.0 = Release|Win32
		{7F059854-568D-4E08-9D00-1E78E203E4DC}.Release AVX2|x86.ActiveCfg = Release|Win32
		{7F059854-568D-4E08-9D00-1E78E203E4DC}.Release AVX2|x86.Build.0 = Release|Win32
		{7F059854-568D-4E08-9D00-1E78E203E4DC}.Release SSE4|Any CPU.ActiveCfg = Devel|Win32
		{7F059854-568D-4E08-9D00-1E78E203E4DC}.Release SSE4|Any CPU.Build.0 = Devel|Win32
		{7F059854-568D-4E08-9D00-1E78E203E4DC}.Release SSE4|x64.ActiveCfg = Release|Win32
		{7F059854-568D-4E08-9D00-1E78E203E4DC}.Release SSE4|x64.Build.0 = Release|Win32
		{7F059854-568D-4E08-9D00-1E78E203E4DC}.Release SSE4|x86.ActiveCfg = Release|Win32
		{7F059854-568D-4E08-9D00-1E78E203E4DC}.Release SSE4|x86.Build.0 = Release|Win32
		{7F059854-568D-4E08-9D00-1E78E203E4DC}.Release|Any CPU.ActiveCfg = Release|Win32
		{7F059854-568D-4E08-9D00-1E78E203E4DC}.Release|x64.ActiveCfg = Release|Win32
		{7F059854-568D-4E08-9D00-1E78E203E4DC}.Release|x86.ActiveCfg = Release|Win32
		{7F059854-568D-4E08-9D00-1E78E203E4DC}.Release|x86.Build.0 = Release|Win32
		{04439C5F-05FB-4A9C-AAD1-5388C25377DB}.Debug AVX2|Any CPU.ActiveCfg = Release|x64
		{04439C5F-05FB-4A9C-AAD1-5388C25377DB}.Debug AVX2|Any CPU.Build.0 = Release|x64
		{04439C5F-05FB-4A9C-AAD1-5388C25377DB}.Debug AVX2|x64.ActiveCfg = Debug|x64
		{04439C5F-05FB-4A9C-AAD1-5388C25377DB}.Debug AVX2|x64.Build.0 = Debug|x64
		{04439C5F-05FB-4A9C-AAD1-5388C25377DB}.Debug AVX2|x86.ActiveCfg = Debug|Win32
		{04439C5F-05FB-4A9C-AAD1-5388C25377DB}.Debug AVX2|x86.Build.0 = Debug|Win32
		{04439C5F-05FB-4A9C-AAD1-5388C25377DB}.Debug SSE4|Any CPU.ActiveCfg = Release|x64
		{04439C5F-05FB-4A9C-AAD1-5388C25377DB}.Debug SSE4|Any CPU.Build.0 = Release|x64
		{04439C5F-05FB-4A9C-AAD1-5388C25377DB}.Debug SSE4|x64.ActiveCfg = Debug|x64
		{04439C5F-05FB-4A9C-AAD1-5388C25377DB}.Debug SSE4|x64.Build.0 = Debug|x64
		{04439C5F-05FB-4A9C-AAD1-5388C25377DB}.Debug SSE4|x86.ActiveCfg = Debug|Win32
		{04439C5F-05FB-4A9C-AAD1-5388C25377DB}.Debug SSE4|x86.Build.0 = Debug|Win32
		{04439C5F-05FB-4A9C-AAD1-5388C25377DB}.Debug|Any CPU.ActiveCfg = Debug|Win32
		{04439C5F-05FB-4A9C-AAD1-5388C25377DB}.Debug|x64.ActiveCfg = Debug|x64
		{04439C5F-05FB-4A9C-AAD1-5388C25377DB}.Debug|x64.Build.0 = Debug|x64
		{04439C5F-05FB-4A9C-AAD1-5388C25377DB}.Debug|x86.ActiveCfg = Debug|Win32
		{04439C5F-05FB-4A9C-AAD1-5388C25377DB}.Debug|x86.Build.0 = Debug|Win32
		{04439C5F-05FB-4A9C-AAD1-5388C25377DB}.Devel|Any CPU.ActiveCfg = Release|x64
		{04439C5F-05FB-4A9C-AAD1-5388C25377DB}.Devel|Any CPU.Build.0 = Release|x64
		{04439C5F-05FB-4A9C-AAD1-5388C25377DB}.Devel|x64.ActiveCfg = Debug|x64
		{04439C5F-05FB-4A9C-AAD1-5388C25377DB}.Devel|x64.Build.0 = Debug|x64
		{04439C5F-05FB-4A9C-AAD1-5388C25377DB}.Devel|x86.ActiveCfg = Release|Win32
		{04439C5F-05FB-4A9C-AAD1-5388C25377DB}.Devel|x86.Build.0 = Debug|Win32
		{04439C5F-05FB-4A9C-AAD1-5388C25377DB}.Release AVX2|Any CPU.ActiveCfg = Release|x64
		{04439C5F-05FB-4A9C-AAD1-5388C25377DB}.Release AVX2|Any CPU.Build.0 = Release|x64
		{04439C5F-05FB-4A9C-AAD1-5388C25377DB}.Release AVX2|x64.ActiveCfg = Release|x64
		{04439C5F-05FB-4A9C-AAD1-5388C25377DB}.Release AVX2|x64.Build.0 = Release|x64
		{04439C5F-05FB-4A9C-AAD1-5388C25377DB}.Release AVX2|x86.ActiveCfg = Release|Win32
		{04439C5F-05FB-4A9C-AAD1-5388C25377DB}.Release AVX2|x86.Build.0 = Release|Win32
		{04439C5F-05FB-4A9C-AAD1-5388C25377DB}.Release SSE4|Any CPU.ActiveCfg = Release|x64
		{04439C5F-05FB-4A9C-AAD1-5388C25377DB}.Release SSE4|Any CPU.Build.0 = Release|x64
		{04439C5F-05FB-4A9C-AAD1-5388C25377DB}.Release SSE4|x64.ActiveCfg = Release|x64
		{04439C5F-05FB-4A9C-AAD1-5388C25377DB}.Release SSE4|x64.Build.0 = Release|x64
		{04439C5F-05FB-4A9C-AAD1-5388C25377DB}.Release SSE4|x86.ActiveCfg = Release|Win32
		{04439C5F-05FB-4A9C-AAD1-5388C25377DB}.Release SSE4|x86.Build.0 = Release|Win32
		{04439C5F-05FB-4A9C-AAD1-5388C25377DB}.Release|Any CPU.ActiveCfg = Release|Win32
		{04439C5F-05FB-4A9C-AAD1-5388C25377DB}.Release|x64.ActiveCfg = Release|x64
		{04439C5F-05FB-4A9C-AAD1-5388C25377DB}.Release|x64.Build.0 = Release|x64
		{04439C5F-05FB-4A9C-AAD1-5388C25377DB}.Release|x86.ActiveCfg = Release|Win32
		{04439C5F-05FB-4A9C-AAD1-5388C25377DB}.Release|x86.Build.0 = Release|Win32
		{BF7B81A5-E348-4F7C-A69F-F74C8EEEAD70}.Debug AVX2|Any CPU.ActiveCfg = Release|x64
		{BF7B81A5-E348-4F7C-A69F-F74C8EEEAD70}.Debug AVX2|Any CPU.Build.0 = Release|x64
		{BF7B81A5-E348-4F7C-A69F-F74C8EEEAD70}.Debug AVX2|x64.ActiveCfg = Debug|x64
		{BF7B81A5-E348-4F7C-A69F-F74C8EEEAD70}.Debug AVX2|x64.Build.0 = Debug|x64
		{BF7B81A5-E348-4F7C-A69F-F74C8EEEAD70}.Debug AVX2|x86.ActiveCfg = Debug|Win32
		{BF7B81A5-E348-4F7C-A69F-F74C8EEEAD70}.Debug AVX2|x86.Build.0 = Debug|Win32
		{BF7B81A5-E348-4F7C-A69F-F74C8EEEAD70}.Debug SSE4|Any CPU.ActiveCfg = Release|x64
		{BF7B81A5-E348-4F7C-A69F-F74C8EEEAD70}.Debug SSE4|Any CPU.Build.0 = Release|x64
		{BF7B81A5-E348-4F7C-A69F-F74C8EEEAD70}.Debug SSE4|x64.ActiveCfg = Debug|x64
		{BF7B81A5-E348-4F7C-A69F-F74C8EEEAD70}.Debug SSE4|x64.Build.0 = Debug|x64
		{BF7B81A5-E348-4F7C-A69F-F74C8EEEAD70}.Debug SSE4|x86.ActiveCfg = Debug|Win32
		{BF7B81A5-E348-4F7C-A69F-F74C8EEEAD70}.Debug SSE4|x86.Build.0 = Debug|Win32
		{BF7B81A5-E348-4F7C-A69F-F74C8EEEAD70}.Debug|Any CPU.ActiveCfg = Debug|Win32
		{BF7B81A5-E348-4F7C-A69F-F74C8EEEAD70}.Debug|x64.ActiveCfg = Debug|x64
		{BF7B81A5-E348-4F7C-A69F-F74C8EEEAD70}.Debug|x64.Build.0 = Debug|x64
		{BF7B81A5-E348-4F7C-A69F-F74C8EEEAD70}.Debug|x86.ActiveCfg = Debug|Win32
		{BF7B81A5-E348-4F7C-A69F-F74C8EEEAD70}.Debug|x86.Build.0 = Debug|Win32
		{BF7B81A5-E348-4F7C-A69F-F74C8EEEAD70}.Devel|Any CPU.ActiveCfg = Release|x64
		{BF7B81A5-E348-4F7C-A69F-F74C8EEEAD70}.Devel|Any CPU.Build.0 = Release|x64
		{BF7B81A5-E348-4F7C-A69F-F74C8EEEAD70}.Devel|x64.ActiveCfg = Debug|x64
		{BF7B81A5-E348-4F7C-A69F-F74C8EEEAD70}.Devel|x64.Build.0 = Debug|x64
		{BF7B81A5-E348-4F7C-A69F-F74C8EEEAD70}.Devel|x86.ActiveCfg = Release|Win32
		{BF7B81A5-E348-4F7C-A69F-F74C8EEEAD70}.Devel|x86.Build.0 = Debug|Win32
		{BF7B81A5-E348-4F7C-A69F-F74C8EEEAD70}.Release AVX2|Any CPU.ActiveCfg = Release|x64
		{BF7B81A5-E348-4F7C-A69F-F74C8EEEAD70}.Release AVX2|Any CPU.Build.0 = Release|x64
		{BF7B81A5-E348-4F7C-A69F-F74C8EEEAD70}.Release AVX2|x64.ActiveCfg = Release|x64
		{BF7B81A5-E348-4F7C-A69F-F74C8EEEAD70}.Release AVX2|x64.Build.0 = Release|x64
		{BF7B81A5-E348-4F7C-A69F-F74C8EEEAD70}.Release AVX2|x86.ActiveCfg = Release|Win32
		{BF7B81A5-E348-4F7C-A69F-F74C8EEEAD70}.Release AVX2|x86.Build.0 = Release|Win32
		{BF7B81A5-E348-4F7C-A69F-F74C8EEEAD70}.Release SSE4|Any CPU.ActiveCfg = Release|x64
		{BF7B81A5-E348-4F7C-A69F-F74C8EEEAD70}.Release SSE4|Any CPU.Build.0 = Release|x64
		{BF7B81A5-E348-4F7C-A69F-F74C8EEEAD70}.Release SSE4|x64.ActiveCfg = Release|x64
		{BF7B81A5-E348-4F7C-A69F-F74C8EEEAD70}.Release SSE4|x64.Build.0 = Release|x64
		{BF7B81A5-E348-4F7C-A69F-F74C8EEEAD70}.Release SSE4|x86.ActiveCfg = Release|Win32
		{BF7B81A5-E348-4F7C-A69F-F74C8EEEAD70}.Release SSE4|x86.Build.0 = Release|Win32
		{BF7B81A5-E348-4F7C-A69F-F74C8EEEAD70}.Release|Any CPU.ActiveCfg = Release|Win32
		{BF7B81A5-E348-4F7C-A69F-F74C8EEEAD70}.Release|x64.ActiveCfg = Release|x64
		{BF7B81A5-E348-4F7C-A69F-F74C8EEEAD70}.Release|x64.Build.0 = Release|x64
		{BF7B81A5-E348-4F7C-A69F-F74C8EEEAD70}.Release|x86.ActiveCfg = Release|Win32
		{BF7B81A5-E348-4F7C-A69F-F74C8EEEAD70}.Release|x86.Build.0 = Release|Win32
		{977AC4EF-573B-41B5-9DF7-929781BDD034}.Debug AVX2|Any CPU.ActiveCfg = Debug|Any CPU
		{977AC4EF-573B-41B5-9DF7-929781BDD034}.Debug AVX2|Any CPU.Build.0 = Debug|Any CPU
		{977AC4EF-573B-41B5-9DF7-929781BDD034}.Debug AVX2|x64.ActiveCfg = Debug|Any CPU
		{977AC4EF-573B-41B5-9DF7-929781BDD034}.Debug AVX2|x64.Build.0 = Debug|Any CPU
		{977AC4EF-573B-41B5-9DF7-929781BDD034}.Debug AVX2|x86.ActiveCfg = Debug|Any CPU
		{977AC4EF-573B-41B5-9DF7-929781BDD034}.Debug AVX2|x86.Build.0 = Debug|Any CPU
		{977AC4EF-573B-41B5-9DF7-929781BDD034}.Debug SSE4|Any CPU.ActiveCfg = Debug|Any CPU
		{977AC4EF-573B-41B5-9DF7-929781BDD034}.Debug SSE4|Any CPU.Build.0 = Debug|Any CPU
		{977AC4EF-573B-41B5-9DF7-929781BDD034}.Debug SSE4|x64.ActiveCfg = Debug|Any CPU
		{977AC4EF-573B-41B5-9DF7-929781BDD034}.Debug SSE4|x64.Build.0 = Debug|Any CPU
		{977AC4EF-573B-41B5-9DF7-929781BDD034}.Debug SSE4|x86.ActiveCfg = Debug|Any CPU
		{977AC4EF-573B-41B5-9DF7-929781BDD034}.Debug SSE4|x86.Build.0 = Debug|Any CPU
		{977AC4EF-573B-41B5-9DF7-929781BDD034}.Debug|Any CPU.ActiveCfg = Debug|Any CPU
		{977AC4EF-573B-41B5-9DF7-929781BDD034}.Debug|Any CPU.Build.0 = Debug|Any CPU
		{977AC4EF-573B-41B5-9DF7-929781BDD034}.Debug|x64.ActiveCfg = Debug|Any CPU
		{977AC4EF-573B-41B5-9DF7-929781BDD034}.Debug|x64.Build.0 = Debug|Any CPU
		{977AC4EF-573B-41B5-9DF7-929781BDD034}.Debug|x86.ActiveCfg = Debug|Any CPU
		{977AC4EF-573B-41B5-9DF7-929781BDD034}.Debug|x86.Build.0 = Debug|Any CPU
		{977AC4EF-573B-41B5-9DF7-929781BDD034}.Devel|Any CPU.ActiveCfg = Debug|Any CPU
		{977AC4EF-573B-41B5-9DF7-929781BDD034}.Devel|Any CPU.Build.0 = Debug|Any CPU
		{977AC4EF-573B-41B5-9DF7-929781BDD034}.Devel|x64.ActiveCfg = Debug|Any CPU
		{977AC4EF-573B-41B5-9DF7-929781BDD034}.Devel|x64.Build.0 = Debug|Any CPU
		{977AC4EF-573B-41B5-9DF7-929781BDD034}.Devel|x86.ActiveCfg = Release|Any CPU
		{977AC4EF-573B-41B5-9DF7-929781BDD034}.Devel|x86.Build.0 = Release|Any CPU
		{977AC4EF-573B-41B5-9DF7-929781BDD034}.Release AVX2|Any CPU.ActiveCfg = Release|Any CPU
		{977AC4EF-573B-41B5-9DF7-929781BDD034}.Release AVX2|Any CPU.Build.0 = Release|Any CPU
		{977AC4EF-573B-41B5-9DF7-929781BDD034}.Release AVX2|x64.ActiveCfg = Release|Any CPU
		{977AC4EF-573B-41B5-9DF7-929781BDD034}.Release AVX2|x64.Build.0 = Release|Any CPU
		{977AC4EF-573B-41B5-9DF7-929781BDD034}.Release AVX2|x86.ActiveCfg = Release|Any CPU
		{977AC4EF-573B-41B5-9DF7-929781BDD034}.Release AVX2|x86.Build.0 = Release|Any CPU
		{977AC4EF-573B-41B5-9DF7-929781BDD034}.Release SSE4|Any CPU.ActiveCfg = Release|Any CPU
		{977AC4EF-573B-41B5-9DF7-929781BDD034}.Release SSE4|Any CPU.Build.0 = Release|Any CPU
		{977AC4EF-573B-41B5-9DF7-929781BDD034}.Release SSE4|x64.ActiveCfg = Release|Any CPU
		{977AC4EF-573B-41B5-9DF7-929781BDD034}.Release SSE4|x64.Build.0 = Release|Any CPU
		{977AC4EF-573B-41B5-9DF7-929781BDD034}.Release SSE4|x86.ActiveCfg = Release|Any CPU
		{977AC4EF-573B-41B5-9DF7-929781BDD034}.Release SSE4|x86.Build.0 = Release|Any CPU
		{977AC4EF-573B-41B5-9DF7-929781BDD034}.Release|Any CPU.ActiveCfg = Release|Any CPU
		{977AC4EF-573B-41B5-9DF7-929781BDD034}.Release|Any CPU.Build.0 = Release|Any CPU
		{977AC4EF-573B-41B5-9DF7-929781BDD034}.Release|x64.ActiveCfg = Release|Any CPU
		{977AC4EF-573B-41B5-9DF7-929781BDD034}.Release|x64.Build.0 = Release|Any CPU
		{977AC4EF-573B-41B5-9DF7-929781BDD034}.Release|x86.ActiveCfg = Release|Any CPU
		{977AC4EF-573B-41B5-9DF7-929781BDD034}.Release|x86.Build.0 = Release|Any CPU
		{3D0EB14D-32F3-4D82-9C6D-B806ADBB859C}.Debug AVX2|Any CPU.ActiveCfg = Release|x64
		{3D0EB14D-32F3-4D82-9C6D-B806ADBB859C}.Debug AVX2|Any CPU.Build.0 = Release|x64
		{3D0EB14D-32F3-4D82-9C6D-B806ADBB859C}.Debug AVX2|x64.ActiveCfg = Debug|x64
		{3D0EB14D-32F3-4D82-9C6D-B806ADBB859C}.Debug AVX2|x64.Build.0 = Debug|x64
		{3D0EB14D-32F3-4D82-9C6D-B806ADBB859C}.Debug AVX2|x86.ActiveCfg = Debug|Win32
		{3D0EB14D-32F3-4D82-9C6D-B806ADBB859C}.Debug AVX2|x86.Build.0 = Debug|Win32
		{3D0EB14D-32F3-4D82-9C6D-B806ADBB859C}.Debug SSE4|Any CPU.ActiveCfg = Release|x64
		{3D0EB14D-32F3-4D82-9C6D-B806ADBB859C}.Debug SSE4|Any CPU.Build.0 = Release|x64
		{3D0EB14D-32F3-4D82-9C6D-B806ADBB859C}.Debug SSE4|x64.ActiveCfg = Debug|x64
		{3D0EB14D-32F3-4D82-9C6D-B806ADBB859C}.Debug SSE4|x64.Build.0 = Debug|x64
		{3D0EB14D-32F3-4D82-9C6D-B806ADBB859C}.Debug SSE4|x86.ActiveCfg = Debug|Win32
		{3D0EB14D-32F3-4D82-9C6D-B806ADBB859C}.Debug SSE4|x86.Build.0 = Debug|Win32
		{3D0EB14D-32F3-4D82-9C6D-B806ADBB859C}.Debug|Any CPU.ActiveCfg = Debug|Win32
		{3D0EB14D-32F3-4D82-9C6D-B806ADBB859C}.Debug|x64.ActiveCfg = Debug|x64
		{3D0EB14D-32F3-4D82-9C6D-B806ADBB859C}.Debug|x64.Build.0 = Debug|x64
		{3D0EB14D-32F3-4D82-9C6D-B806ADBB859C}.Debug|x86.ActiveCfg = Debug|Win32
		{3D0EB14D-32F3-4D82-9C6D-B806ADBB859C}.Debug|x86.Build.0 = Debug|Win32
		{3D0EB14D-32F3-4D82-9C6D-B806ADBB859C}.Devel|Any CPU.ActiveCfg = Release|x64
		{3D0EB14D-32F3-4D82-9C6D-B806ADBB859C}.Devel|Any CPU.Build.0 = Release|x64
		{3D0EB14D-32F3-4D82-9C6D-B806ADBB859C}.Devel|x64.ActiveCfg = Debug|x64
		{3D0EB14D-32F3-4D82-9C6D-B806ADBB859C}.Devel|x64.Build.0 = Debug|x64
		{3D0EB14D-32F3-4D82-9C6D-B806ADBB859C}.Devel|x86.ActiveCfg = Release|Win32
		{3D0EB14D-32F3-4D82-9C6D-B806ADBB859C}.Devel|x86.Build.0 = Debug|Win32
		{3D0EB14D-32F3-4D82-9C6D-B806ADBB859C}.Release AVX2|Any CPU.ActiveCfg = Release|x64
		{3D0EB14D-32F3-4D82-9C6D-B806ADBB859C}.Release AVX2|Any CPU.Build.0 = Release|x64
		{3D0EB14D-32F3-4D82-9C6D-B806ADBB859C}.Release AVX2|x64.ActiveCfg = Release|x64
		{3D0EB14D-32F3-4D82-9C6D-B806ADBB859C}.Release AVX2|x64.Build.0 = Release|x64
		{3D0EB14D-32F3-4D82-9C6D-B806ADBB859C}.Release AVX2|x86.ActiveCfg = Release|Win32
		{3D0EB14D-32F3-4D82-9C6D-B806ADBB859C}.Release AVX2|x86.Build.0 = Release|Win32
		{3D0EB14D-32F3-4D82-9C6D-B806ADBB859C}.Release SSE4|Any CPU.ActiveCfg = Release|x64
		{3D0EB14D-32F3-4D82-9C6D-B806ADBB859C}.Release SSE4|Any CPU.Build.0 = Release|x64
		{3D0EB14D-32F3-4D82-9C6D-B806ADBB859C}.Release SSE4|x64.ActiveCfg = Release|x64
		{3D0EB14D-32F3-4D82-9C6D-B806ADBB859C}.Release SSE4|x64.Build.0 = Release|x64
		{3D0EB14D-32F3-4D82-9C6D-B806ADBB859C}.Release SSE4|x86.ActiveCfg = Release|Win32
		{3D0EB14D-32F3-4D82-9C6D-B806ADBB859C}.Release SSE4|x86.Build.0 = Release|Win32
		{3D0EB14D-32F3-4D82-9C6D-B806ADBB859C}.Release|Any CPU.ActiveCfg = Release|Win32
		{3D0EB14D-32F3-4D82-9C6D-B806ADBB859C}.Release|x64.ActiveCfg = Release|x64
		{3D0EB14D-32F3-4D82-9C6D-B806ADBB859C}.Release|x64.Build.0 = Release|x64
		{3D0EB14D-32F3-4D82-9C6D-B806ADBB859C}.Release|x86.ActiveCfg = Release|Win32
		{3D0EB14D-32F3-4D82-9C6D-B806ADBB859C}.Release|x86.Build.0 = Release|Win32
		{C5A6704F-DD2C-46A8-9532-B168DC50DB7C}.Debug AVX2|Any CPU.ActiveCfg = Debug|Any CPU
		{C5A6704F-DD2C-46A8-9532-B168DC50DB7C}.Debug AVX2|Any CPU.Build.0 = Debug|Any CPU
		{C5A6704F-DD2C-46A8-9532-B168DC50DB7C}.Debug AVX2|x64.ActiveCfg = Debug|Any CPU
		{C5A6704F-DD2C-46A8-9532-B168DC50DB7C}.Debug AVX2|x64.Build.0 = Debug|Any CPU
		{C5A6704F-DD2C-46A8-9532-B168DC50DB7C}.Debug AVX2|x86.ActiveCfg = Debug|Any CPU
		{C5A6704F-DD2C-46A8-9532-B168DC50DB7C}.Debug AVX2|x86.Build.0 = Debug|Any CPU
		{C5A6704F-DD2C-46A8-9532-B168DC50DB7C}.Debug SSE4|Any CPU.ActiveCfg = Debug|Any CPU
		{C5A6704F-DD2C-46A8-9532-B168DC50DB7C}.Debug SSE4|Any CPU.Build.0 = Debug|Any CPU
		{C5A6704F-DD2C-46A8-9532-B168DC50DB7C}.Debug SSE4|x64.ActiveCfg = Debug|Any CPU
		{C5A6704F-DD2C-46A8-9532-B168DC50DB7C}.Debug SSE4|x64.Build.0 = Debug|Any CPU
		{C5A6704F-DD2C-46A8-9532-B168DC50DB7C}.Debug SSE4|x86.ActiveCfg = Debug|Any CPU
		{C5A6704F-DD2C-46A8-9532-B168DC50DB7C}.Debug SSE4|x86.Build.0 = Debug|Any CPU
		{C5A6704F-DD2C-46A8-9532-B168DC50DB7C}.Debug|Any CPU.ActiveCfg = Debug|Any CPU
		{C5A6704F-DD2C-46A8-9532-B168DC50DB7C}.Debug|Any CPU.Build.0 = Debug|Any CPU
		{C5A6704F-DD2C-46A8-9532-B168DC50DB7C}.Debug|x64.ActiveCfg = Debug|Any CPU
		{C5A6704F-DD2C-46A8-9532-B168DC50DB7C}.Debug|x64.Build.0 = Debug|Any CPU
		{C5A6704F-DD2C-46A8-9532-B168DC50DB7C}.Debug|x86.ActiveCfg = Debug|Any CPU
		{C5A6704F-DD2C-46A8-9532-B168DC50DB7C}.Debug|x86.Build.0 = Debug|Any CPU
		{C5A6704F-DD2C-46A8-9532-B168DC50DB7C}.Devel|Any CPU.ActiveCfg = Debug|Any CPU
		{C5A6704F-DD2C-46A8-9532-B168DC50DB7C}.Devel|Any CPU.Build.0 = Debug|Any CPU
		{C5A6704F-DD2C-46A8-9532-B168DC50DB7C}.Devel|x64.ActiveCfg = Debug|Any CPU
		{C5A6704F-DD2C-46A8-9532-B168DC50DB7C}.Devel|x64.Build.0 = Debug|Any CPU
		{C5A6704F-DD2C-46A8-9532-B168DC50DB7C}.Devel|x86.ActiveCfg = Debug|Any CPU
		{C5A6704F-DD2C-46A8-9532-B168DC50DB7C}.Release AVX2|Any CPU.ActiveCfg = Release|Any CPU
		{C5A6704F-DD2C-46A8-9532-B168DC50DB7C}.Release AVX2|Any CPU.Build.0 = Release|Any CPU
		{C5A6704F-DD2C-46A8-9532-B168DC50DB7C}.Release AVX2|x64.ActiveCfg = Release|Any CPU
		{C5A6704F-DD2C-46A8-9532-B168DC50DB7C}.Release AVX2|x64.Build.0 = Release|Any CPU
		{C5A6704F-DD2C-46A8-9532-B168DC50DB7C}.Release AVX2|x86.ActiveCfg = Release|Any CPU
		{C5A6704F-DD2C-46A8-9532-B168DC50DB7C}.Release AVX2|x86.Build.0 = Release|Any CPU
		{C5A6704F-DD2C-46A8-9532-B168DC50DB7C}.Release SSE4|Any CPU.ActiveCfg = Release|Any CPU
		{C5A6704F-DD2C-46A8-9532-B168DC50DB7C}.Release SSE4|Any CPU.Build.0 = Release|Any CPU
		{C5A6704F-DD2C-46A8-9532-B168DC50DB7C}.Release SSE4|x64.ActiveCfg = Release|Any CPU
		{C5A6704F-DD2C-46A8-9532-B168DC50DB7C}.Release SSE4|x64.Build.0 = Release|Any CPU
		{C5A6704F-DD2C-46A8-9532-B168DC50DB7C}.Release SSE4|x86.ActiveCfg = Release|Any CPU
		{C5A6704F-DD2C-46A8-9532-B168DC50DB7C}.Release SSE4|x86.Build.0 = Release|Any CPU
		{C5A6704F-DD2C-46A8-9532-B168DC50DB7C}.Release|Any CPU.ActiveCfg = Release|Any CPU
		{C5A6704F-DD2C-46A8-9532-B168DC50DB7C}.Release|Any CPU.Build.0 = Release|Any CPU
		{C5A6704F-DD2C-46A8-9532-B168DC50DB7C}.Release|x64.ActiveCfg = Release|Any CPU
		{C5A6704F-DD2C-46A8-9532-B168DC50DB7C}.Release|x64.Build.0 = Release|Any CPU
		{C5A6704F-DD2C-46A8-9532-B168DC50DB7C}.Release|x86.ActiveCfg = Release|Any CPU
		{C5A6704F-DD2C-46A8-9532-B168DC50DB7C}.Release|x86.Build.0 = Release|Any CPU
		{16F9E626-D944-4FC9-A47D-5007203157F8}.Debug AVX2|Any CPU.ActiveCfg = Debug|Win32
		{16F9E626-D944-4FC9-A47D-5007203157F8}.Debug AVX2|Any CPU.Build.0 = Debug|Win32
		{16F9E626-D944-4FC9-A47D-5007203157F8}.Debug AVX2|x64.ActiveCfg = Release|Win32
		{16F9E626-D944-4FC9-A47D-5007203157F8}.Debug AVX2|x64.Build.0 = Release|Win32
		{16F9E626-D944-4FC9-A47D-5007203157F8}.Debug AVX2|x86.ActiveCfg = Debug|Win32
		{16F9E626-D944-4FC9-A47D-5007203157F8}.Debug AVX2|x86.Build.0 = Debug|Win32
		{16F9E626-D944-4FC9-A47D-5007203157F8}.Debug SSE4|Any CPU.ActiveCfg = Debug|Win32
		{16F9E626-D944-4FC9-A47D-5007203157F8}.Debug SSE4|Any CPU.Build.0 = Debug|Win32
		{16F9E626-D944-4FC9-A47D-5007203157F8}.Debug SSE4|x64.ActiveCfg = Release|Win32
		{16F9E626-D944-4FC9-A47D-5007203157F8}.Debug SSE4|x64.Build.0 = Release|Win32
		{16F9E626-D944-4FC9-A47D-5007203157F8}.Debug SSE4|x86.ActiveCfg = Debug|Win32
		{16F9E626-D944-4FC9-A47D-5007203157F8}.Debug SSE4|x86.Build.0 = Debug|Win32
		{16F9E626-D944-4FC9-A47D-5007203157F8}.Debug|Any CPU.ActiveCfg = Debug|Win32
		{16F9E626-D944-4FC9-A47D-5007203157F8}.Debug|x64.ActiveCfg = Debug|Win32
		{16F9E626-D944-4FC9-A47D-5007203157F8}.Debug|x86.ActiveCfg = Debug|Win32
		{16F9E626-D944-4FC9-A47D-5007203157F8}.Debug|x86.Build.0 = Debug|Win32
		{16F9E626-D944-4FC9-A47D-5007203157F8}.Devel|Any CPU.ActiveCfg = Debug|Win32
		{16F9E626-D944-4FC9-A47D-5007203157F8}.Devel|Any CPU.Build.0 = Debug|Win32
		{16F9E626-D944-4FC9-A47D-5007203157F8}.Devel|x64.ActiveCfg = Release|Win32
		{16F9E626-D944-4FC9-A47D-5007203157F8}.Devel|x64.Build.0 = Release|Win32
		{16F9E626-D944-4FC9-A47D-5007203157F8}.Devel|x86.ActiveCfg = Debug|Win32
		{16F9E626-D944-4FC9-A47D-5007203157F8}.Devel|x86.Build.0 = Debug|Win32
		{16F9E626-D944-4FC9-A47D-5007203157F8}.Release AVX2|Any CPU.ActiveCfg = Debug|Win32
		{16F9E626-D944-4FC9-A47D-5007203157F8}.Release AVX2|Any CPU.Build.0 = Debug|Win32
		{16F9E626-D944-4FC9-A47D-5007203157F8}.Release AVX2|x64.ActiveCfg = Release|Win32
		{16F9E626-D944-4FC9-A47D-5007203157F8}.Release AVX2|x64.Build.0 = Release|Win32
		{16F9E626-D944-4FC9-A47D-5007203157F8}.Release AVX2|x86.ActiveCfg = Release|Win32
		{16F9E626-D944-4FC9-A47D-5007203157F8}.Release AVX2|x86.Build.0 = Release|Win32
		{16F9E626-D944-4FC9-A47D-5007203157F8}.Release SSE4|Any CPU.ActiveCfg = Debug|Win32
		{16F9E626-D944-4FC9-A47D-5007203157F8}.Release SSE4|Any CPU.Build.0 = Debug|Win32
		{16F9E626-D944-4FC9-A47D-5007203157F8}.Release SSE4|x64.ActiveCfg = Release|Win32
		{16F9E626-D944-4FC9-A47D-5007203157F8}.Release SSE4|x64.Build.0 = Release|Win32
		{16F9E626-D944-4FC9-A47D-5007203157F8}.Release SSE4|x86.ActiveCfg = Release|Win32
		{16F9E626-D944-4FC9-A47D-5007203157F8}.Release SSE4|x86.Build.0 = Release|Win32
		{16F9E626-D944-4FC9-A47D-5007203157F8}.Release|Any CPU.ActiveCfg = Release|Win32
		{16F9E626-D944-4FC9-A47D-5007203157F8}.Release|x64.ActiveCfg = Release|Win32
		{16F9E626-D944-4FC9-A47D-5007203157F8}.Release|x86.ActiveCfg = Release|Win32
		{16F9E626-D944-4FC9-A47D-5007203157F8}.Release|x86.Build.0 = Release|Win32
		{EB9A58F7-4C35-41FB-91F3-46B3EF309100}.Debug AVX2|Any CPU.ActiveCfg = Debug|Win32
		{EB9A58F7-4C35-41FB-91F3-46B3EF309100}.Debug AVX2|Any CPU.Build.0 = Debug|Win32
		{EB9A58F7-4C35-41FB-91F3-46B3EF309100}.Debug AVX2|x64.ActiveCfg = Release|Win32
		{EB9A58F7-4C35-41FB-91F3-46B3EF309100}.Debug AVX2|x64.Build.0 = Release|Win32
		{EB9A58F7-4C35-41FB-91F3-46B3EF309100}.Debug AVX2|x86.ActiveCfg = Debug|Win32
		{EB9A58F7-4C35-41FB-91F3-46B3EF309100}.Debug AVX2|x86.Build.0 = Debug|Win32
		{EB9A58F7-4C35-41FB-91F3-46B3EF309100}.Debug SSE4|Any CPU.ActiveCfg = Debug|Win32
		{EB9A58F7-4C35-41FB-91F3-46B3EF309100}.Debug SSE4|Any CPU.Build.0 = Debug|Win32
		{EB9A58F7-4C35-41FB-91F3-46B3EF309100}.Debug SSE4|x64.ActiveCfg = Release|Win32
		{EB9A58F7-4C35-41FB-91F3-46B3EF309100}.Debug SSE4|x64.Build.0 = Release|Win32
		{EB9A58F7-4C35-41FB-91F3-46B3EF309100}.Debug SSE4|x86.ActiveCfg = Debug|Win32
		{EB9A58F7-4C35-41FB-91F3-46B3EF309100}.Debug SSE4|x86.Build.0 = Debug|Win32
		{EB9A58F7-4C35-41FB-91F3-46B3EF309100}.Debug|Any CPU.ActiveCfg = Debug|Win32
		{EB9A58F7-4C35-41FB-91F3-46B3EF309100}.Debug|x64.ActiveCfg = Debug|Win32
		{EB9A58F7-4C35-41FB-91F3-46B3EF309100}.Debug|x86.ActiveCfg = Debug|Win32
		{EB9A58F7-4C35-41FB-91F3-46B3EF309100}.Debug|x86.Build.0 = Debug|Win32
		{EB9A58F7-4C35-41FB-91F3-46B3EF309100}.Devel|Any CPU.ActiveCfg = Debug|Win32
		{EB9A58F7-4C35-41FB-91F3-46B3EF309100}.Devel|Any CPU.Build.0 = Debug|Win32
		{EB9A58F7-4C35-41FB-91F3-46B3EF309100}.Devel|x64.ActiveCfg = Release|Win32
		{EB9A58F7-4C35-41FB-91F3-46B3EF309100}.Devel|x64.Build.0 = Release|Win32
		{EB9A58F7-4C35-41FB-91F3-46B3EF309100}.Devel|x86.ActiveCfg = Debug|Win32
		{EB9A58F7-4C35-41FB-91F3-46B3EF309100}.Devel|x86.Build.0 = Debug|Win32
		{EB9A58F7-4C35-41FB-91F3-46B3EF309100}.Release AVX2|Any CPU.ActiveCfg = Debug|Win32
		{EB9A58F7-4C35-41FB-91F3-46B3EF309100}.Release AVX2|Any CPU.Build.0 = Debug|Win32
		{EB9A58F7-4C35-41FB-91F3-46B3EF309100}.Release AVX2|x64.ActiveCfg = Release|Win32
		{EB9A58F7-4C35-41FB-91F3-46B3EF309100}.Release AVX2|x64.Build.0 = Release|Win32
		{EB9A58F7-4C35-41FB-91F3-46B3EF309100}.Release AVX2|x86.ActiveCfg = Release|Win32
		{EB9A58F7-4C35-41FB-91F3-46B3EF309100}.Release AVX2|x86.Build.0 = Release|Win32
		{EB9A58F7-4C35-41FB-91F3-46B3EF309100}.Release SSE4|Any CPU.ActiveCfg = Debug|Win32
		{EB9A58F7-4C35-41FB-91F3-46B3EF309100}.Release SSE4|Any CPU.Build.0 = Debug|Win32
		{EB9A58F7-4C35-41FB-91F3-46B3EF309100}.Release SSE4|x64.ActiveCfg = Release|Win32
		{EB9A58F7-4C35-41FB-91F3-46B3EF309100}.Release SSE4|x64.Build.0 = Release|Win32
		{EB9A58F7-4C35-41FB-91F3-46B3EF309100}.Release SSE4|x86.ActiveCfg = Release|Win32
		{EB9A58F7-4C35-41FB-91F3-46B3EF309100}.Release SSE4|x86.Build.0 = Release|Win32
		{EB9A58F7-4C35-41FB-91F3-46B3EF309100}.Release|Any CPU.ActiveCfg = Release|Win32
		{EB9A58F7-4C35-41FB-91F3-46B3EF309100}.Release|x64.ActiveCfg = Release|Win32
		{EB9A58F7-4C35-41FB-91F3-46B3EF309100}.Release|x86.ActiveCfg = Release|Win32
		{EB9A58F7-4C35-41FB-91F3-46B3EF309100}.Release|x86.Build.0 = Release|Win32
		{0B7751F1-C2D0-4124-950D-8BD9D1DE64C3}.Debug AVX2|Any CPU.ActiveCfg = Debug|Win32
		{0B7751F1-C2D0-4124-950D-8BD9D1DE64C3}.Debug AVX2|Any CPU.Build.0 = Debug|Win32
		{0B7751F1-C2D0-4124-950D-8BD9D1DE64C3}.Debug AVX2|x64.ActiveCfg = Release|Win32
		{0B7751F1-C2D0-4124-950D-8BD9D1DE64C3}.Debug AVX2|x64.Build.0 = Release|Win32
		{0B7751F1-C2D0-4124-950D-8BD9D1DE64C3}.Debug AVX2|x86.ActiveCfg = Debug|Win32
		{0B7751F1-C2D0-4124-950D-8BD9D1DE64C3}.Debug AVX2|x86.Build.0 = Debug|Win32
		{0B7751F1-C2D0-4124-950D-8BD9D1DE64C3}.Debug SSE4|Any CPU.ActiveCfg = Debug|Win32
		{0B7751F1-C2D0-4124-950D-8BD9D1DE64C3}.Debug SSE4|Any CPU.Build.0 = Debug|Win32
		{0B7751F1-C2D0-4124-950D-8BD9D1DE64C3}.Debug SSE4|x64.ActiveCfg = Release|Win32
		{0B7751F1-C2D0-4124-950D-8BD9D1DE64C3}.Debug SSE4|x64.Build.0 = Release|Win32
		{0B7751F1-C2D0-4124-950D-8BD9D1DE64C3}.Debug SSE4|x86.ActiveCfg = Debug|Win32
		{0B7751F1-C2D0-4124-950D-8BD9D1DE64C3}.Debug SSE4|x86.Build.0 = Debug|Win32
		{0B7751F1-C2D0-4124-950D-8BD9D1DE64C3}.Debug|Any CPU.ActiveCfg = Debug|Win32
		{0B7751F1-C2D0-4124-950D-8BD9D1DE64C3}.Debug|x64.ActiveCfg = Debug|Win32
		{0B7751F1-C2D0-4124-950D-8BD9D1DE64C3}.Debug|x86.ActiveCfg = Debug|Win32
		{0B7751F1-C2D0-4124-950D-8BD9D1DE64C3}.Debug|x86.Build.0 = Debug|Win32
		{0B7751F1-C2D0-4124-950D-8BD9D1DE64C3}.Devel|Any CPU.ActiveCfg = Debug|Win32
		{0B7751F1-C2D0-4124-950D-8BD9D1DE64C3}.Devel|Any CPU.Build.0 = Debug|Win32
		{0B7751F1-C2D0-4124-950D-8BD9D1DE64C3}.Devel|x64.ActiveCfg = Release|Win32
		{0B7751F1-C2D0-4124-950D-8BD9D1DE64C3}.Devel|x64.Build.0 = Release|Win32
		{0B7751F1-C2D0-4124-950D-8BD9D1DE64C3}.Devel|x86.ActiveCfg = Debug|Win32
		{0B7751F1-C2D0-4124-950D-8BD9D1DE64C3}.Devel|x86.Build.0 = Debug|Win32
		{0B7751F1-C2D0-4124-950D-8BD9D1DE64C3}.Release AVX2|Any CPU.ActiveCfg = Debug|Win32
		{0B7751F1-C2D0-4124-950D-8BD9D1DE64C3}.Release AVX2|Any CPU.Build.0 = Debug|Win32
		{0B7751F1-C2D0-4124-950D-8BD9D1DE64C3}.Release AVX2|x64.ActiveCfg = Release|Win32
		{0B7751F1-C2D0-4124-950D-8BD9D1DE64C3}.Release AVX2|x64.Build.0 = Release|Win32
		{0B7751F1-C2D0-4124-950D-8BD9D1DE64C3}.Release AVX2|x86.ActiveCfg = Release|Win32
		{0B7751F1-C2D0-4124-950D-8BD9D1DE64C3}.Release AVX2|x86.Build.0 = Release|Win32
		{0B7751F1-C2D0-4124-950D-8BD9D1DE64C3}.Release SSE4|Any CPU.ActiveCfg = Debug|Win32
		{0B7751F1-C2D0-4124-950D-8BD9D1DE64C3}.Release SSE4|Any CPU.Build.0 = Debug|Win32
		{0B7751F1-C2D0-4124-950D-8BD9D1DE64C3}.Release SSE4|x64.ActiveCfg = Release|Win32
		{0B7751F1-C2D0-4124-950D-8BD9D1DE64C3}.Release SSE4|x64.Build.0 = Release|Win32
		{0B7751F1-C2D0-4124-950D-8BD9D1DE64C3}.Release SSE4|x86.ActiveCfg = Release|Win32
		{0B7751F1-C2D0-4124-950D-8BD9D1DE64C3}.Release SSE4|x86.Build.0 = Release|Win32
		{0B7751F1-C2D0-4124-950D-8BD9D1DE64C3}.Release|Any CPU.ActiveCfg = Release|Win32
		{0B7751F1-C2D0-4124-950D-8BD9D1DE64C3}.Release|x64.ActiveCfg = Release|Win32
		{0B7751F1-C2D0-4124-950D-8BD9D1DE64C3}.Release|x86.ActiveCfg = Release|Win32
		{0B7751F1-C2D0-4124-950D-8BD9D1DE64C3}.Release|x86.Build.0 = Release|Win32
		{18E42F6F-3A62-41EE-B42F-79366C4F1E95}.Debug AVX2|Any CPU.ActiveCfg = Debug AVX2|Win32
		{18E42F6F-3A62-41EE-B42F-79366C4F1E95}.Debug AVX2|x64.ActiveCfg = Debug AVX2|x64
		{18E42F6F-3A62-41EE-B42F-79366C4F1E95}.Debug AVX2|x64.Build.0 = Debug AVX2|x64
		{18E42F6F-3A62-41EE-B42F-79366C4F1E95}.Debug AVX2|x86.ActiveCfg = Debug AVX2|Win32
		{18E42F6F-3A62-41EE-B42F-79366C4F1E95}.Debug AVX2|x86.Build.0 = Debug AVX2|Win32
		{18E42F6F-3A62-41EE-B42F-79366C4F1E95}.Debug SSE4|Any CPU.ActiveCfg = Debug SSE4|Win32
		{18E42F6F-3A62-41EE-B42F-79366C4F1E95}.Debug SSE4|x64.ActiveCfg = Debug SSE4|x64
		{18E42F6F-3A62-41EE-B42F-79366C4F1E95}.Debug SSE4|x64.Build.0 = Debug SSE4|x64
		{18E42F6F-3A62-41EE-B42F-79366C4F1E95}.Debug SSE4|x86.ActiveCfg = Debug SSE4|Win32
		{18E42F6F-3A62-41EE-B42F-79366C4F1E95}.Debug SSE4|x86.Build.0 = Debug SSE4|Win32
		{18E42F6F-3A62-41EE-B42F-79366C4F1E95}.Debug|Any CPU.ActiveCfg = Debug|Win32
		{18E42F6F-3A62-41EE-B42F-79366C4F1E95}.Debug|x64.ActiveCfg = Debug|x64
		{18E42F6F-3A62-41EE-B42F-79366C4F1E95}.Debug|x64.Build.0 = Debug|x64
		{18E42F6F-3A62-41EE-B42F-79366C4F1E95}.Debug|x86.ActiveCfg = Debug|Win32
		{18E42F6F-3A62-41EE-B42F-79366C4F1E95}.Debug|x86.Build.0 = Debug|Win32
		{18E42F6F-3A62-41EE-B42F-79366C4F1E95}.Devel|Any CPU.ActiveCfg = Release|Win32
		{18E42F6F-3A62-41EE-B42F-79366C4F1E95}.Devel|Any CPU.Build.0 = Release|Win32
		{18E42F6F-3A62-41EE-B42F-79366C4F1E95}.Devel|x64.ActiveCfg = Debug|x64
		{18E42F6F-3A62-41EE-B42F-79366C4F1E95}.Devel|x64.Build.0 = Debug|x64
		{18E42F6F-3A62-41EE-B42F-79366C4F1E95}.Devel|x86.ActiveCfg = Debug AVX2|Win32
		{18E42F6F-3A62-41EE-B42F-79366C4F1E95}.Devel|x86.Build.0 = Debug AVX2|Win32
		{18E42F6F-3A62-41EE-B42F-79366C4F1E95}.Release AVX2|Any CPU.ActiveCfg = Release AVX2|Win32
		{18E42F6F-3A62-41EE-B42F-79366C4F1E95}.Release AVX2|x64.ActiveCfg = Release AVX2|x64
		{18E42F6F-3A62-41EE-B42F-79366C4F1E95}.Release AVX2|x64.Build.0 = Release AVX2|x64
		{18E42F6F-3A62-41EE-B42F-79366C4F1E95}.Release AVX2|x86.ActiveCfg = Release AVX2|Win32
		{18E42F6F-3A62-41EE-B42F-79366C4F1E95}.Release AVX2|x86.Build.0 = Release AVX2|Win32
		{18E42F6F-3A62-41EE-B42F-79366C4F1E95}.Release SSE4|Any CPU.ActiveCfg = Release SSE4|Win32
		{18E42F6F-3A62-41EE-B42F-79366C4F1E95}.Release SSE4|x64.ActiveCfg = Release SSE4|x64
		{18E42F6F-3A62-41EE-B42F-79366C4F1E95}.Release SSE4|x64.Build.0 = Release SSE4|x64
		{18E42F6F-3A62-41EE-B42F-79366C4F1E95}.Release SSE4|x86.ActiveCfg = Release SSE4|Win32
		{18E42F6F-3A62-41EE-B42F-79366C4F1E95}.Release SSE4|x86.Build.0 = Release SSE4|Win32
		{18E42F6F-3A62-41EE-B42F-79366C4F1E95}.Release|Any CPU.ActiveCfg = Release|Win32
		{18E42F6F-3A62-41EE-B42F-79366C4F1E95}.Release|x64.ActiveCfg = Release|x64
		{18E42F6F-3A62-41EE-B42F-79366C4F1E95}.Release|x64.Build.0 = Release|x64
		{18E42F6F-3A62-41EE-B42F-79366C4F1E95}.Release|x86.ActiveCfg = Release|Win32
		{18E42F6F-3A62-41EE-B42F-79366C4F1E95}.Release|x86.Build.0 = Release|Win32
		{A063E3BB-E93C-436F-AAAE-0DC45D0E480D}.Debug AVX2|Any CPU.ActiveCfg = Debug|Any CPU
		{A063E3BB-E93C-436F-AAAE-0DC45D0E480D}.Debug AVX2|Any CPU.Build.0 = Debug|Any CPU
		{A063E3BB-E93C-436F-AAAE-0DC45D0E480D}.Debug AVX2|x64.ActiveCfg = Debug|Any CPU
		{A063E3BB-E93C-436F-AAAE-0DC45D0E480D}.Debug AVX2|x64.Build.0 = Debug|Any CPU
		{A063E3BB-E93C-436F-AAAE-0DC45D0E480D}.Debug AVX2|x86.ActiveCfg = Debug|Any CPU
		{A063E3BB-E93C-436F-AAAE-0DC45D0E480D}.Debug AVX2|x86.Build.0 = Debug|Any CPU
		{A063E3BB-E93C-436F-AAAE-0DC45D0E480D}.Debug SSE4|Any CPU.ActiveCfg = Debug|Any CPU
		{A063E3BB-E93C-436F-AAAE-0DC45D0E480D}.Debug SSE4|Any CPU.Build.0 = Debug|Any CPU
		{A063E3BB-E93C-436F-AAAE-0DC45D0E480D}.Debug SSE4|x64.ActiveCfg = Debug|Any CPU
		{A063E3BB-E93C-436F-AAAE-0DC45D0E480D}.Debug SSE4|x64.Build.0 = Debug|Any CPU
		{A063E3BB-E93C-436F-AAAE-0DC45D0E480D}.Debug SSE4|x86.ActiveCfg = Debug|Any CPU
		{A063E3BB-E93C-436F-AAAE-0DC45D0E480D}.Debug SSE4|x86.Build.0 = Debug|Any CPU
		{A063E3BB-E93C-436F-AAAE-0DC45D0E480D}.Debug|Any CPU.ActiveCfg = Debug|Any CPU
		{A063E3BB-E93C-436F-AAAE-0DC45D0E480D}.Debug|Any CPU.Build.0 = Debug|Any CPU
		{A063E3BB-E93C-436F-AAAE-0DC45D0E480D}.Debug|x64.ActiveCfg = Debug|Any CPU
		{A063E3BB-E93C-436F-AAAE-0DC45D0E480D}.Debug|x64.Build.0 = Debug|Any CPU
		{A063E3BB-E93C-436F-AAAE-0DC45D0E480D}.Debug|x86.ActiveCfg = Debug|Any CPU
		{A063E3BB-E93C-436F-AAAE-0DC45D0E480D}.Debug|x86.Build.0 = Debug|Any CPU
		{A063E3BB-E93C-436F-AAAE-0DC45D0E480D}.Devel|Any CPU.ActiveCfg = Debug|Any CPU
		{A063E3BB-E93C-436F-AAAE-0DC45D0E480D}.Devel|Any CPU.Build.0 = Debug|Any CPU
		{A063E3BB-E93C-436F-AAAE-0DC45D0E480D}.Devel|x64.ActiveCfg = Debug|Any CPU
		{A063E3BB-E93C-436F-AAAE-0DC45D0E480D}.Devel|x64.Build.0 = Debug|Any CPU
		{A063E3BB-E93C-436F-AAAE-0DC45D0E480D}.Devel|x86.ActiveCfg = Debug|Any CPU
		{A063E3BB-E93C-436F-AAAE-0DC45D0E480D}.Devel|x86.Build.0 = Debug|Any CPU
		{A063E3BB-E93C-436F-AAAE-0DC45D0E480D}.Release AVX2|Any CPU.ActiveCfg = Release|Any CPU
		{A063E3BB-E93C-436F-AAAE-0DC45D0E480D}.Release AVX2|Any CPU.Build.0 = Release|Any CPU
		{A063E3BB-E93C-436F-AAAE-0DC45D0E480D}.Release AVX2|x64.ActiveCfg = Release|Any CPU
		{A063E3BB-E93C-436F-AAAE-0DC45D0E480D}.Release AVX2|x64.Build.0 = Release|Any CPU
		{A063E3BB-E93C-436F-AAAE-0DC45D0E480D}.Release AVX2|x86.ActiveCfg = Release|Any CPU
		{A063E3BB-E93C-436F-AAAE-0DC45D0E480D}.Release AVX2|x86.Build.0 = Release|Any CPU
		{A063E3BB-E93C-436F-AAAE-0DC45D0E480D}.Release SSE4|Any CPU.ActiveCfg = Release|Any CPU
		{A063E3BB-E93C-436F-AAAE-0DC45D0E480D}.Release SSE4|Any CPU.Build.0 = Release|Any CPU
		{A063E3BB-E93C-436F-AAAE-0DC45D0E480D}.Release SSE4|x64.ActiveCfg = Release|Any CPU
		{A063E3BB-E93C-436F-AAAE-0DC45D0E480D}.Release SSE4|x64.Build.0 = Release|Any CPU
		{A063E3BB-E93C-436F-AAAE-0DC45D0E480D}.Release SSE4|x86.ActiveCfg = Release|Any CPU
		{A063E3BB-E93C-436F-AAAE-0DC45D0E480D}.Release SSE4|x86.Build.0 = Release|Any CPU
		{A063E3BB-E93C-436F-AAAE-0DC45D0E480D}.Release|Any CPU.ActiveCfg = Release|Any CPU
		{A063E3BB-E93C-436F-AAAE-0DC45D0E480D}.Release|Any CPU.Build.0 = Release|Any CPU
		{A063E3BB-E93C-436F-AAAE-0DC45D0E480D}.Release|x64.ActiveCfg = Release|Any CPU
		{A063E3BB-E93C-436F-AAAE-0DC45D0E480D}.Release|x64.Build.0 = Release|Any CPU
		{A063E3BB-E93C-436F-AAAE-0DC45D0E480D}.Release|x86.ActiveCfg = Release|Any CPU
		{A063E3BB-E93C-436F-AAAE-0DC45D0E480D}.Release|x86.Build.0 = Release|Any CPU
		{15F393DA-14A3-4DB2-8F12-4EF81ED5907D}.Debug AVX2|Any CPU.ActiveCfg = Release|x64
		{15F393DA-14A3-4DB2-8F12-4EF81ED5907D}.Debug AVX2|Any CPU.Build.0 = Release|x64
		{15F393DA-14A3-4DB2-8F12-4EF81ED5907D}.Debug AVX2|x64.ActiveCfg = Debug|x64
		{15F393DA-14A3-4DB2-8F12-4EF81ED5907D}.Debug AVX2|x64.Build.0 = Debug|x64
		{15F393DA-14A3-4DB2-8F12-4EF81ED5907D}.Debug AVX2|x86.ActiveCfg = Debug|Win32
		{15F393DA-14A3-4DB2-8F12-4EF81ED5907D}.Debug AVX2|x86.Build.0 = Debug|Win32
		{15F393DA-14A3-4DB2-8F12-4EF81ED5907D}.Debug SSE4|Any CPU.ActiveCfg = Release|x64
		{15F393DA-14A3-4DB2-8F12-4EF81ED5907D}.Debug SSE4|Any CPU.Build.0 = Release|x64
		{15F393DA-14A3-4DB2-8F12-4EF81ED5907D}.Debug SSE4|x64.ActiveCfg = Debug|x64
		{15F393DA-14A3-4DB2-8F12-4EF81ED5907D}.Debug SSE4|x64.Build.0 = Debug|x64
		{15F393DA-14A3-4DB2-8F12-4EF81ED5907D}.Debug SSE4|x86.ActiveCfg = Debug|Win32
		{15F393DA-14A3-4DB2-8F12-4EF81ED5907D}.Debug SSE4|x86.Build.0 = Debug|Win32
		{15F393DA-14A3-4DB2-8F12-4EF81ED5907D}.Debug|Any CPU.ActiveCfg = Debug|Win32
		{15F393DA-14A3-4DB2-8F12-4EF81ED5907D}.Debug|x64.ActiveCfg = Debug|x64
		{15F393DA-14A3-4DB2-8F12-4EF81ED5907D}.Debug|x64.Build.0 = Debug|x64
		{15F393DA-14A3-4DB2-8F12-4EF81ED5907D}.Debug|x86.ActiveCfg = Debug|Win32
		{15F393DA-14A3-4DB2-8F12-4EF81ED5907D}.Debug|x86.Build.0 = Debug|Win32
		{15F393DA-14A3-4DB2-8F12-4EF81ED5907D}.Devel|Any CPU.ActiveCfg = Release|x64
		{15F393DA-14A3-4DB2-8F12-4EF81ED5907D}.Devel|Any CPU.Build.0 = Release|x64
		{15F393DA-14A3-4DB2-8F12-4EF81ED5907D}.Devel|x64.ActiveCfg = Debug|x64
		{15F393DA-14A3-4DB2-8F12-4EF81ED5907D}.Devel|x64.Build.0 = Debug|x64
		{15F393DA-14A3-4DB2-8F12-4EF81ED5907D}.Devel|x86.ActiveCfg = Debug|Win32
		{15F393DA-14A3-4DB2-8F12-4EF81ED5907D}.Devel|x86.Build.0 = Debug|Win32
		{15F393DA-14A3-4DB2-8F12-4EF81ED5907D}.Release AVX2|Any CPU.ActiveCfg = Release|x64
		{15F393DA-14A3-4DB2-8F12-4EF81ED5907D}.Release AVX2|Any CPU.Build.0 = Release|x64
		{15F393DA-14A3-4DB2-8F12-4EF81ED5907D}.Release AVX2|x64.ActiveCfg = Release|x64
		{15F393DA-14A3-4DB2-8F12-4EF81ED5907D}.Release AVX2|x64.Build.0 = Release|x64
		{15F393DA-14A3-4DB2-8F12-4EF81ED5907D}.Release AVX2|x86.ActiveCfg = Release|Win32
		{15F393DA-14A3-4DB2-8F12-4EF81ED5907D}.Release AVX2|x86.Build.0 = Release|Win32
		{15F393DA-14A3-4DB2-8F12-4EF81ED5907D}.Release SSE4|Any CPU.ActiveCfg = Release|x64
		{15F393DA-14A3-4DB2-8F12-4EF81ED5907D}.Release SSE4|Any CPU.Build.0 = Release|x64
		{15F393DA-14A3-4DB2-8F12-4EF81ED5907D}.Release SSE4|x64.ActiveCfg = Release|x64
		{15F393DA-14A3-4DB2-8F12-4EF81ED5907D}.Release SSE4|x64.Build.0 = Release|x64
		{15F393DA-14A3-4DB2-8F12-4EF81ED5907D}.Release SSE4|x86.ActiveCfg = Release|Win32
		{15F393DA-14A3-4DB2-8F12-4EF81ED5907D}.Release SSE4|x86.Build.0 = Release|Win32
		{15F393DA-14A3-4DB2-8F12-4EF81ED5907D}.Release|Any CPU.ActiveCfg = Release|Win32
		{15F393DA-14A3-4DB2-8F12-4EF81ED5907D}.Release|x64.ActiveCfg = Release|x64
		{15F393DA-14A3-4DB2-8F12-4EF81ED5907D}.Release|x64.Build.0 = Release|x64
		{15F393DA-14A3-4DB2-8F12-4EF81ED5907D}.Release|x86.ActiveCfg = Release|Win32
		{15F393DA-14A3-4DB2-8F12-4EF81ED5907D}.Release|x86.Build.0 = Release|Win32
	EndGlobalSection
	GlobalSection(SolutionProperties) = preSolution
		HideSolutionNode = FALSE
	EndGlobalSection
	GlobalSection(NestedProjects) = preSolution
		{86DD23C9-168A-42F7-B6F3-5547D80E1886} = {0349F7A1-B9A7-4B69-90DC-34C59F705692}
		{7331057D-D230-4588-A016-493824C12A40} = {0349F7A1-B9A7-4B69-90DC-34C59F705692}
		{6265C852-BCE0-4CDB-A21F-5D7A69C72F96} = {0349F7A1-B9A7-4B69-90DC-34C59F705692}
		{E5FE1E52-6785-4F5B-8303-7B18121DEF21} = {0349F7A1-B9A7-4B69-90DC-34C59F705692}
		{F71D4A23-0F7C-4EBD-9F50-D4813D658275} = {DD33EF76-B8D2-4760-BAE9-B022214B4E41}
		{0FAE817D-9A32-4830-857E-81DA57246E16} = {0349F7A1-B9A7-4B69-90DC-34C59F705692}
		{7F059854-568D-4E08-9D00-1E78E203E4DC} = {DD33EF76-B8D2-4760-BAE9-B022214B4E41}
		{04439C5F-05FB-4A9C-AAD1-5388C25377DB} = {DD33EF76-B8D2-4760-BAE9-B022214B4E41}
		{BF7B81A5-E348-4F7C-A69F-F74C8EEEAD70} = {DD33EF76-B8D2-4760-BAE9-B022214B4E41}
		{3D0EB14D-32F3-4D82-9C6D-B806ADBB859C} = {DD33EF76-B8D2-4760-BAE9-B022214B4E41}
		{16F9E626-D944-4FC9-A47D-5007203157F8} = {DD33EF76-B8D2-4760-BAE9-B022214B4E41}
		{0B7751F1-C2D0-4124-950D-8BD9D1DE64C3} = {DD33EF76-B8D2-4760-BAE9-B022214B4E41}
		{18E42F6F-3A62-41EE-B42F-79366C4F1E95} = {DD33EF76-B8D2-4760-BAE9-B022214B4E41}
		{15F393DA-14A3-4DB2-8F12-4EF81ED5907D} = {0B4AC87E-1388-4B92-A4B4-DFA51D41A84A}
	EndGlobalSection
	GlobalSection(ExtensibilityGlobals) = postSolution
		SolutionGuid = {6AE633B2-BC48-4737-9983-7DDE19DCF10D}
	EndGlobalSection
EndGlobal
