<?xml version="1.0" encoding="utf-8"?>
<Project ToolsVersion="4.0" xmlns="http://schemas.microsoft.com/developer/msbuild/2003">
  <ItemGroup>
    <Filter Include="Omega Red\Modules\VideoRenderer">
      <UniqueIdentifier>{47f1d4a9-9212-42ce-8037-bb07e01fe657}</UniqueIdentifier>
    </Filter>
    <Filter Include="Omega Red\Modules">
      <UniqueIdentifier>{17143760-7494-4c35-8b14-02bf39060ae9}</UniqueIdentifier>
    </Filter>
    <Filter Include="Omega Red">
      <UniqueIdentifier>{6a6dfcd9-adb4-497b-add5-8a9eba1f686a}</UniqueIdentifier>
    </Filter>
    <Filter Include="Omega Red\Modules\VideoRenderer\Extend">
      <UniqueIdentifier>{cdbb4edc-c2c8-479d-8044-dc0bb179562e}</UniqueIdentifier>
    </Filter>
    <Filter Include="plugins\GSdx">
      <UniqueIdentifier>{e8f72f76-b392-42ab-86c7-dfd7ce8bc317}</UniqueIdentifier>
    </Filter>
    <Filter Include="plugins">
      <UniqueIdentifier>{db7411de-a5ee-43bb-b0b5-993b244999cf}</UniqueIdentifier>
    </Filter>
    <Filter Include="plugins\GSdx\Window">
      <UniqueIdentifier>{a39dacbf-6b73-4f89-bb9e-8ec66f02bc7c}</UniqueIdentifier>
    </Filter>
    <Filter Include="plugins\GSdx\Renderers\Common">
      <UniqueIdentifier>{51eafee1-25a0-4097-ae77-68f74196d582}</UniqueIdentifier>
    </Filter>
    <Filter Include="plugins\GSdx\Renderers">
      <UniqueIdentifier>{b2a961d2-2034-420b-8045-f99804746abe}</UniqueIdentifier>
    </Filter>
    <Filter Include="plugins\GSdx\Renderers\DX11">
      <UniqueIdentifier>{17fbb089-6404-488d-96c3-8b455bd0b086}</UniqueIdentifier>
    </Filter>
    <Filter Include="plugins\GSdx\Renderers\Null">
      <UniqueIdentifier>{1beaade5-afe5-4718-81ad-6dd1fe75193c}</UniqueIdentifier>
    </Filter>
    <Filter Include="plugins\GSdx\Renderers\HW">
      <UniqueIdentifier>{60b5ea41-c082-4a95-9e6e-60eb166f1aab}</UniqueIdentifier>
    </Filter>
    <Filter Include="plugins\GSdx\Renderers\OpenCL">
      <UniqueIdentifier>{bb6d2f04-8bc9-459c-b605-a6c50ea2ecb0}</UniqueIdentifier>
    </Filter>
    <Filter Include="plugins\GSdx\res">
      <UniqueIdentifier>{a17ee887-e374-4b9e-b814-2ca675bdb959}</UniqueIdentifier>
    </Filter>
    <Filter Include="plugins\GSdx\PSX">
      <UniqueIdentifier>{f00bed55-77c3-4538-a37d-2fd814e1e723}</UniqueIdentifier>
    </Filter>
    <Filter Include="plugins\GSdx\xbyak">
      <UniqueIdentifier>{a5ac497c-0b92-4dd5-aada-5ca38a9a894c}</UniqueIdentifier>
    </Filter>
    <Filter Include="plugins\GSdx\Renderers\SW">
      <UniqueIdentifier>{0dc8a0ab-7bde-4768-a01f-4571e90687d0}</UniqueIdentifier>
    </Filter>
  </ItemGroup>
  <ItemGroup>
    <ClCompile Include="VideoRenderer.cpp">
      <Filter>Omega Red\Modules\VideoRenderer</Filter>
    </ClCompile>
    <ClCompile Include="VideoRendererControl.cpp">
      <Filter>Omega Red\Modules\VideoRenderer</Filter>
    </ClCompile>
    <ClCompile Include="Interface.cpp">
      <Filter>Omega Red\Modules\VideoRenderer</Filter>
    </ClCompile>
    <ClCompile Include="Stub.cpp">
      <Filter>Omega Red\Modules\VideoRenderer</Filter>
    </ClCompile>
    <ClCompile Include="Extend\GS.cpp">
      <Filter>Omega Red\Modules\VideoRenderer\Extend</Filter>
    </ClCompile>
    <ClCompile Include="Extend\GSCapture.cpp">
      <Filter>Omega Red\Modules\VideoRenderer\Extend</Filter>
    </ClCompile>
    <ClCompile Include="Extend\GSDump.cpp">
      <Filter>Omega Red\Modules\VideoRenderer\Extend</Filter>
    </ClCompile>
    <ClCompile Include="Extend\GSPng.cpp">
      <Filter>Omega Red\Modules\VideoRenderer\Extend</Filter>
    </ClCompile>
    <ClCompile Include="Extend\GSTextureSW.cpp">
      <Filter>Omega Red\Modules\VideoRenderer\Extend</Filter>
    </ClCompile>
    <ClCompile Include="Extend\GSRendererProxy.cpp">
      <Filter>Omega Red\Modules\VideoRenderer\Extend</Filter>
    </ClCompile>
    <ClCompile Include="Extend\GSDeviceProxy.cpp">
      <Filter>Omega Red\Modules\VideoRenderer\Extend</Filter>
    </ClCompile>
    <ClCompile Include="Extend\GSWndStub.cpp">
      <Filter>Omega Red\Modules\VideoRenderer\Extend</Filter>
    </ClCompile>
    <ClCompile Include="..\..\..\plugins\GSdx\GSAlignedClass.cpp">
      <Filter>plugins\GSdx</Filter>
    </ClCompile>
    <ClCompile Include="..\..\..\plugins\GSdx\GSBlock.cpp">
      <Filter>plugins\GSdx</Filter>
    </ClCompile>
    <ClCompile Include="..\..\..\plugins\GSdx\GSClut.cpp">
      <Filter>plugins\GSdx</Filter>
    </ClCompile>
    <ClCompile Include="..\..\..\plugins\GSdx\GSCodeBuffer.cpp">
      <Filter>plugins\GSdx</Filter>
    </ClCompile>
    <ClCompile Include="..\..\..\plugins\GSdx\GSCrc.cpp">
      <Filter>plugins\GSdx</Filter>
    </ClCompile>
    <ClCompile Include="..\..\..\plugins\GSdx\GSDrawingContext.cpp">
      <Filter>plugins\GSdx</Filter>
    </ClCompile>
    <ClCompile Include="..\..\..\plugins\GSdx\GSLocalMemory.cpp">
      <Filter>plugins\GSdx</Filter>
    </ClCompile>
    <ClCompile Include="..\..\..\plugins\GSdx\GSPerfMon.cpp">
      <Filter>plugins\GSdx</Filter>
    </ClCompile>
    <ClCompile Include="..\..\..\plugins\GSdx\GSState.cpp">
      <Filter>plugins\GSdx</Filter>
    </ClCompile>
    <ClCompile Include="..\..\..\plugins\GSdx\GSTables.cpp">
      <Filter>plugins\GSdx</Filter>
    </ClCompile>
    <ClCompile Include="..\..\..\plugins\GSdx\GSUtil.cpp">
      <Filter>plugins\GSdx</Filter>
    </ClCompile>
    <ClCompile Include="..\..\..\plugins\GSdx\GSVector.cpp">
      <Filter>plugins\GSdx</Filter>
    </ClCompile>
    <ClCompile Include="..\..\..\plugins\GSdx\Window\GSCaptureDlg.cpp">
      <Filter>plugins\GSdx\Window</Filter>
    </ClCompile>
    <ClCompile Include="..\..\..\plugins\GSdx\Renderers\Common\GSDevice.cpp">
      <Filter>plugins\GSdx\Renderers\Common</Filter>
    </ClCompile>
    <ClCompile Include="..\..\..\plugins\GSdx\Renderers\DX11\GSDevice11.cpp">
      <Filter>plugins\GSdx\Renderers\DX11</Filter>
    </ClCompile>
    <ClCompile Include="..\..\..\plugins\GSdx\Renderers\Null\GSDeviceNull.cpp">
      <Filter>plugins\GSdx\Renderers\Null</Filter>
    </ClCompile>
    <ClCompile Include="..\..\..\plugins\GSdx\Window\GSDialog.cpp">
      <Filter>plugins\GSdx\Window</Filter>
    </ClCompile>
    <ClCompile Include="..\..\..\plugins\GSdx\Renderers\Common\GSDirtyRect.cpp">
      <Filter>plugins\GSdx\Renderers\Common</Filter>
    </ClCompile>
    <ClCompile Include="..\..\..\plugins\GSdx\Renderers\Common\GSFunctionMap.cpp">
      <Filter>plugins\GSdx\Renderers\Common</Filter>
    </ClCompile>
    <ClCompile Include="..\..\..\plugins\GSdx\Renderers\HW\GSHwHack.cpp">
      <Filter>plugins\GSdx\Renderers\HW</Filter>
    </ClCompile>
    <ClCompile Include="..\..\..\plugins\GSdx\Renderers\Common\GSOsdManager.cpp">
      <Filter>plugins\GSdx\Renderers\Common</Filter>
    </ClCompile>
    <ClCompile Include="..\..\..\plugins\GSdx\Renderers\Common\GSRenderer.cpp">
      <Filter>plugins\GSdx\Renderers\Common</Filter>
    </ClCompile>
    <ClCompile Include="..\..\..\plugins\GSdx\Renderers\OpenCL\GSRendererCL.cpp">
      <Filter>plugins\GSdx\Renderers\OpenCL</Filter>
    </ClCompile>
    <ClCompile Include="..\..\..\plugins\GSdx\Renderers\HW\GSRendererHW.cpp">
      <Filter>plugins\GSdx\Renderers\HW</Filter>
    </ClCompile>
    <ClCompile Include="..\..\..\plugins\GSdx\Renderers\Null\GSRendererNull.cpp">
      <Filter>plugins\GSdx\Renderers\Null</Filter>
    </ClCompile>
    <ClCompile Include="..\..\..\plugins\GSdx\Window\GSSetting.cpp">
      <Filter>plugins\GSdx\Window</Filter>
    </ClCompile>
    <ClCompile Include="..\..\..\plugins\GSdx\Window\GSSettingsDlg.cpp">
      <Filter>plugins\GSdx\Window</Filter>
    </ClCompile>
    <ClCompile Include="..\..\..\plugins\GSdx\Renderers\Common\GSTexture.cpp">
      <Filter>plugins\GSdx\Renderers\Common</Filter>
    </ClCompile>
    <ClCompile Include="..\..\..\plugins\GSdx\Renderers\DX11\GSTexture11.cpp">
      <Filter>plugins\GSdx\Renderers\DX11</Filter>
    </ClCompile>
    <ClCompile Include="..\..\..\plugins\GSdx\Renderers\HW\GSTextureCache.cpp">
      <Filter>plugins\GSdx\Renderers\HW</Filter>
    </ClCompile>
    <ClCompile Include="..\..\..\plugins\GSdx\Renderers\DX11\GSTextureCache11.cpp">
      <Filter>plugins\GSdx\Renderers\DX11</Filter>
    </ClCompile>
    <ClCompile Include="..\..\..\plugins\GSdx\Renderers\DX11\GSTextureFX11.cpp">
      <Filter>plugins\GSdx\Renderers\DX11</Filter>
    </ClCompile>
    <ClCompile Include="..\..\..\plugins\GSdx\Renderers\Null\GSTextureNull.cpp">
      <Filter>plugins\GSdx\Renderers\Null</Filter>
    </ClCompile>
    <ClCompile Include="..\..\..\plugins\GSdx\Renderers\Common\GSVertexList.cpp">
      <Filter>plugins\GSdx\Renderers\Common</Filter>
    </ClCompile>
    <ClCompile Include="..\..\..\plugins\GSdx\Renderers\Common\GSVertexTrace.cpp">
      <Filter>plugins\GSdx\Renderers\Common</Filter>
    </ClCompile>
    <ClCompile Include="stdafx.cpp">
      <Filter>Omega Red\Modules\VideoRenderer</Filter>
    </ClCompile>
    <ClCompile Include="Extend\GSdx.cpp">
      <Filter>Omega Red\Modules\VideoRenderer\Extend</Filter>
    </ClCompile>
  </ItemGroup>
  <ItemGroup>
    <None Include="VideoRenderer.def">
      <Filter>Omega Red\Modules\VideoRenderer</Filter>
    </None>
    <None Include="..\..\..\plugins\GSdx\res\fxaa.fx">
      <Filter>plugins\GSdx\res</Filter>
    </None>
    <None Include="..\..\..\plugins\GSdx\res\logo9.bmp">
      <Filter>plugins\GSdx\res</Filter>
    </None>
    <None Include="..\..\..\plugins\GSdx\res\logo_ogl.bmp">
      <Filter>plugins\GSdx\res</Filter>
    </None>
    <None Include="..\..\..\plugins\GSdx\res\convert.fx">
      <Filter>plugins\GSdx\res</Filter>
    </None>
    <None Include="..\..\..\plugins\GSdx\res\interlace.fx">
      <Filter>plugins\GSdx\res</Filter>
    </None>
    <None Include="..\..\..\plugins\GSdx\res\merge.fx">
      <Filter>plugins\GSdx\res</Filter>
    </None>
    <None Include="..\..\..\plugins\GSdx\res\shadeboost.fx">
      <Filter>plugins\GSdx\res</Filter>
    </None>
    <None Include="..\..\..\plugins\GSdx\res\tfx.cl">
      <Filter>plugins\GSdx\res</Filter>
    </None>
    <None Include="..\..\..\plugins\GSdx\res\tfx.fx">
      <Filter>plugins\GSdx\res</Filter>
    </None>
  </ItemGroup>
  <ItemGroup>
    <ClInclude Include="..\..\..\plugins\GSdx\boost_spsc_queue.hpp">
      <Filter>plugins\GSdx</Filter>
    </ClInclude>
    <ClInclude Include="..\..\..\plugins\GSdx\config.h">
      <Filter>plugins\GSdx</Filter>
    </ClInclude>
    <ClInclude Include="..\..\..\plugins\GSdx\GLState.h">
      <Filter>plugins\GSdx</Filter>
    </ClInclude>
    <ClInclude Include="..\..\..\plugins\GSdx\GS.h">
      <Filter>plugins\GSdx</Filter>
    </ClInclude>
    <ClInclude Include="..\..\..\plugins\GSdx\GSAlignedClass.h">
      <Filter>plugins\GSdx</Filter>
    </ClInclude>
    <ClInclude Include="..\..\..\plugins\GSdx\GSBlock.h">
      <Filter>plugins\GSdx</Filter>
    </ClInclude>
    <ClInclude Include="..\..\..\plugins\GSdx\GSCapture.h">
      <Filter>plugins\GSdx</Filter>
    </ClInclude>
    <ClInclude Include="..\..\..\plugins\GSdx\GSCaptureDlg.h">
      <Filter>plugins\GSdx</Filter>
    </ClInclude>
    <ClInclude Include="..\..\..\plugins\GSdx\GSClut.h">
      <Filter>plugins\GSdx</Filter>
    </ClInclude>
    <ClInclude Include="..\..\..\plugins\GSdx\GSCodeBuffer.h">
      <Filter>plugins\GSdx</Filter>
    </ClInclude>
    <ClInclude Include="..\..\..\plugins\GSdx\GSCrc.h">
      <Filter>plugins\GSdx</Filter>
    </ClInclude>
    <ClInclude Include="..\..\..\plugins\GSdx\GSDevice.h">
      <Filter>plugins\GSdx</Filter>
    </ClInclude>
    <ClInclude Include="..\..\..\plugins\GSdx\GSDevice11.h">
      <Filter>plugins\GSdx</Filter>
    </ClInclude>
    <ClInclude Include="..\..\..\plugins\GSdx\GSDevice9.h">
      <Filter>plugins\GSdx</Filter>
    </ClInclude>
    <ClInclude Include="..\..\..\plugins\GSdx\GSDeviceDX.h">
      <Filter>plugins\GSdx</Filter>
    </ClInclude>
    <ClInclude Include="..\..\..\plugins\GSdx\GSDeviceNull.h">
      <Filter>plugins\GSdx</Filter>
    </ClInclude>
    <ClInclude Include="..\..\..\plugins\GSdx\GSDeviceOGL.h">
      <Filter>plugins\GSdx</Filter>
    </ClInclude>
    <ClInclude Include="..\..\..\plugins\GSdx\GSDialog.h">
      <Filter>plugins\GSdx</Filter>
    </ClInclude>
    <ClInclude Include="..\..\..\plugins\GSdx\GSDirtyRect.h">
      <Filter>plugins\GSdx</Filter>
    </ClInclude>
    <ClInclude Include="..\..\..\plugins\GSdx\GSDrawingContext.h">
      <Filter>plugins\GSdx</Filter>
    </ClInclude>
    <ClInclude Include="..\..\..\plugins\GSdx\GSDrawingEnvironment.h">
      <Filter>plugins\GSdx</Filter>
    </ClInclude>
    <ClInclude Include="..\..\..\plugins\GSdx\GSDrawScanline.h">
      <Filter>plugins\GSdx</Filter>
    </ClInclude>
    <ClInclude Include="..\..\..\plugins\GSdx\GSDrawScanlineCodeGenerator.h">
      <Filter>plugins\GSdx</Filter>
    </ClInclude>
    <ClInclude Include="..\..\..\plugins\GSdx\GSDump.h">
      <Filter>plugins\GSdx</Filter>
    </ClInclude>
    <ClInclude Include="..\..\..\plugins\GSdx\GSdx.h">
      <Filter>plugins\GSdx</Filter>
    </ClInclude>
    <ClInclude Include="..\..\..\plugins\GSdx\GSFastList.h">
      <Filter>plugins\GSdx</Filter>
    </ClInclude>
    <ClInclude Include="..\..\..\plugins\GSdx\GSFunctionMap.h">
      <Filter>plugins\GSdx</Filter>
    </ClInclude>
    <ClInclude Include="..\..\..\plugins\GSdx\GSLocalMemory.h">
      <Filter>plugins\GSdx</Filter>
    </ClInclude>
    <ClInclude Include="..\..\..\plugins\GSdx\GSLzma.h">
      <Filter>plugins\GSdx</Filter>
    </ClInclude>
    <ClInclude Include="..\..\..\plugins\GSdx\GSPerfMon.h">
      <Filter>plugins\GSdx</Filter>
    </ClInclude>
    <ClInclude Include="..\..\..\plugins\GSdx\GSOsdManager.h">
      <Filter>plugins\GSdx</Filter>
    </ClInclude>
    <ClInclude Include="..\..\..\plugins\GSdx\GSPng.h">
      <Filter>plugins\GSdx</Filter>
    </ClInclude>
    <ClInclude Include="..\..\..\plugins\GSdx\GSRasterizer.h">
      <Filter>plugins\GSdx</Filter>
    </ClInclude>
    <ClInclude Include="..\..\..\plugins\GSdx\GSRenderer.h">
      <Filter>plugins\GSdx</Filter>
    </ClInclude>
    <ClInclude Include="..\..\..\plugins\GSdx\GSRendererCL.h">
      <Filter>plugins\GSdx</Filter>
    </ClInclude>
    <ClInclude Include="..\..\..\plugins\GSdx\GSRendererDX9.h">
      <Filter>plugins\GSdx</Filter>
    </ClInclude>
    <ClInclude Include="..\..\..\plugins\GSdx\GSRendererHW.h">
      <Filter>plugins\GSdx</Filter>
    </ClInclude>
    <ClInclude Include="..\..\..\plugins\GSdx\GSRendererNull.h">
      <Filter>plugins\GSdx</Filter>
    </ClInclude>
    <ClInclude Include="..\..\..\plugins\GSdx\GSRendererOGL.h">
      <Filter>plugins\GSdx</Filter>
    </ClInclude>
    <ClInclude Include="..\..\..\plugins\GSdx\GSScanlineEnvironment.h">
      <Filter>plugins\GSdx</Filter>
    </ClInclude>
    <ClInclude Include="..\..\..\plugins\GSdx\GSSetting.h">
      <Filter>plugins\GSdx</Filter>
    </ClInclude>
    <ClInclude Include="..\..\..\plugins\GSdx\GSSettingsDlg.h">
      <Filter>plugins\GSdx</Filter>
    </ClInclude>
    <ClInclude Include="..\..\..\plugins\GSdx\GSSetupPrimCodeGenerator.h">
      <Filter>plugins\GSdx</Filter>
    </ClInclude>
    <ClInclude Include="..\..\..\plugins\GSdx\GSShaderOGL.h">
      <Filter>plugins\GSdx</Filter>
    </ClInclude>
    <ClInclude Include="..\..\..\plugins\GSdx\GSState.h">
      <Filter>plugins\GSdx</Filter>
    </ClInclude>
    <ClInclude Include="..\..\..\plugins\GSdx\GSTables.h">
      <Filter>plugins\GSdx</Filter>
    </ClInclude>
    <ClInclude Include="..\..\..\plugins\GSdx\GSTexture.h">
      <Filter>plugins\GSdx</Filter>
    </ClInclude>
    <ClInclude Include="..\..\..\plugins\GSdx\GSTexture11.h">
      <Filter>plugins\GSdx</Filter>
    </ClInclude>
    <ClInclude Include="..\..\..\plugins\GSdx\GSTexture9.h">
      <Filter>plugins\GSdx</Filter>
    </ClInclude>
    <ClInclude Include="..\..\..\plugins\GSdx\GSTextureOGL.h">
      <Filter>plugins\GSdx</Filter>
    </ClInclude>
    <ClInclude Include="..\..\..\plugins\GSdx\GSTextureCache.h">
      <Filter>plugins\GSdx</Filter>
    </ClInclude>
    <ClInclude Include="..\..\..\plugins\GSdx\GSTextureCache11.h">
      <Filter>plugins\GSdx</Filter>
    </ClInclude>
    <ClInclude Include="..\..\..\plugins\GSdx\GSTextureCache9.h">
      <Filter>plugins\GSdx</Filter>
    </ClInclude>
    <ClInclude Include="..\..\..\plugins\GSdx\GSTextureCacheOGL.h">
      <Filter>plugins\GSdx</Filter>
    </ClInclude>
    <ClInclude Include="..\..\..\plugins\GSdx\GSTextureCacheSW.h">
      <Filter>plugins\GSdx</Filter>
    </ClInclude>
    <ClInclude Include="..\..\..\plugins\GSdx\GSTextureNull.h">
      <Filter>plugins\GSdx</Filter>
    </ClInclude>
    <ClInclude Include="..\..\..\plugins\GSdx\GSTextureSW.h">
      <Filter>plugins\GSdx</Filter>
    </ClInclude>
    <ClInclude Include="..\..\..\plugins\GSdx\GSThread.h">
      <Filter>plugins\GSdx</Filter>
    </ClInclude>
    <ClInclude Include="..\..\..\plugins\GSdx\GSThread_CXX11.h">
      <Filter>plugins\GSdx</Filter>
    </ClInclude>
    <ClInclude Include="..\..\..\plugins\GSdx\GSUniformBufferOGL.h">
      <Filter>plugins\GSdx</Filter>
    </ClInclude>
    <ClInclude Include="..\..\..\plugins\GSdx\GSUtil.h">
      <Filter>plugins\GSdx</Filter>
    </ClInclude>
    <ClInclude Include="..\..\..\plugins\GSdx\GSVector.h">
      <Filter>plugins\GSdx</Filter>
    </ClInclude>
    <ClInclude Include="..\..\..\plugins\GSdx\GSVector4i.h">
      <Filter>plugins\GSdx</Filter>
    </ClInclude>
    <ClInclude Include="..\..\..\plugins\GSdx\GSVector4.h">
      <Filter>plugins\GSdx</Filter>
    </ClInclude>
    <ClInclude Include="..\..\..\plugins\GSdx\GSVector8i.h">
      <Filter>plugins\GSdx</Filter>
    </ClInclude>
    <ClInclude Include="..\..\..\plugins\GSdx\GSVector8.h">
      <Filter>plugins\GSdx</Filter>
    </ClInclude>
    <ClInclude Include="..\..\..\plugins\GSdx\GSVertex.h">
      <Filter>plugins\GSdx</Filter>
    </ClInclude>
    <ClInclude Include="..\..\..\plugins\GSdx\GSVertexArrayOGL.h">
      <Filter>plugins\GSdx</Filter>
    </ClInclude>
    <ClInclude Include="..\..\..\plugins\GSdx\GSVertexHW.h">
      <Filter>plugins\GSdx</Filter>
    </ClInclude>
    <ClInclude Include="..\..\..\plugins\GSdx\GSVertexList.h">
      <Filter>plugins\GSdx</Filter>
    </ClInclude>
    <ClInclude Include="..\..\..\plugins\GSdx\GSVertexSW.h">
      <Filter>plugins\GSdx</Filter>
    </ClInclude>
    <ClInclude Include="..\..\..\plugins\GSdx\GSVertexTrace.h">
      <Filter>plugins\GSdx</Filter>
    </ClInclude>
    <ClInclude Include="..\..\..\plugins\GSdx\GSWnd.h">
      <Filter>plugins\GSdx</Filter>
    </ClInclude>
    <ClInclude Include="..\..\..\plugins\GSdx\GSWndDX.h">
      <Filter>plugins\GSdx</Filter>
    </ClInclude>
    <ClInclude Include="..\..\..\plugins\GSdx\GSWndWGL.h">
      <Filter>plugins\GSdx</Filter>
    </ClInclude>
    <ClInclude Include="..\..\..\plugins\GSdx\svnrev.h">
      <Filter>plugins\GSdx</Filter>
    </ClInclude>
    <ClInclude Include="..\..\..\plugins\GSdx\resource.h">
      <Filter>plugins\GSdx</Filter>
    </ClInclude>
    <ClInclude Include="..\..\..\plugins\GSdx\targetver.h">
      <Filter>plugins\GSdx</Filter>
    </ClInclude>
    <ClInclude Include="..\..\..\plugins\GSdx\PSX\GPU.h">
      <Filter>plugins\GSdx\PSX</Filter>
    </ClInclude>
    <ClInclude Include="..\..\..\plugins\GSdx\PSX\GPUDrawingEnvironment.h">
      <Filter>plugins\GSdx\PSX</Filter>
    </ClInclude>
    <ClInclude Include="..\..\..\plugins\GSdx\PSX\GPUDrawScanline.h">
      <Filter>plugins\GSdx\PSX</Filter>
    </ClInclude>
    <ClInclude Include="..\..\..\plugins\GSdx\PSX\GPUDrawScanlineCodeGenerator.h">
      <Filter>plugins\GSdx\PSX</Filter>
    </ClInclude>
    <ClInclude Include="..\..\..\plugins\GSdx\PSX\GPULocalMemory.h">
      <Filter>plugins\GSdx\PSX</Filter>
    </ClInclude>
    <ClInclude Include="..\..\..\plugins\GSdx\PSX\GPURenderer.h">
      <Filter>plugins\GSdx\PSX</Filter>
    </ClInclude>
    <ClInclude Include="..\..\..\plugins\GSdx\PSX\GPURendererSW.h">
      <Filter>plugins\GSdx\PSX</Filter>
    </ClInclude>
    <ClInclude Include="..\..\..\plugins\GSdx\PSX\GPUScanlineEnvironment.h">
      <Filter>plugins\GSdx\PSX</Filter>
    </ClInclude>
    <ClInclude Include="..\..\..\plugins\GSdx\PSX\GPUSettingsDlg.h">
      <Filter>plugins\GSdx\PSX</Filter>
    </ClInclude>
    <ClInclude Include="..\..\..\plugins\GSdx\PSX\GPUSetupPrimCodeGenerator.h">
      <Filter>plugins\GSdx\PSX</Filter>
    </ClInclude>
    <ClInclude Include="..\..\..\plugins\GSdx\PSX\GPUState.h">
      <Filter>plugins\GSdx\PSX</Filter>
    </ClInclude>
    <ClInclude Include="..\..\..\plugins\GSdx\PSX\GPUVertex.h">
      <Filter>plugins\GSdx\PSX</Filter>
    </ClInclude>
    <ClInclude Include="..\..\..\plugins\GSdx\xbyak\xbyak.h">
      <Filter>plugins\GSdx\xbyak</Filter>
    </ClInclude>
    <ClInclude Include="..\..\..\plugins\GSdx\xbyak\xbyak_mnemonic.h">
      <Filter>plugins\GSdx\xbyak</Filter>
    </ClInclude>
    <ClInclude Include="..\..\..\plugins\GSdx\xbyak\xbyak_util.h">
      <Filter>plugins\GSdx\xbyak</Filter>
    </ClInclude>
    <ClInclude Include="..\..\..\plugins\GSdx\Renderers\SW\GSRendererSW.h">
      <Filter>plugins\GSdx\Renderers\SW</Filter>
    </ClInclude>
    <ClInclude Include="stdafx.h">
      <Filter>Omega Red\Modules\VideoRenderer</Filter>
    </ClInclude>
  </ItemGroup>
  <ItemGroup>
    <ResourceCompile Include="..\..\..\plugins\GSdx\GSdx.rc">
      <Filter>plugins\GSdx</Filter>
    </ResourceCompile>
    <ResourceCompile Include="VideoRenderer.rc">
      <Filter>Omega Red\Modules\VideoRenderer</Filter>
    </ResourceCompile>
  </ItemGroup>
  <ItemGroup>
    <Image Include="..\..\..\plugins\GSdx\res\logo-null.bmp">
      <Filter>plugins\GSdx\res</Filter>
    </Image>
    <Image Include="..\..\..\plugins\GSdx\res\logo-ogl.bmp">
      <Filter>plugins\GSdx\res</Filter>
    </Image>
    <Image Include="..\..\..\plugins\GSdx\res\logo11.bmp">
      <Filter>plugins\GSdx\res</Filter>
    </Image>
    <Image Include="..\..\..\plugins\GSdx\res\psx-logo-null.bmp">
      <Filter>plugins\GSdx\res</Filter>
    </Image>
    <Image Include="..\..\..\plugins\GSdx\res\psx-logo11.bmp">
      <Filter>plugins\GSdx\res</Filter>
    </Image>
    <Image Include="..\..\..\plugins\GSdx\res\psx-logo9.bmp">
      <Filter>plugins\GSdx\res</Filter>
    </Image>
  </ItemGroup>
</Project>