<?xml version="1.0" encoding="utf-8"?>
<Project ToolsVersion="4.0" xmlns="http://schemas.microsoft.com/developer/msbuild/2003">
  <ItemGroup>
    <Filter Include="Source Files">
      <UniqueIdentifier>{4FC737F1-C7A5-4376-A066-2A32D752A2FF}</UniqueIdentifier>
      <Extensions>cpp;c;cc;cxx;def;odl;idl;hpj;bat;asm;asmx</Extensions>
    </Filter>
    <Filter Include="Header Files">
      <UniqueIdentifier>{93995380-89BD-4b04-88EB-625FBE52EBFB}</UniqueIdentifier>
      <Extensions>h;hh;hpp;hxx;hm;inl;inc;xsd</Extensions>
    </Filter>
    <Filter Include="Resource Files">
      <UniqueIdentifier>{67DA6AB6-F800-4c08-8B7A-83BB121AAD01}</UniqueIdentifier>
      <Extensions>rc;ico;cur;bmp;dlg;rc2;rct;bin;rgs;gif;jpg;jpeg;jpe;resx;tiff;tif;png;wav;mfcribbon-ms</Extensions>
    </Filter>
    <Filter Include="Source Files\Extend">
      <UniqueIdentifier>{02e9f5f4-cf80-44c8-aae0-867cce0f6750}</UniqueIdentifier>
    </Filter>
    <Filter Include="Source Files\Extend\DebugTools">
      <UniqueIdentifier>{0e73046f-9228-4aa1-85b4-35e825afb82c}</UniqueIdentifier>
    </Filter>
    <Filter Include="Source Files\Extend\CDVD">
      <UniqueIdentifier>{a506dc64-380c-4aac-82bf-9ca153ac8da8}</UniqueIdentifier>
    </Filter>
    <Filter Include="Source Files\Extend\GUI">
      <UniqueIdentifier>{eeda91b9-8f7b-422d-adb9-6885f8cfe6c8}</UniqueIdentifier>
    </Filter>
    <Filter Include="Source Files\Extend\SPU2">
      <UniqueIdentifier>{78b81104-e01d-41fe-93d4-297d12c92ca0}</UniqueIdentifier>
    </Filter>
  </ItemGroup>
  <ItemGroup>
    <ClInclude Include="ExportDef.h">
      <Filter>Header Files</Filter>
    </ClInclude>
    <ClInclude Include="Extend\AppConfig.h">
      <Filter>Header Files</Filter>
    </ClInclude>
    <ClInclude Include="Extend\Extend.h">
      <Filter>Header Files</Filter>
    </ClInclude>
    <ClInclude Include="Extend\Pcsx2App.h">
      <Filter>Header Files</Filter>
    </ClInclude>
    <ClInclude Include="Interface.h">
      <Filter>Header Files</Filter>
    </ClInclude>
    <ClInclude Include="i18n.h">
      <Filter>Header Files</Filter>
    </ClInclude>
  </ItemGroup>
  <ItemGroup>
    <ClCompile Include="Extend\CDVD\OutputIsoFile.cpp">
      <Filter>Source Files</Filter>
    </ClCompile>
    <ClCompile Include="Extend\GS.cpp">
      <Filter>Source Files</Filter>
    </ClCompile>
    <ClCompile Include="Extend\R3000AInterpreter.cpp">
      <Filter>Source Files</Filter>
    </ClCompile>
    <ClCompile Include="Extend\Sio.cpp">
      <Filter>Source Files</Filter>
    </ClCompile>
    <ClCompile Include="Extend\System\SysThreadBase.cpp">
      <Filter>Source Files</Filter>
    </ClCompile>
    <ClCompile Include="Extend\ps2\BiosTools.cpp">
      <Filter>Source Files\Extend</Filter>
    </ClCompile>
    <ClCompile Include="Extend\AppConfig.cpp">
      <Filter>Source Files\Extend</Filter>
    </ClCompile>
    <ClCompile Include="Extend\DebugTools\DebugInterface.cpp">
      <Filter>Source Files\Extend\DebugTools</Filter>
    </ClCompile>
    <ClCompile Include="Extend\CDVD\CDVD.cpp">
      <Filter>Source Files\Extend\CDVD</Filter>
    </ClCompile>
    <ClCompile Include="Extend\Pcsx2App.cpp">
      <Filter>Source Files\Extend</Filter>
    </ClCompile>
    <ClCompile Include="Extend\Pcsx2Config.cpp">
      <Filter>Source Files\Extend</Filter>
    </ClCompile>
    <ClCompile Include="..\..\pcsx2\Counters.cpp">
      <Filter>Source Files</Filter>
    </ClCompile>
    <ClCompile Include="..\..\pcsx2\Elfheader.cpp">
      <Filter>Source Files</Filter>
    </ClCompile>
    <ClCompile Include="..\..\pcsx2\x86\ix86-32\iCore-32.cpp">
      <Filter>Source Files</Filter>
    </ClCompile>
    <ClCompile Include="..\..\pcsx2\x86\ix86-32\iR5900-32.cpp">
      <Filter>Source Files</Filter>
    </ClCompile>
    <ClCompile Include="..\..\pcsx2\x86\ix86-32\iR5900Arit.cpp">
      <Filter>Source Files</Filter>
    </ClCompile>
    <ClCompile Include="..\..\pcsx2\x86\ix86-32\iR5900AritImm.cpp">
      <Filter>Source Files</Filter>
    </ClCompile>
    <ClCompile Include="..\..\pcsx2\x86\ix86-32\iR5900Branch.cpp">
      <Filter>Source Files</Filter>
    </ClCompile>
    <ClCompile Include="..\..\pcsx2\x86\ix86-32\iR5900Jump.cpp">
      <Filter>Source Files</Filter>
    </ClCompile>
    <ClCompile Include="..\..\pcsx2\x86\ix86-32\iR5900LoadStore.cpp">
      <Filter>Source Files</Filter>
    </ClCompile>
    <ClCompile Include="..\..\pcsx2\x86\ix86-32\iR5900Move.cpp">
      <Filter>Source Files</Filter>
    </ClCompile>
    <ClCompile Include="..\..\pcsx2\x86\ix86-32\iR5900MultDiv.cpp">
      <Filter>Source Files</Filter>
    </ClCompile>
    <ClCompile Include="..\..\pcsx2\x86\ix86-32\iR5900Shift.cpp">
      <Filter>Source Files</Filter>
    </ClCompile>
    <ClCompile Include="..\..\pcsx2\x86\ix86-32\iR5900Templates.cpp">
      <Filter>Source Files</Filter>
    </ClCompile>
    <ClCompile Include="..\..\pcsx2\x86\ix86-32\recVTLB.cpp">
      <Filter>Source Files</Filter>
    </ClCompile>
    <ClCompile Include="..\..\pcsx2\x86\BaseblockEx.cpp">
      <Filter>Source Files</Filter>
    </ClCompile>
    <ClCompile Include="..\..\pcsx2\x86\iCOP0.cpp">
      <Filter>Source Files</Filter>
    </ClCompile>
    <ClCompile Include="..\..\pcsx2\x86\iCore.cpp">
      <Filter>Source Files</Filter>
    </ClCompile>
    <ClCompile Include="..\..\pcsx2\x86\iFPU.cpp">
      <Filter>Source Files</Filter>
    </ClCompile>
    <ClCompile Include="..\..\pcsx2\x86\iFPUd.cpp">
      <Filter>Source Files</Filter>
    </ClCompile>
    <ClCompile Include="..\..\pcsx2\x86\iMisc.cpp">
      <Filter>Source Files</Filter>
    </ClCompile>
    <ClCompile Include="..\..\pcsx2\x86\iMMI.cpp">
      <Filter>Source Files</Filter>
    </ClCompile>
    <ClCompile Include="..\..\pcsx2\x86\iR3000A.cpp">
      <Filter>Source Files</Filter>
    </ClCompile>
    <ClCompile Include="..\..\pcsx2\x86\iR3000Atables.cpp">
      <Filter>Source Files</Filter>
    </ClCompile>
    <ClCompile Include="..\..\pcsx2\x86\iR5900Misc.cpp">
      <Filter>Source Files</Filter>
    </ClCompile>
    <ClCompile Include="..\..\pcsx2\x86\ir5900tables.cpp">
      <Filter>Source Files</Filter>
    </ClCompile>
    <ClCompile Include="..\..\pcsx2\x86\microVU.cpp">
      <Filter>Source Files</Filter>
    </ClCompile>
    <ClCompile Include="..\..\pcsx2\x86\newVif_Dynarec.cpp">
      <Filter>Source Files</Filter>
    </ClCompile>
    <ClCompile Include="..\..\pcsx2\x86\newVif_Unpack.cpp">
      <Filter>Source Files</Filter>
    </ClCompile>
    <ClCompile Include="..\..\pcsx2\x86\newVif_UnpackSSE.cpp">
      <Filter>Source Files</Filter>
    </ClCompile>
    <ClCompile Include="..\..\pcsx2\windows\FlatFileReaderWindows.cpp">
      <Filter>Source Files</Filter>
    </ClCompile>
    <ClCompile Include="..\..\pcsx2\ps2\LegacyDmac.cpp">
      <Filter>Source Files</Filter>
    </ClCompile>
    <ClCompile Include="..\..\pcsx2\ps2\pgif.cpp">
      <Filter>Source Files</Filter>
    </ClCompile>
    <ClCompile Include="..\..\pcsx2\ps2\Iop\PsxBios.cpp">
      <Filter>Source Files</Filter>
    </ClCompile>
    <ClCompile Include="..\..\pcsx2\ps2\Iop\IopHwRead.cpp">
      <Filter>Source Files</Filter>
    </ClCompile>
    <ClCompile Include="..\..\pcsx2\ps2\Iop\IopHwWrite.cpp">
      <Filter>Source Files</Filter>
    </ClCompile>
    <ClCompile Include="..\..\pcsx2\IPU\IPUdma.cpp">
      <Filter>Source Files</Filter>
    </ClCompile>
    <ClCompile Include="..\..\pcsx2\Ipu\IPU.cpp">
      <Filter>Source Files</Filter>
    </ClCompile>
    <ClCompile Include="..\..\pcsx2\Ipu\IPU_Fifo.cpp">
      <Filter>Source Files</Filter>
    </ClCompile>
    <ClCompile Include="..\..\pcsx2\Ipu\yuv2rgb.cpp">
      <Filter>Source Files</Filter>
    </ClCompile>
    <ClCompile Include="..\..\pcsx2\Ipu\mpeg2lib\Idct.cpp">
      <Filter>Source Files</Filter>
    </ClCompile>
    <ClCompile Include="..\..\pcsx2\Ipu\mpeg2lib\Mpeg.cpp">
      <Filter>Source Files</Filter>
    </ClCompile>
    <ClCompile Include="..\..\pcsx2\DebugTools\Breakpoints.cpp">
      <Filter>Source Files</Filter>
    </ClCompile>
    <ClCompile Include="..\..\pcsx2\DebugTools\DisassemblyManager.cpp">
      <Filter>Source Files</Filter>
    </ClCompile>
    <ClCompile Include="..\..\pcsx2\DebugTools\DisR3000A.cpp">
      <Filter>Source Files</Filter>
    </ClCompile>
    <ClCompile Include="..\..\pcsx2\DebugTools\DisR5900asm.cpp">
      <Filter>Source Files</Filter>
    </ClCompile>
    <ClCompile Include="..\..\pcsx2\DebugTools\DisVU0Micro.cpp">
      <Filter>Source Files</Filter>
    </ClCompile>
    <ClCompile Include="..\..\pcsx2\DebugTools\DisVU1Micro.cpp">
      <Filter>Source Files</Filter>
    </ClCompile>
    <ClCompile Include="..\..\pcsx2\DebugTools\ExpressionParser.cpp">
      <Filter>Source Files</Filter>
    </ClCompile>
    <ClCompile Include="..\..\pcsx2\DebugTools\MIPSAnalyst.cpp">
      <Filter>Source Files</Filter>
    </ClCompile>
    <ClCompile Include="..\..\pcsx2\DebugTools\MipsAssembler.cpp">
      <Filter>Source Files</Filter>
    </ClCompile>
    <ClCompile Include="..\..\pcsx2\DebugTools\MipsAssemblerTables.cpp">
      <Filter>Source Files</Filter>
    </ClCompile>
    <ClCompile Include="..\..\pcsx2\DebugTools\MipsStackWalk.cpp">
      <Filter>Source Files</Filter>
    </ClCompile>
    <ClCompile Include="..\..\pcsx2\DebugTools\SymbolMap.cpp">
      <Filter>Source Files</Filter>
    </ClCompile>
    <ClCompile Include="..\..\pcsx2\CDVD\CdRom.cpp">
      <Filter>Source Files</Filter>
    </ClCompile>
    <ClCompile Include="..\..\pcsx2\CDVD\CDVDaccess.cpp">
      <Filter>Source Files</Filter>
    </ClCompile>
    <ClCompile Include="..\..\pcsx2\CDVD\IsoFS\IsoFile.cpp">
      <Filter>Source Files</Filter>
    </ClCompile>
    <ClCompile Include="..\..\pcsx2\CDVD\IsoFS\IsoFS.cpp">
      <Filter>Source Files</Filter>
    </ClCompile>
    <ClCompile Include="..\..\pcsx2\CDVD\IsoFS\IsoFSCDVD.cpp">
      <Filter>Source Files</Filter>
    </ClCompile>
    <ClCompile Include="..\..\pcsx2\Cache.cpp">
      <Filter>Source Files</Filter>
    </ClCompile>
    <ClCompile Include="..\..\pcsx2\COP0.cpp">
      <Filter>Source Files</Filter>
    </ClCompile>
    <ClCompile Include="..\..\pcsx2\COP2.cpp">
      <Filter>Source Files</Filter>
    </ClCompile>
    <ClCompile Include="..\..\pcsx2\Dump.cpp">
      <Filter>Source Files</Filter>
    </ClCompile>
    <ClCompile Include="..\..\pcsx2\FiFo.cpp">
      <Filter>Source Files</Filter>
    </ClCompile>
    <ClCompile Include="..\..\pcsx2\FPU.cpp">
      <Filter>Source Files</Filter>
    </ClCompile>
    <ClCompile Include="..\..\pcsx2\Gif.cpp">
      <Filter>Source Files</Filter>
    </ClCompile>
    <ClCompile Include="..\..\pcsx2\Gif_Logger.cpp">
      <Filter>Source Files</Filter>
    </ClCompile>
    <ClCompile Include="..\..\pcsx2\Gif_Unit.cpp">
      <Filter>Source Files</Filter>
    </ClCompile>
    <ClCompile Include="..\..\pcsx2\GSState.cpp">
      <Filter>Source Files</Filter>
    </ClCompile>
    <ClCompile Include="..\..\pcsx2\Hw.cpp">
      <Filter>Source Files</Filter>
    </ClCompile>
    <ClCompile Include="..\..\pcsx2\HwRead.cpp">
      <Filter>Source Files</Filter>
    </ClCompile>
    <ClCompile Include="..\..\pcsx2\HwWrite.cpp">
      <Filter>Source Files</Filter>
    </ClCompile>
    <ClCompile Include="..\..\pcsx2\Interpreter.cpp">
      <Filter>Source Files</Filter>
    </ClCompile>
    <ClCompile Include="..\..\pcsx2\IopBios.cpp">
      <Filter>Source Files</Filter>
    </ClCompile>
    <ClCompile Include="..\..\pcsx2\IopCounters.cpp">
      <Filter>Source Files</Filter>
    </ClCompile>
    <ClCompile Include="..\..\pcsx2\IopDma.cpp">
      <Filter>Source Files</Filter>
    </ClCompile>
    <ClCompile Include="..\..\pcsx2\IopGte.cpp">
      <Filter>Source Files</Filter>
    </ClCompile>
    <ClCompile Include="..\..\pcsx2\IopHw.cpp">
      <Filter>Source Files</Filter>
    </ClCompile>
    <ClCompile Include="..\..\pcsx2\IopIrq.cpp">
      <Filter>Source Files</Filter>
    </ClCompile>
    <ClCompile Include="..\..\pcsx2\IopMem.cpp">
      <Filter>Source Files</Filter>
    </ClCompile>
    <ClCompile Include="..\..\pcsx2\IopSio2.cpp">
      <Filter>Source Files</Filter>
    </ClCompile>
    <ClCompile Include="..\..\pcsx2\Mdec.cpp">
      <Filter>Source Files</Filter>
    </ClCompile>
    <ClCompile Include="..\..\pcsx2\Memory.cpp">
      <Filter>Source Files</Filter>
    </ClCompile>
    <ClCompile Include="..\..\pcsx2\MMI.cpp">
      <Filter>Source Files</Filter>
    </ClCompile>
    <ClCompile Include="..\..\pcsx2\Patch_Memory.cpp">
      <Filter>Source Files</Filter>
    </ClCompile>
    <ClCompile Include="..\..\pcsx2\R3000A.cpp">
      <Filter>Source Files</Filter>
    </ClCompile>
    <ClCompile Include="..\..\pcsx2\R3000AOpcodeTables.cpp">
      <Filter>Source Files</Filter>
    </ClCompile>
    <ClCompile Include="..\..\pcsx2\R5900.cpp">
      <Filter>Source Files</Filter>
    </ClCompile>
    <ClCompile Include="..\..\pcsx2\R5900OpcodeImpl.cpp">
      <Filter>Source Files</Filter>
    </ClCompile>
    <ClCompile Include="..\..\pcsx2\R5900OpcodeTables.cpp">
      <Filter>Source Files</Filter>
    </ClCompile>
    <ClCompile Include="..\..\pcsx2\SaveState.cpp">
      <Filter>Source Files</Filter>
    </ClCompile>
    <ClCompile Include="..\..\pcsx2\Sif.cpp">
      <Filter>Source Files</Filter>
    </ClCompile>
    <ClCompile Include="..\..\pcsx2\Sif0.cpp">
      <Filter>Source Files</Filter>
    </ClCompile>
    <ClCompile Include="..\..\pcsx2\Sif1.cpp">
      <Filter>Source Files</Filter>
    </ClCompile>
    <ClCompile Include="..\..\pcsx2\sif2.cpp">
      <Filter>Source Files</Filter>
    </ClCompile>
    <ClCompile Include="..\..\pcsx2\SourceLog.cpp">
      <Filter>Source Files</Filter>
    </ClCompile>
    <ClCompile Include="..\..\pcsx2\SPR.cpp">
      <Filter>Source Files</Filter>
    </ClCompile>
    <ClCompile Include="..\..\pcsx2\System.cpp">
      <Filter>Source Files</Filter>
    </ClCompile>
    <ClCompile Include="..\..\pcsx2\Vif.cpp">
      <Filter>Source Files</Filter>
    </ClCompile>
    <ClCompile Include="..\..\pcsx2\Vif_Codes.cpp">
      <Filter>Source Files</Filter>
    </ClCompile>
    <ClCompile Include="..\..\pcsx2\Vif_Transfer.cpp">
      <Filter>Source Files</Filter>
    </ClCompile>
    <ClCompile Include="..\..\pcsx2\Vif_Unpack.cpp">
      <Filter>Source Files</Filter>
    </ClCompile>
    <ClCompile Include="..\..\pcsx2\Vif0_Dma.cpp">
      <Filter>Source Files</Filter>
    </ClCompile>
    <ClCompile Include="..\..\pcsx2\Vif1_Dma.cpp">
      <Filter>Source Files</Filter>
    </ClCompile>
    <ClCompile Include="..\..\pcsx2\Vif1_MFIFO.cpp">
      <Filter>Source Files</Filter>
    </ClCompile>
    <ClCompile Include="..\..\pcsx2\vtlb.cpp">
      <Filter>Source Files</Filter>
    </ClCompile>
    <ClCompile Include="..\..\pcsx2\VU0.cpp">
      <Filter>Source Files</Filter>
    </ClCompile>
    <ClCompile Include="..\..\pcsx2\VU0micro.cpp">
      <Filter>Source Files</Filter>
    </ClCompile>
    <ClCompile Include="..\..\pcsx2\VU0microInterp.cpp">
      <Filter>Source Files</Filter>
    </ClCompile>
    <ClCompile Include="..\..\pcsx2\VU1micro.cpp">
      <Filter>Source Files</Filter>
    </ClCompile>
    <ClCompile Include="..\..\pcsx2\VU1microInterp.cpp">
      <Filter>Source Files</Filter>
    </ClCompile>
    <ClCompile Include="..\..\pcsx2\VUflags.cpp">
      <Filter>Source Files</Filter>
    </ClCompile>
    <ClCompile Include="..\..\pcsx2\VUmicro.cpp">
      <Filter>Source Files</Filter>
    </ClCompile>
    <ClCompile Include="..\..\pcsx2\VUmicroMem.cpp">
      <Filter>Source Files</Filter>
    </ClCompile>
    <ClCompile Include="..\..\pcsx2\VUops.cpp">
      <Filter>Source Files</Filter>
    </ClCompile>
    <ClCompile Include="..\..\pcsx2\PrecompiledHeader.cpp">
      <Filter>Source Files</Filter>
    </ClCompile>
    <ClCompile Include="Extend.cpp">
      <Filter>Source Files\Extend</Filter>
    </ClCompile>
    <ClCompile Include="Extend\Patch.cpp">
      <Filter>Source Files\Extend</Filter>
    </ClCompile>
    <ClCompile Include="Extend\MTGS.cpp">
      <Filter>Source Files\Extend</Filter>
    </ClCompile>
    <ClCompile Include="Extend\MTVU.cpp">
      <Filter>Source Files\Extend</Filter>
    </ClCompile>
    <ClCompile Include="Extend\System\SysCoreThread.cpp">
      <Filter>Source Files\Extend</Filter>
    </ClCompile>
    <ClCompile Include="Extend\Interface.cpp">
      <Filter>Source Files\Extend</Filter>
    </ClCompile>
    <ClCompile Include="..\..\pcsx2\IPU\IPUdither.cpp">
      <Filter>Source Files</Filter>
    </ClCompile>
    <ClCompile Include="..\..\pcsx2\FW.cpp">
      <Filter>Source Files</Filter>
    </ClCompile>
    <ClCompile Include="Extend\SPU2\spu2.cpp">
      <Filter>Source Files\Extend\SPU2</Filter>
    </ClCompile>
  </ItemGroup>
  <ItemGroup>
    <None Include="PCSX2Lib.def">
      <Filter>Source Files</Filter>
    </None>
  </ItemGroup>
</Project>