<?xml version="1.0" encoding="utf-8"?>
<Project ToolsVersion="4.0" xmlns="http://schemas.microsoft.com/developer/msbuild/2003">
  <ItemGroup>
    <Filter Include="Source Files">
      <UniqueIdentifier>{4FC737F1-C7A5-4376-A066-2A32D752A2FF}</UniqueIdentifier>
      <Extensions>cpp;c;cc;cxx;def;odl;idl;hpj;bat;asm;asmx</Extensions>
    </Filter>
    <Filter Include="Header Files">
      <UniqueIdentifier>{93995380-89BD-4b04-88EB-625FBE52EBFB}</UniqueIdentifier>
      <Extensions>h;hh;hpp;hxx;hm;inl;inc;ipp;xsd</Extensions>
    </Filter>
    <Filter Include="Resource Files">
      <UniqueIdentifier>{67DA6AB6-F800-4c08-8B7A-83BB121AAD01}</UniqueIdentifier>
      <Extensions>rc;ico;cur;bmp;dlg;rc2;rct;bin;rgs;gif;jpg;jpeg;jpe;resx;tiff;tif;png;wav;mfcribbon-ms</Extensions>
    </Filter>
    <Filter Include="Source Files\spu2-x">
      <UniqueIdentifier>{1b38f85f-547c-4178-8ed9-0e4dc5f94b14}</UniqueIdentifier>
    </Filter>
    <Filter Include="Source Files\Extend">
      <UniqueIdentifier>{2c1aa915-d827-4225-9958-7a9f5d8a12b9}</UniqueIdentifier>
    </Filter>
    <Filter Include="Source Files\spu2-x\Mixer">
      <UniqueIdentifier>{3875de74-1e7e-4b80-8ace-25f0ea6b7e41}</UniqueIdentifier>
    </Filter>
  </ItemGroup>
  <ItemGroup>
    <ClInclude Include="targetver.h">
      <Filter>Header Files</Filter>
    </ClInclude>
    <ClInclude Include="AudioRenderer.h">
      <Filter>Header Files</Filter>
    </ClInclude>
  </ItemGroup>
  <ItemGroup>
    <ClCompile Include="AudioRenderer.cpp">
      <Filter>Source Files</Filter>
    </ClCompile>
    <ClCompile Include="Interface.cpp">
      <Filter>Source Files</Filter>
    </ClCompile>
    <ClCompile Include="AudioRendererControl.cpp">
      <Filter>Source Files</Filter>
    </ClCompile>
    <ClCompile Include="Extend\PS2E-spu2.cpp">
      <Filter>Source Files\Extend</Filter>
    </ClCompile>
    <ClCompile Include="Stub.cpp">
      <Filter>Source Files\Extend</Filter>
    </ClCompile>
    <ClCompile Include="Extend\SndOut.cpp">
      <Filter>Source Files\Extend</Filter>
    </ClCompile>
    <ClCompile Include="Extend\spu2replay.cpp">
      <Filter>Source Files\Extend</Filter>
    </ClCompile>
    <ClCompile Include="Extend\SndOut_DSound.cpp">
      <Filter>Source Files\Extend</Filter>
    </ClCompile>
    <ClCompile Include="Extend\Dma.cpp">
      <Filter>Source Files\Extend</Filter>
    </ClCompile>
    <ClCompile Include="Extend\Mixer.cpp">
      <Filter>Source Files\Extend</Filter>
    </ClCompile>
    <ClCompile Include="src\ADSR.cpp">
      <Filter>Source Files</Filter>
    </ClCompile>
    <ClCompile Include="src\DplIIdecoder.cpp">
      <Filter>Source Files</Filter>
    </ClCompile>
    <ClCompile Include="src\ReadInput.cpp">
      <Filter>Source Files</Filter>
    </ClCompile>
    <ClCompile Include="src\RegTable.cpp">
      <Filter>Source Files</Filter>
    </ClCompile>
    <ClCompile Include="src\Reverb.cpp">
      <Filter>Source Files</Filter>
    </ClCompile>
    <ClCompile Include="src\spu2freeze.cpp">
      <Filter>Source Files</Filter>
    </ClCompile>
    <ClCompile Include="src\spu2sys.cpp">
      <Filter>Source Files</Filter>
    </ClCompile>
    <ClCompile Include="Extend\MemoryManager.cpp">
      <Filter>Source Files\Extend</Filter>
    </ClCompile>
  </ItemGroup>
  <ItemGroup>
    <None Include="AudioRenderer.def">
      <Filter>Source Files</Filter>
    </None>
  </ItemGroup>
</Project>